// !$*UTF8*$!
{
	archiveVersion = 1;
	classes = {
	};
	objectVersion = 46;
	objects = {

/* Begin PBXBuildFile section */
		3392D584D841857CB2101987 /* Pods_CitrusPay_Tests.framework in Frameworks */ = {isa = PBXBuildFile; fileRef = 7F4B1E69D78E1CF0B8F0FCF8 /* Pods_CitrusPay_Tests.framework */; };
		49266B890CCF838EE4E1AA1B /* Pods_CitrusPay_Example.framework in Frameworks */ = {isa = PBXBuildFile; fileRef = 8A54CE8A88758544A1393401 /* Pods_CitrusPay_Example.framework */; };
		6003F58E195388D20070C39A /* Foundation.framework in Frameworks */ = {isa = PBXBuildFile; fileRef = 6003F58D195388D20070C39A /* Foundation.framework */; };
		6003F590195388D20070C39A /* CoreGraphics.framework in Frameworks */ = {isa = PBXBuildFile; fileRef = 6003F58F195388D20070C39A /* CoreGraphics.framework */; };
		6003F592195388D20070C39A /* UIKit.framework in Frameworks */ = {isa = PBXBuildFile; fileRef = 6003F591195388D20070C39A /* UIKit.framework */; };
		6003F598195388D20070C39A /* InfoPlist.strings in Resources */ = {isa = PBXBuildFile; fileRef = 6003F596195388D20070C39A /* InfoPlist.strings */; };
		6003F59A195388D20070C39A /* main.m in Sources */ = {isa = PBXBuildFile; fileRef = 6003F599195388D20070C39A /* main.m */; };
		6003F59E195388D20070C39A /* CTSAppDelegate.m in Sources */ = {isa = PBXBuildFile; fileRef = 6003F59D195388D20070C39A /* CTSAppDelegate.m */; };
		6003F5B0195388D20070C39A /* XCTest.framework in Frameworks */ = {isa = PBXBuildFile; fileRef = 6003F5AF195388D20070C39A /* XCTest.framework */; };
		6003F5B1195388D20070C39A /* Foundation.framework in Frameworks */ = {isa = PBXBuildFile; fileRef = 6003F58D195388D20070C39A /* Foundation.framework */; };
		6003F5B2195388D20070C39A /* UIKit.framework in Frameworks */ = {isa = PBXBuildFile; fileRef = 6003F591195388D20070C39A /* UIKit.framework */; };
		6003F5BA195388D20070C39A /* InfoPlist.strings in Resources */ = {isa = PBXBuildFile; fileRef = 6003F5B8195388D20070C39A /* InfoPlist.strings */; };
		6003F5BC195388D20070C39A /* Tests.m in Sources */ = {isa = PBXBuildFile; fileRef = 6003F5BB195388D20070C39A /* Tests.m */; };
		76144F641E3F148E007BD9DA /* Main.storyboard in Resources */ = {isa = PBXBuildFile; fileRef = 76144F631E3F148E007BD9DA /* Main.storyboard */; };
		76144F661E3F149C007BD9DA /* Common.xcassets in Resources */ = {isa = PBXBuildFile; fileRef = 76144F651E3F149C007BD9DA /* Common.xcassets */; };
		76144F6E1E3F14B8007BD9DA /* SVSegmentedControl.m in Sources */ = {isa = PBXBuildFile; fileRef = 76144F6B1E3F14B8007BD9DA /* SVSegmentedControl.m */; };
		76144F6F1E3F14B8007BD9DA /* SVSegmentedThumb.m in Sources */ = {isa = PBXBuildFile; fileRef = 76144F6D1E3F14B8007BD9DA /* SVSegmentedThumb.m */; };
		764975F31DFECC7A0081025D /* Assets.xcassets in Resources */ = {isa = PBXBuildFile; fileRef = 764975C71DFECC7A0081025D /* Assets.xcassets */; };
		764975F61DFECC7A0081025D /* AutoloadViewController.m in Sources */ = {isa = PBXBuildFile; fileRef = 764975CE1DFECC7A0081025D /* AutoloadViewController.m */; };
		764975F71DFECC7A0081025D /* BaseViewController.m in Sources */ = {isa = PBXBuildFile; fileRef = 764975D01DFECC7A0081025D /* BaseViewController.m */; };
		764975F81DFECC7A0081025D /* CardsViewController.m in Sources */ = {isa = PBXBuildFile; fileRef = 764975D21DFECC7A0081025D /* CardsViewController.m */; };
		764975F91DFECC7A0081025D /* HomeViewController.m in Sources */ = {isa = PBXBuildFile; fileRef = 764975D41DFECC7A0081025D /* HomeViewController.m */; };
		764975FA1DFECC7A0081025D /* InitialViewController.m in Sources */ = {isa = PBXBuildFile; fileRef = 764975D61DFECC7A0081025D /* InitialViewController.m */; };
		764975FB1DFECC7A0081025D /* ManageAutoLoadSubcriptionViewController.m in Sources */ = {isa = PBXBuildFile; fileRef = 764975D81DFECC7A0081025D /* ManageAutoLoadSubcriptionViewController.m */; };
		764975FC1DFECC7A0081025D /* ManageCradViewController.m in Sources */ = {isa = PBXBuildFile; fileRef = 764975DA1DFECC7A0081025D /* ManageCradViewController.m */; };
		764975FD1DFECC7A0081025D /* ResetPasswordViewController.m in Sources */ = {isa = PBXBuildFile; fileRef = 764975DC1DFECC7A0081025D /* ResetPasswordViewController.m */; };
		764975FE1DFECC7A0081025D /* SavedCCViewController.m in Sources */ = {isa = PBXBuildFile; fileRef = 764975DE1DFECC7A0081025D /* SavedCCViewController.m */; };
		764975FF1DFECC7A0081025D /* SettingViewController.m in Sources */ = {isa = PBXBuildFile; fileRef = 764975E01DFECC7A0081025D /* SettingViewController.m */; };
		764976001DFECC7A0081025D /* SignInViewController.m in Sources */ = {isa = PBXBuildFile; fileRef = 764975E21DFECC7A0081025D /* SignInViewController.m */; };
		764976011DFECC7A0081025D /* SignUpViewController.m in Sources */ = {isa = PBXBuildFile; fileRef = 764975E41DFECC7A0081025D /* SignUpViewController.m */; };
		764976021DFECC7A0081025D /* HMSegmentedControl.m in Sources */ = {isa = PBXBuildFile; fileRef = 764975E71DFECC7A0081025D /* HMSegmentedControl.m */; };
		764976031DFECC7A0081025D /* UICustomButton.m in Sources */ = {isa = PBXBuildFile; fileRef = 764975E91DFECC7A0081025D /* UICustomButton.m */; };
		764976041DFECC7A0081025D /* UICustomTextField.m in Sources */ = {isa = PBXBuildFile; fileRef = 764975EB1DFECC7A0081025D /* UICustomTextField.m */; };
		76B2DB131CC134CD0046B963 /* CitrusPay.podspec in Resources */ = {isa = PBXBuildFile; fileRef = 76B2DB111CC134CD0046B963 /* CitrusPay.podspec */; };
		76B2DB141CC134CD0046B963 /* LICENSE in Resources */ = {isa = PBXBuildFile; fileRef = 76B2DB121CC134CD0046B963 /* LICENSE */; };
/* End PBXBuildFile section */

/* Begin PBXContainerItemProxy section */
		6003F5B3195388D20070C39A /* PBXContainerItemProxy */ = {
			isa = PBXContainerItemProxy;
			containerPortal = 6003F582195388D10070C39A /* Project object */;
			proxyType = 1;
			remoteGlobalIDString = 6003F589195388D20070C39A;
			remoteInfo = CitrusPay;
		};
/* End PBXContainerItemProxy section */

/* Begin PBXFileReference section */
		30617BA1344A45DE774B9E28 /* Pods-CitrusPay_Example.debug.xcconfig */ = {isa = PBXFileReference; includeInIndex = 1; lastKnownFileType = text.xcconfig; name = "Pods-CitrusPay_Example.debug.xcconfig"; path = "Pods/Target Support Files/Pods-CitrusPay_Example/Pods-CitrusPay_Example.debug.xcconfig"; sourceTree = "<group>"; };
		44C8395F6FDE2DD460431495 /* Pods-CitrusPay_Tests.debug.xcconfig */ = {isa = PBXFileReference; includeInIndex = 1; lastKnownFileType = text.xcconfig; name = "Pods-CitrusPay_Tests.debug.xcconfig"; path = "Pods/Target Support Files/Pods-CitrusPay_Tests/Pods-CitrusPay_Tests.debug.xcconfig"; sourceTree = "<group>"; };
		6003F58A195388D20070C39A /* CitrusPay_Example.app */ = {isa = PBXFileReference; explicitFileType = wrapper.application; includeInIndex = 0; path = CitrusPay_Example.app; sourceTree = BUILT_PRODUCTS_DIR; };
		6003F58D195388D20070C39A /* Foundation.framework */ = {isa = PBXFileReference; lastKnownFileType = wrapper.framework; name = Foundation.framework; path = System/Library/Frameworks/Foundation.framework; sourceTree = SDKROOT; };
		6003F58F195388D20070C39A /* CoreGraphics.framework */ = {isa = PBXFileReference; lastKnownFileType = wrapper.framework; name = CoreGraphics.framework; path = System/Library/Frameworks/CoreGraphics.framework; sourceTree = SDKROOT; };
		6003F591195388D20070C39A /* UIKit.framework */ = {isa = PBXFileReference; lastKnownFileType = wrapper.framework; name = UIKit.framework; path = System/Library/Frameworks/UIKit.framework; sourceTree = SDKROOT; };
		6003F595195388D20070C39A /* CitrusPay-Info.plist */ = {isa = PBXFileReference; lastKnownFileType = text.plist.xml; path = "CitrusPay-Info.plist"; sourceTree = "<group>"; };
		6003F597195388D20070C39A /* en */ = {isa = PBXFileReference; lastKnownFileType = text.plist.strings; name = en; path = en.lproj/InfoPlist.strings; sourceTree = "<group>"; };
		6003F599195388D20070C39A /* main.m */ = {isa = PBXFileReference; lastKnownFileType = sourcecode.c.objc; path = main.m; sourceTree = "<group>"; };
		6003F59B195388D20070C39A /* CitrusPay-Prefix.pch */ = {isa = PBXFileReference; lastKnownFileType = sourcecode.c.h; path = "CitrusPay-Prefix.pch"; sourceTree = "<group>"; };
		6003F59C195388D20070C39A /* CTSAppDelegate.h */ = {isa = PBXFileReference; lastKnownFileType = sourcecode.c.h; path = CTSAppDelegate.h; sourceTree = "<group>"; };
		6003F59D195388D20070C39A /* CTSAppDelegate.m */ = {isa = PBXFileReference; lastKnownFileType = sourcecode.c.objc; path = CTSAppDelegate.m; sourceTree = "<group>"; };
		6003F5AE195388D20070C39A /* CitrusPay_Tests.xctest */ = {isa = PBXFileReference; explicitFileType = wrapper.cfbundle; includeInIndex = 0; path = CitrusPay_Tests.xctest; sourceTree = BUILT_PRODUCTS_DIR; };
		6003F5AF195388D20070C39A /* XCTest.framework */ = {isa = PBXFileReference; lastKnownFileType = wrapper.framework; name = XCTest.framework; path = Library/Frameworks/XCTest.framework; sourceTree = DEVELOPER_DIR; };
		6003F5B7195388D20070C39A /* Tests-Info.plist */ = {isa = PBXFileReference; lastKnownFileType = text.plist.xml; path = "Tests-Info.plist"; sourceTree = "<group>"; };
		6003F5B9195388D20070C39A /* en */ = {isa = PBXFileReference; lastKnownFileType = text.plist.strings; name = en; path = en.lproj/InfoPlist.strings; sourceTree = "<group>"; };
		6003F5BB195388D20070C39A /* Tests.m */ = {isa = PBXFileReference; lastKnownFileType = sourcecode.c.objc; path = Tests.m; sourceTree = "<group>"; };
		606FC2411953D9B200FFA9A0 /* Tests-Prefix.pch */ = {isa = PBXFileReference; lastKnownFileType = sourcecode.c.h; path = "Tests-Prefix.pch"; sourceTree = "<group>"; };
		76144F631E3F148E007BD9DA /* Main.storyboard */ = {isa = PBXFileReference; fileEncoding = 4; lastKnownFileType = file.storyboard; path = Main.storyboard; sourceTree = "<group>"; };
		76144F651E3F149C007BD9DA /* Common.xcassets */ = {isa = PBXFileReference; lastKnownFileType = folder.assetcatalog; name = Common.xcassets; path = "../../../Common-Data/Common.xcassets"; sourceTree = "<group>"; };
		76144F671E3F14A7007BD9DA /* MerchantConstants.h */ = {isa = PBXFileReference; lastKnownFileType = sourcecode.c.h; name = MerchantConstants.h; path = "../../../Common-Data/MerchantConstants.h"; sourceTree = "<group>"; };
		76144F681E3F14A7007BD9DA /* TestParams.h */ = {isa = PBXFileReference; lastKnownFileType = sourcecode.c.h; name = TestParams.h; path = "../../../Common-Data/TestParams.h"; sourceTree = "<group>"; };
		76144F6A1E3F14B8007BD9DA /* SVSegmentedControl.h */ = {isa = PBXFileReference; fileEncoding = 4; lastKnownFileType = sourcecode.c.h; path = SVSegmentedControl.h; sourceTree = "<group>"; };
		76144F6B1E3F14B8007BD9DA /* SVSegmentedControl.m */ = {isa = PBXFileReference; fileEncoding = 4; lastKnownFileType = sourcecode.c.objc; path = SVSegmentedControl.m; sourceTree = "<group>"; };
		76144F6C1E3F14B8007BD9DA /* SVSegmentedThumb.h */ = {isa = PBXFileReference; fileEncoding = 4; lastKnownFileType = sourcecode.c.h; path = SVSegmentedThumb.h; sourceTree = "<group>"; };
		76144F6D1E3F14B8007BD9DA /* SVSegmentedThumb.m */ = {isa = PBXFileReference; fileEncoding = 4; lastKnownFileType = sourcecode.c.objc; path = SVSegmentedThumb.m; sourceTree = "<group>"; };
		764975C71DFECC7A0081025D /* Assets.xcassets */ = {isa = PBXFileReference; lastKnownFileType = folder.assetcatalog; path = Assets.xcassets; sourceTree = "<group>"; };
		764975CD1DFECC7A0081025D /* AutoloadViewController.h */ = {isa = PBXFileReference; fileEncoding = 4; lastKnownFileType = sourcecode.c.h; path = AutoloadViewController.h; sourceTree = "<group>"; };
		764975CE1DFECC7A0081025D /* AutoloadViewController.m */ = {isa = PBXFileReference; fileEncoding = 4; lastKnownFileType = sourcecode.c.objc; path = AutoloadViewController.m; sourceTree = "<group>"; };
		764975CF1DFECC7A0081025D /* BaseViewController.h */ = {isa = PBXFileReference; fileEncoding = 4; lastKnownFileType = sourcecode.c.h; path = BaseViewController.h; sourceTree = "<group>"; };
		764975D01DFECC7A0081025D /* BaseViewController.m */ = {isa = PBXFileReference; fileEncoding = 4; lastKnownFileType = sourcecode.c.objc; path = BaseViewController.m; sourceTree = "<group>"; };
		764975D11DFECC7A0081025D /* CardsViewController.h */ = {isa = PBXFileReference; fileEncoding = 4; lastKnownFileType = sourcecode.c.h; path = CardsViewController.h; sourceTree = "<group>"; };
		764975D21DFECC7A0081025D /* CardsViewController.m */ = {isa = PBXFileReference; fileEncoding = 4; lastKnownFileType = sourcecode.c.objc; path = CardsViewController.m; sourceTree = "<group>"; };
		764975D31DFECC7A0081025D /* HomeViewController.h */ = {isa = PBXFileReference; fileEncoding = 4; lastKnownFileType = sourcecode.c.h; path = HomeViewController.h; sourceTree = "<group>"; };
		764975D41DFECC7A0081025D /* HomeViewController.m */ = {isa = PBXFileReference; fileEncoding = 4; lastKnownFileType = sourcecode.c.objc; path = HomeViewController.m; sourceTree = "<group>"; };
		764975D51DFECC7A0081025D /* InitialViewController.h */ = {isa = PBXFileReference; fileEncoding = 4; lastKnownFileType = sourcecode.c.h; path = InitialViewController.h; sourceTree = "<group>"; };
		764975D61DFECC7A0081025D /* InitialViewController.m */ = {isa = PBXFileReference; fileEncoding = 4; lastKnownFileType = sourcecode.c.objc; path = InitialViewController.m; sourceTree = "<group>"; };
		764975D71DFECC7A0081025D /* ManageAutoLoadSubcriptionViewController.h */ = {isa = PBXFileReference; fileEncoding = 4; lastKnownFileType = sourcecode.c.h; path = ManageAutoLoadSubcriptionViewController.h; sourceTree = "<group>"; };
		764975D81DFECC7A0081025D /* ManageAutoLoadSubcriptionViewController.m */ = {isa = PBXFileReference; fileEncoding = 4; lastKnownFileType = sourcecode.c.objc; path = ManageAutoLoadSubcriptionViewController.m; sourceTree = "<group>"; };
		764975D91DFECC7A0081025D /* ManageCradViewController.h */ = {isa = PBXFileReference; fileEncoding = 4; lastKnownFileType = sourcecode.c.h; path = ManageCradViewController.h; sourceTree = "<group>"; };
		764975DA1DFECC7A0081025D /* ManageCradViewController.m */ = {isa = PBXFileReference; fileEncoding = 4; lastKnownFileType = sourcecode.c.objc; path = ManageCradViewController.m; sourceTree = "<group>"; };
		764975DB1DFECC7A0081025D /* ResetPasswordViewController.h */ = {isa = PBXFileReference; fileEncoding = 4; lastKnownFileType = sourcecode.c.h; path = ResetPasswordViewController.h; sourceTree = "<group>"; };
		764975DC1DFECC7A0081025D /* ResetPasswordViewController.m */ = {isa = PBXFileReference; fileEncoding = 4; lastKnownFileType = sourcecode.c.objc; path = ResetPasswordViewController.m; sourceTree = "<group>"; };
		764975DD1DFECC7A0081025D /* SavedCCViewController.h */ = {isa = PBXFileReference; fileEncoding = 4; lastKnownFileType = sourcecode.c.h; path = SavedCCViewController.h; sourceTree = "<group>"; };
		764975DE1DFECC7A0081025D /* SavedCCViewController.m */ = {isa = PBXFileReference; fileEncoding = 4; lastKnownFileType = sourcecode.c.objc; path = SavedCCViewController.m; sourceTree = "<group>"; };
		764975DF1DFECC7A0081025D /* SettingViewController.h */ = {isa = PBXFileReference; fileEncoding = 4; lastKnownFileType = sourcecode.c.h; path = SettingViewController.h; sourceTree = "<group>"; };
		764975E01DFECC7A0081025D /* SettingViewController.m */ = {isa = PBXFileReference; fileEncoding = 4; lastKnownFileType = sourcecode.c.objc; path = SettingViewController.m; sourceTree = "<group>"; };
		764975E11DFECC7A0081025D /* SignInViewController.h */ = {isa = PBXFileReference; fileEncoding = 4; lastKnownFileType = sourcecode.c.h; path = SignInViewController.h; sourceTree = "<group>"; };
		764975E21DFECC7A0081025D /* SignInViewController.m */ = {isa = PBXFileReference; fileEncoding = 4; lastKnownFileType = sourcecode.c.objc; path = SignInViewController.m; sourceTree = "<group>"; };
		764975E31DFECC7A0081025D /* SignUpViewController.h */ = {isa = PBXFileReference; fileEncoding = 4; lastKnownFileType = sourcecode.c.h; path = SignUpViewController.h; sourceTree = "<group>"; };
		764975E41DFECC7A0081025D /* SignUpViewController.m */ = {isa = PBXFileReference; fileEncoding = 4; lastKnownFileType = sourcecode.c.objc; path = SignUpViewController.m; sourceTree = "<group>"; };
		764975E61DFECC7A0081025D /* HMSegmentedControl.h */ = {isa = PBXFileReference; fileEncoding = 4; lastKnownFileType = sourcecode.c.h; path = HMSegmentedControl.h; sourceTree = "<group>"; };
		764975E71DFECC7A0081025D /* HMSegmentedControl.m */ = {isa = PBXFileReference; fileEncoding = 4; lastKnownFileType = sourcecode.c.objc; path = HMSegmentedControl.m; sourceTree = "<group>"; };
		764975E81DFECC7A0081025D /* UICustomButton.h */ = {isa = PBXFileReference; fileEncoding = 4; lastKnownFileType = sourcecode.c.h; path = UICustomButton.h; sourceTree = "<group>"; };
		764975E91DFECC7A0081025D /* UICustomButton.m */ = {isa = PBXFileReference; fileEncoding = 4; lastKnownFileType = sourcecode.c.objc; path = UICustomButton.m; sourceTree = "<group>"; };
		764975EA1DFECC7A0081025D /* UICustomTextField.h */ = {isa = PBXFileReference; fileEncoding = 4; lastKnownFileType = sourcecode.c.h; path = UICustomTextField.h; sourceTree = "<group>"; };
		764975EB1DFECC7A0081025D /* UICustomTextField.m */ = {isa = PBXFileReference; fileEncoding = 4; lastKnownFileType = sourcecode.c.objc; path = UICustomTextField.m; sourceTree = "<group>"; };
		76B2DB111CC134CD0046B963 /* CitrusPay.podspec */ = {isa = PBXFileReference; fileEncoding = 4; lastKnownFileType = text; name = CitrusPay.podspec; path = ../../../../CitrusPay.podspec; sourceTree = "<group>"; };
		76B2DB121CC134CD0046B963 /* LICENSE */ = {isa = PBXFileReference; fileEncoding = 4; lastKnownFileType = text; name = LICENSE; path = ../../../../LICENSE; sourceTree = "<group>"; };
		7F4B1E69D78E1CF0B8F0FCF8 /* Pods_CitrusPay_Tests.framework */ = {isa = PBXFileReference; explicitFileType = wrapper.framework; includeInIndex = 0; path = Pods_CitrusPay_Tests.framework; sourceTree = BUILT_PRODUCTS_DIR; };
		8A54CE8A88758544A1393401 /* Pods_CitrusPay_Example.framework */ = {isa = PBXFileReference; explicitFileType = wrapper.framework; includeInIndex = 0; path = Pods_CitrusPay_Example.framework; sourceTree = BUILT_PRODUCTS_DIR; };
		EA3174FD927B4FEE14D54B82 /* Pods-CitrusPay_Tests.release.xcconfig */ = {isa = PBXFileReference; includeInIndex = 1; lastKnownFileType = text.xcconfig; name = "Pods-CitrusPay_Tests.release.xcconfig"; path = "Pods/Target Support Files/Pods-CitrusPay_Tests/Pods-CitrusPay_Tests.release.xcconfig"; sourceTree = "<group>"; };
		ED19B6868FFF748E30EA6AD3 /* Pods-CitrusPay_Example.release.xcconfig */ = {isa = PBXFileReference; includeInIndex = 1; lastKnownFileType = text.xcconfig; name = "Pods-CitrusPay_Example.release.xcconfig"; path = "Pods/Target Support Files/Pods-CitrusPay_Example/Pods-CitrusPay_Example.release.xcconfig"; sourceTree = "<group>"; };
/* End PBXFileReference section */

/* Begin PBXFrameworksBuildPhase section */
		6003F587195388D20070C39A /* Frameworks */ = {
			isa = PBXFrameworksBuildPhase;
			buildActionMask = 2147483647;
			files = (
				6003F590195388D20070C39A /* CoreGraphics.framework in Frameworks */,
				6003F592195388D20070C39A /* UIKit.framework in Frameworks */,
				6003F58E195388D20070C39A /* Foundation.framework in Frameworks */,
				49266B890CCF838EE4E1AA1B /* Pods_CitrusPay_Example.framework in Frameworks */,
			);
			runOnlyForDeploymentPostprocessing = 0;
		};
		6003F5AB195388D20070C39A /* Frameworks */ = {
			isa = PBXFrameworksBuildPhase;
			buildActionMask = 2147483647;
			files = (
				6003F5B0195388D20070C39A /* XCTest.framework in Frameworks */,
				6003F5B2195388D20070C39A /* UIKit.framework in Frameworks */,
				6003F5B1195388D20070C39A /* Foundation.framework in Frameworks */,
				3392D584D841857CB2101987 /* Pods_CitrusPay_Tests.framework in Frameworks */,
			);
			runOnlyForDeploymentPostprocessing = 0;
		};
/* End PBXFrameworksBuildPhase section */

/* Begin PBXGroup section */
		6003F581195388D10070C39A = {
			isa = PBXGroup;
			children = (
				60FF7A9C1954A5C5007DD14C /* Podspec Metadata */,
				6003F593195388D20070C39A /* Example for CitrusPay */,
				6003F5B5195388D20070C39A /* Tests */,
				6003F58C195388D20070C39A /* Frameworks */,
				6003F58B195388D20070C39A /* Products */,
				8D134ED9C23E3EDA79F5B27F /* Pods */,
			);
			sourceTree = "<group>";
		};
		6003F58B195388D20070C39A /* Products */ = {
			isa = PBXGroup;
			children = (
				6003F58A195388D20070C39A /* CitrusPay_Example.app */,
				6003F5AE195388D20070C39A /* CitrusPay_Tests.xctest */,
			);
			name = Products;
			sourceTree = "<group>";
		};
		6003F58C195388D20070C39A /* Frameworks */ = {
			isa = PBXGroup;
			children = (
				6003F58D195388D20070C39A /* Foundation.framework */,
				6003F58F195388D20070C39A /* CoreGraphics.framework */,
				6003F591195388D20070C39A /* UIKit.framework */,
				6003F5AF195388D20070C39A /* XCTest.framework */,
				8A54CE8A88758544A1393401 /* Pods_CitrusPay_Example.framework */,
				7F4B1E69D78E1CF0B8F0FCF8 /* Pods_CitrusPay_Tests.framework */,
			);
			name = Frameworks;
			sourceTree = "<group>";
		};
		6003F593195388D20070C39A /* Example for CitrusPay */ = {
			isa = PBXGroup;
			children = (
				764975C61DFECC7A0081025D /* test-ui-example */,
				6003F59C195388D20070C39A /* CTSAppDelegate.h */,
				6003F59D195388D20070C39A /* CTSAppDelegate.m */,
				6003F594195388D20070C39A /* Supporting Files */,
			);
			name = "Example for CitrusPay";
			path = CitrusPay;
			sourceTree = "<group>";
		};
		6003F594195388D20070C39A /* Supporting Files */ = {
			isa = PBXGroup;
			children = (
				6003F595195388D20070C39A /* CitrusPay-Info.plist */,
				6003F596195388D20070C39A /* InfoPlist.strings */,
				6003F599195388D20070C39A /* main.m */,
				6003F59B195388D20070C39A /* CitrusPay-Prefix.pch */,
			);
			name = "Supporting Files";
			sourceTree = "<group>";
		};
		6003F5B5195388D20070C39A /* Tests */ = {
			isa = PBXGroup;
			children = (
				6003F5BB195388D20070C39A /* Tests.m */,
				6003F5B6195388D20070C39A /* Supporting Files */,
			);
			path = Tests;
			sourceTree = "<group>";
		};
		6003F5B6195388D20070C39A /* Supporting Files */ = {
			isa = PBXGroup;
			children = (
				6003F5B7195388D20070C39A /* Tests-Info.plist */,
				6003F5B8195388D20070C39A /* InfoPlist.strings */,
				606FC2411953D9B200FFA9A0 /* Tests-Prefix.pch */,
			);
			name = "Supporting Files";
			sourceTree = "<group>";
		};
		60FF7A9C1954A5C5007DD14C /* Podspec Metadata */ = {
			isa = PBXGroup;
			children = (
				76B2DB111CC134CD0046B963 /* CitrusPay.podspec */,
				76B2DB121CC134CD0046B963 /* LICENSE */,
			);
			name = "Podspec Metadata";
			sourceTree = "<group>";
		};
		76144F691E3F14B8007BD9DA /* SVSegmentedControl */ = {
			isa = PBXGroup;
			children = (
				76144F6A1E3F14B8007BD9DA /* SVSegmentedControl.h */,
				76144F6B1E3F14B8007BD9DA /* SVSegmentedControl.m */,
				76144F6C1E3F14B8007BD9DA /* SVSegmentedThumb.h */,
				76144F6D1E3F14B8007BD9DA /* SVSegmentedThumb.m */,
			);
			name = SVSegmentedControl;
			path = "../../../Common-Data/SVSegmentedControl";
			sourceTree = "<group>";
		};
		764975C61DFECC7A0081025D /* test-ui-example */ = {
			isa = PBXGroup;
			children = (
				76144F691E3F14B8007BD9DA /* SVSegmentedControl */,
				76144F671E3F14A7007BD9DA /* MerchantConstants.h */,
				76144F681E3F14A7007BD9DA /* TestParams.h */,
				76144F651E3F149C007BD9DA /* Common.xcassets */,
				76144F631E3F148E007BD9DA /* Main.storyboard */,
				764975C71DFECC7A0081025D /* Assets.xcassets */,
				764975CC1DFECC7A0081025D /* Controllers */,
				764975E51DFECC7A0081025D /* CustomComponents */,
			);
			name = "test-ui-example";
			path = "../../../test-ui-example";
			sourceTree = "<group>";
		};
		764975CC1DFECC7A0081025D /* Controllers */ = {
			isa = PBXGroup;
			children = (
				764975CD1DFECC7A0081025D /* AutoloadViewController.h */,
				764975CE1DFECC7A0081025D /* AutoloadViewController.m */,
				764975CF1DFECC7A0081025D /* BaseViewController.h */,
				764975D01DFECC7A0081025D /* BaseViewController.m */,
				764975D11DFECC7A0081025D /* CardsViewController.h */,
				764975D21DFECC7A0081025D /* CardsViewController.m */,
				764975D31DFECC7A0081025D /* HomeViewController.h */,
				764975D41DFECC7A0081025D /* HomeViewController.m */,
				764975D51DFECC7A0081025D /* InitialViewController.h */,
				764975D61DFECC7A0081025D /* InitialViewController.m */,
				764975D71DFECC7A0081025D /* ManageAutoLoadSubcriptionViewController.h */,
				764975D81DFECC7A0081025D /* ManageAutoLoadSubcriptionViewController.m */,
				764975D91DFECC7A0081025D /* ManageCradViewController.h */,
				764975DA1DFECC7A0081025D /* ManageCradViewController.m */,
				764975DB1DFECC7A0081025D /* ResetPasswordViewController.h */,
				764975DC1DFECC7A0081025D /* ResetPasswordViewController.m */,
				764975DD1DFECC7A0081025D /* SavedCCViewController.h */,
				764975DE1DFECC7A0081025D /* SavedCCViewController.m */,
				764975DF1DFECC7A0081025D /* SettingViewController.h */,
				764975E01DFECC7A0081025D /* SettingViewController.m */,
				764975E11DFECC7A0081025D /* SignInViewController.h */,
				764975E21DFECC7A0081025D /* SignInViewController.m */,
				764975E31DFECC7A0081025D /* SignUpViewController.h */,
				764975E41DFECC7A0081025D /* SignUpViewController.m */,
			);
			path = Controllers;
			sourceTree = "<group>";
		};
		764975E51DFECC7A0081025D /* CustomComponents */ = {
			isa = PBXGroup;
			children = (
				764975E61DFECC7A0081025D /* HMSegmentedControl.h */,
				764975E71DFECC7A0081025D /* HMSegmentedControl.m */,
				764975E81DFECC7A0081025D /* UICustomButton.h */,
				764975E91DFECC7A0081025D /* UICustomButton.m */,
				764975EA1DFECC7A0081025D /* UICustomTextField.h */,
				764975EB1DFECC7A0081025D /* UICustomTextField.m */,
			);
			path = CustomComponents;
			sourceTree = "<group>";
		};
		8D134ED9C23E3EDA79F5B27F /* Pods */ = {
			isa = PBXGroup;
			children = (
				30617BA1344A45DE774B9E28 /* Pods-CitrusPay_Example.debug.xcconfig */,
				ED19B6868FFF748E30EA6AD3 /* Pods-CitrusPay_Example.release.xcconfig */,
				44C8395F6FDE2DD460431495 /* Pods-CitrusPay_Tests.debug.xcconfig */,
				EA3174FD927B4FEE14D54B82 /* Pods-CitrusPay_Tests.release.xcconfig */,
			);
			name = Pods;
			sourceTree = "<group>";
		};
/* End PBXGroup section */

/* Begin PBXNativeTarget section */
		6003F589195388D20070C39A /* CitrusPay_Example */ = {
			isa = PBXNativeTarget;
			buildConfigurationList = 6003F5BF195388D20070C39A /* Build configuration list for PBXNativeTarget "CitrusPay_Example" */;
			buildPhases = (
				497818F29763C587948F3CA6 /* [CP] Check Pods Manifest.lock */,
				6003F586195388D20070C39A /* Sources */,
				6003F587195388D20070C39A /* Frameworks */,
				6003F588195388D20070C39A /* Resources */,
				767A18D51C4F957E009A1256 /* ShellScript */,
				609A9EF5E089BE726623C0E2 /* [CP] Embed Pods Frameworks */,
				3665B6EEAA423F139BD28035 /* [CP] Copy Pods Resources */,
			);
			buildRules = (
			);
			dependencies = (
			);
			name = CitrusPay_Example;
			productName = CitrusPay;
			productReference = 6003F58A195388D20070C39A /* CitrusPay_Example.app */;
			productType = "com.apple.product-type.application";
		};
		6003F5AD195388D20070C39A /* CitrusPay_Tests */ = {
			isa = PBXNativeTarget;
			buildConfigurationList = 6003F5C2195388D20070C39A /* Build configuration list for PBXNativeTarget "CitrusPay_Tests" */;
			buildPhases = (
				90D127B47DAFC7B21FDF4504 /* [CP] Check Pods Manifest.lock */,
				6003F5AA195388D20070C39A /* Sources */,
				6003F5AB195388D20070C39A /* Frameworks */,
				6003F5AC195388D20070C39A /* Resources */,
				B8A1E5186CBBAAF9428D5974 /* [CP] Embed Pods Frameworks */,
				9858A1CD881B7128B9AE0E1E /* [CP] Copy Pods Resources */,
			);
			buildRules = (
			);
			dependencies = (
				6003F5B4195388D20070C39A /* PBXTargetDependency */,
			);
			name = CitrusPay_Tests;
			productName = CitrusPayTests;
			productReference = 6003F5AE195388D20070C39A /* CitrusPay_Tests.xctest */;
			productType = "com.apple.product-type.bundle.unit-test";
		};
/* End PBXNativeTarget section */

/* Begin PBXProject section */
		6003F582195388D10070C39A /* Project object */ = {
			isa = PBXProject;
			attributes = {
				CLASSPREFIX = CTS;
				LastUpgradeCheck = 0800;
				ORGANIZATIONNAME = "Mukesh Patil";
				TargetAttributes = {
					6003F589195388D20070C39A = {
						DevelopmentTeam = 3T2M5UN5C5;
						ProvisioningStyle = Automatic;
					};
					6003F5AD195388D20070C39A = {
						TestTargetID = 6003F589195388D20070C39A;
					};
				};
			};
			buildConfigurationList = 6003F585195388D10070C39A /* Build configuration list for PBXProject "CitrusPay" */;
			compatibilityVersion = "Xcode 3.2";
			developmentRegion = English;
			hasScannedForEncodings = 0;
			knownRegions = (
				en,
				Base,
			);
			mainGroup = 6003F581195388D10070C39A;
			productRefGroup = 6003F58B195388D20070C39A /* Products */;
			projectDirPath = "";
			projectRoot = "";
			targets = (
				6003F589195388D20070C39A /* CitrusPay_Example */,
				6003F5AD195388D20070C39A /* CitrusPay_Tests */,
			);
		};
/* End PBXProject section */

/* Begin PBXResourcesBuildPhase section */
		6003F588195388D20070C39A /* Resources */ = {
			isa = PBXResourcesBuildPhase;
			buildActionMask = 2147483647;
			files = (
				76B2DB131CC134CD0046B963 /* CitrusPay.podspec in Resources */,
				76144F641E3F148E007BD9DA /* Main.storyboard in Resources */,
				76144F661E3F149C007BD9DA /* Common.xcassets in Resources */,
				6003F598195388D20070C39A /* InfoPlist.strings in Resources */,
				764975F31DFECC7A0081025D /* Assets.xcassets in Resources */,
				76B2DB141CC134CD0046B963 /* LICENSE in Resources */,
			);
			runOnlyForDeploymentPostprocessing = 0;
		};
		6003F5AC195388D20070C39A /* Resources */ = {
			isa = PBXResourcesBuildPhase;
			buildActionMask = 2147483647;
			files = (
				6003F5BA195388D20070C39A /* InfoPlist.strings in Resources */,
			);
			runOnlyForDeploymentPostprocessing = 0;
		};
/* End PBXResourcesBuildPhase section */

/* Begin PBXShellScriptBuildPhase section */
		3665B6EEAA423F139BD28035 /* [CP] Copy Pods Resources */ = {
			isa = PBXShellScriptBuildPhase;
			buildActionMask = 2147483647;
			files = (
			);
			inputPaths = (
			);
			name = "[CP] Copy Pods Resources";
			outputPaths = (
			);
			runOnlyForDeploymentPostprocessing = 0;
			shellPath = /bin/sh;
			shellScript = "\"${SRCROOT}/Pods/Target Support Files/Pods-CitrusPay_Example/Pods-CitrusPay_Example-resources.sh\"\n";
			showEnvVarsInLog = 0;
		};
		497818F29763C587948F3CA6 /* [CP] Check Pods Manifest.lock */ = {
			isa = PBXShellScriptBuildPhase;
			buildActionMask = 2147483647;
			files = (
			);
			inputPaths = (
				"${PODS_PODFILE_DIR_PATH}/Podfile.lock",
				"${PODS_ROOT}/Manifest.lock",
			);
			name = "[CP] Check Pods Manifest.lock";
			outputPaths = (
				"$(DERIVED_FILE_DIR)/Pods-CitrusPay_Example-checkManifestLockResult.txt",
			);
			runOnlyForDeploymentPostprocessing = 0;
			shellPath = /bin/sh;
			shellScript = "diff \"${PODS_PODFILE_DIR_PATH}/Podfile.lock\" \"${PODS_ROOT}/Manifest.lock\" > /dev/null\nif [ $? != 0 ] ; then\n    # print error to STDERR\n    echo \"error: The sandbox is not in sync with the Podfile.lock. Run 'pod install' or update your CocoaPods installation.\" >&2\n    exit 1\nfi\n# This output is used by Xcode 'outputs' to avoid re-running this script phase.\necho \"SUCCESS\" > \"${SCRIPT_OUTPUT_FILE_0}\"\n";
			showEnvVarsInLog = 0;
		};
		609A9EF5E089BE726623C0E2 /* [CP] Embed Pods Frameworks */ = {
			isa = PBXShellScriptBuildPhase;
			buildActionMask = 2147483647;
			files = (
			);
			inputPaths = (
				"${SRCROOT}/Pods/Target Support Files/Pods-CitrusPay_Example/Pods-CitrusPay_Example-frameworks.sh",
				"${PODS_ROOT}/CitrusGraphics/Framework/graphics-sdk/CitrusGraphics.framework",
				"${PODS_ROOT}/../../../../../Framework/core-sdk/CitrusPay.framework",
				"${BUILT_PRODUCTS_DIR}/JSONModel/JSONModel.framework",
				"${BUILT_PRODUCTS_DIR}/Kingfisher/Kingfisher.framework",
			);
			name = "[CP] Embed Pods Frameworks";
			outputPaths = (
				"${TARGET_BUILD_DIR}/${FRAMEWORKS_FOLDER_PATH}/CitrusGraphics.framework",
				"${TARGET_BUILD_DIR}/${FRAMEWORKS_FOLDER_PATH}/CitrusPay.framework",
				"${TARGET_BUILD_DIR}/${FRAMEWORKS_FOLDER_PATH}/JSONModel.framework",
				"${TARGET_BUILD_DIR}/${FRAMEWORKS_FOLDER_PATH}/Kingfisher.framework",
			);
			runOnlyForDeploymentPostprocessing = 0;
			shellPath = /bin/sh;
			shellScript = "\"${SRCROOT}/Pods/Target Support Files/Pods-CitrusPay_Example/Pods-CitrusPay_Example-frameworks.sh\"\n";
			showEnvVarsInLog = 0;
		};
		767A18D51C4F957E009A1256 /* ShellScript */ = {
			isa = PBXShellScriptBuildPhase;
			buildActionMask = 2147483647;
			files = (
			);
			inputPaths = (
			);
			outputPaths = (
			);
			runOnlyForDeploymentPostprocessing = 0;
			shellPath = /bin/sh;
			shellScript = "APP_PATH=\"${TARGET_BUILD_DIR}/${WRAPPER_NAME}\"\n\n# This script loops through the frameworks embedded in the application and\n# removes unused architectures.\nfind \"$APP_PATH\" -name '*.framework' -type d | while read -r FRAMEWORK\ndo\nFRAMEWORK_EXECUTABLE_NAME=$(defaults read \"$FRAMEWORK/Info.plist\" CFBundleExecutable)\nFRAMEWORK_EXECUTABLE_PATH=\"$FRAMEWORK/$FRAMEWORK_EXECUTABLE_NAME\"\necho \"Executable is $FRAMEWORK_EXECUTABLE_PATH\"\n\nEXTRACTED_ARCHS=()\n\nfor ARCH in $ARCHS\ndo\necho \"Extracting $ARCH from $FRAMEWORK_EXECUTABLE_NAME\"\nlipo -extract \"$ARCH\" \"$FRAMEWORK_EXECUTABLE_PATH\" -o \"$FRAMEWORK_EXECUTABLE_PATH-$ARCH\"\nEXTRACTED_ARCHS+=(\"$FRAMEWORK_EXECUTABLE_PATH-$ARCH\")\ndone\n\necho \"Merging extracted architectures: ${ARCHS}\"\nlipo -o \"$FRAMEWORK_EXECUTABLE_PATH-merged\" -create \"${EXTRACTED_ARCHS[@]}\"\nrm \"${EXTRACTED_ARCHS[@]}\"\n\necho \"Replacing original executable with thinned version\"\nrm \"$FRAMEWORK_EXECUTABLE_PATH\"\nmv \"$FRAMEWORK_EXECUTABLE_PATH-merged\" \"$FRAMEWORK_EXECUTABLE_PATH\"\n\ndone";
		};
		90D127B47DAFC7B21FDF4504 /* [CP] Check Pods Manifest.lock */ = {
			isa = PBXShellScriptBuildPhase;
			buildActionMask = 2147483647;
			files = (
			);
			inputPaths = (
				"${PODS_PODFILE_DIR_PATH}/Podfile.lock",
				"${PODS_ROOT}/Manifest.lock",
			);
			name = "[CP] Check Pods Manifest.lock";
			outputPaths = (
				"$(DERIVED_FILE_DIR)/Pods-CitrusPay_Tests-checkManifestLockResult.txt",
			);
			runOnlyForDeploymentPostprocessing = 0;
			shellPath = /bin/sh;
			shellScript = "diff \"${PODS_PODFILE_DIR_PATH}/Podfile.lock\" \"${PODS_ROOT}/Manifest.lock\" > /dev/null\nif [ $? != 0 ] ; then\n    # print error to STDERR\n    echo \"error: The sandbox is not in sync with the Podfile.lock. Run 'pod install' or update your CocoaPods installation.\" >&2\n    exit 1\nfi\n# This output is used by Xcode 'outputs' to avoid re-running this script phase.\necho \"SUCCESS\" > \"${SCRIPT_OUTPUT_FILE_0}\"\n";
			showEnvVarsInLog = 0;
		};
		9858A1CD881B7128B9AE0E1E /* [CP] Copy Pods Resources */ = {
			isa = PBXShellScriptBuildPhase;
			buildActionMask = 2147483647;
			files = (
			);
			inputPaths = (
			);
			name = "[CP] Copy Pods Resources";
			outputPaths = (
			);
			runOnlyForDeploymentPostprocessing = 0;
			shellPath = /bin/sh;
			shellScript = "\"${SRCROOT}/Pods/Target Support Files/Pods-CitrusPay_Tests/Pods-CitrusPay_Tests-resources.sh\"\n";
			showEnvVarsInLog = 0;
		};
		B8A1E5186CBBAAF9428D5974 /* [CP] Embed Pods Frameworks */ = {
			isa = PBXShellScriptBuildPhase;
			buildActionMask = 2147483647;
			files = (
			);
			inputPaths = (
				"${SRCROOT}/Pods/Target Support Files/Pods-CitrusPay_Tests/Pods-CitrusPay_Tests-frameworks.sh",
				"${PODS_ROOT}/CitrusGraphics/Framework/graphics-sdk/CitrusGraphics.framework",
				"${PODS_ROOT}/../../../../../Framework/core-sdk/CitrusPay.framework",
				"${BUILT_PRODUCTS_DIR}/JSONModel/JSONModel.framework",
				"${BUILT_PRODUCTS_DIR}/Kingfisher/Kingfisher.framework",
			);
			name = "[CP] Embed Pods Frameworks";
			outputPaths = (
				"${TARGET_BUILD_DIR}/${FRAMEWORKS_FOLDER_PATH}/CitrusGraphics.framework",
				"${TARGET_BUILD_DIR}/${FRAMEWORKS_FOLDER_PATH}/CitrusPay.framework",
				"${TARGET_BUILD_DIR}/${FRAMEWORKS_FOLDER_PATH}/JSONModel.framework",
				"${TARGET_BUILD_DIR}/${FRAMEWORKS_FOLDER_PATH}/Kingfisher.framework",
			);
			runOnlyForDeploymentPostprocessing = 0;
			shellPath = /bin/sh;
			shellScript = "\"${SRCROOT}/Pods/Target Support Files/Pods-CitrusPay_Tests/Pods-CitrusPay_Tests-frameworks.sh\"\n";
			showEnvVarsInLog = 0;
		};
/* End PBXShellScriptBuildPhase section */

/* Begin PBXSourcesBuildPhase section */
		6003F586195388D20070C39A /* Sources */ = {
			isa = PBXSourcesBuildPhase;
			buildActionMask = 2147483647;
			files = (
				764976031DFECC7A0081025D /* UICustomButton.m in Sources */,
				6003F59E195388D20070C39A /* CTSAppDelegate.m in Sources */,
				764975FD1DFECC7A0081025D /* ResetPasswordViewController.m in Sources */,
				764975F71DFECC7A0081025D /* BaseViewController.m in Sources */,
				764975F61DFECC7A0081025D /* AutoloadViewController.m in Sources */,
				764976001DFECC7A0081025D /* SignInViewController.m in Sources */,
				6003F59A195388D20070C39A /* main.m in Sources */,
				764975FE1DFECC7A0081025D /* SavedCCViewController.m in Sources */,
				76144F6F1E3F14B8007BD9DA /* SVSegmentedThumb.m in Sources */,
				764975F81DFECC7A0081025D /* CardsViewController.m in Sources */,
				764975FA1DFECC7A0081025D /* InitialViewController.m in Sources */,
				764976041DFECC7A0081025D /* UICustomTextField.m in Sources */,
				764976021DFECC7A0081025D /* HMSegmentedControl.m in Sources */,
				764975F91DFECC7A0081025D /* HomeViewController.m in Sources */,
				76144F6E1E3F14B8007BD9DA /* SVSegmentedControl.m in Sources */,
				764975FB1DFECC7A0081025D /* ManageAutoLoadSubcriptionViewController.m in Sources */,
				764975FC1DFECC7A0081025D /* ManageCradViewController.m in Sources */,
				764976011DFECC7A0081025D /* SignUpViewController.m in Sources */,
				764975FF1DFECC7A0081025D /* SettingViewController.m in Sources */,
			);
			runOnlyForDeploymentPostprocessing = 0;
		};
		6003F5AA195388D20070C39A /* Sources */ = {
			isa = PBXSourcesBuildPhase;
			buildActionMask = 2147483647;
			files = (
				6003F5BC195388D20070C39A /* Tests.m in Sources */,
			);
			runOnlyForDeploymentPostprocessing = 0;
		};
/* End PBXSourcesBuildPhase section */

/* Begin PBXTargetDependency section */
		6003F5B4195388D20070C39A /* PBXTargetDependency */ = {
			isa = PBXTargetDependency;
			target = 6003F589195388D20070C39A /* CitrusPay_Example */;
			targetProxy = 6003F5B3195388D20070C39A /* PBXContainerItemProxy */;
		};
/* End PBXTargetDependency section */

/* Begin PBXVariantGroup section */
		6003F596195388D20070C39A /* InfoPlist.strings */ = {
			isa = PBXVariantGroup;
			children = (
				6003F597195388D20070C39A /* en */,
			);
			name = InfoPlist.strings;
			sourceTree = "<group>";
		};
		6003F5B8195388D20070C39A /* InfoPlist.strings */ = {
			isa = PBXVariantGroup;
			children = (
				6003F5B9195388D20070C39A /* en */,
			);
			name = InfoPlist.strings;
			sourceTree = "<group>";
		};
/* End PBXVariantGroup section */

/* Begin XCBuildConfiguration section */
		6003F5BD195388D20070C39A /* Debug */ = {
			isa = XCBuildConfiguration;
			buildSettings = {
				ALWAYS_SEARCH_USER_PATHS = NO;
				CLANG_CXX_LANGUAGE_STANDARD = "gnu++0x";
				CLANG_CXX_LIBRARY = "libc++";
				CLANG_ENABLE_MODULES = YES;
				CLANG_ENABLE_OBJC_ARC = YES;
				CLANG_WARN_BOOL_CONVERSION = YES;
				CLANG_WARN_CONSTANT_CONVERSION = YES;
				CLANG_WARN_DIRECT_OBJC_ISA_USAGE = YES_ERROR;
				CLANG_WARN_EMPTY_BODY = YES;
				CLANG_WARN_ENUM_CONVERSION = YES;
				CLANG_WARN_INFINITE_RECURSION = YES;
				CLANG_WARN_INT_CONVERSION = YES;
				CLANG_WARN_OBJC_ROOT_CLASS = YES_ERROR;
				CLANG_WARN_SUSPICIOUS_MOVE = YES;
				CLANG_WARN_UNREACHABLE_CODE = YES;
				CLANG_WARN__DUPLICATE_METHOD_MATCH = YES;
				"CODE_SIGN_IDENTITY[sdk=iphoneos*]" = "iPhone Developer";
				COPY_PHASE_STRIP = NO;
				ENABLE_STRICT_OBJC_MSGSEND = YES;
				ENABLE_TESTABILITY = YES;
				GCC_C_LANGUAGE_STANDARD = gnu99;
				GCC_DYNAMIC_NO_PIC = NO;
				GCC_NO_COMMON_BLOCKS = YES;
				GCC_OPTIMIZATION_LEVEL = 0;
				GCC_PREPROCESSOR_DEFINITIONS = (
					"DEBUG=1",
					"$(inherited)",
				);
				GCC_SYMBOLS_PRIVATE_EXTERN = NO;
				GCC_WARN_64_TO_32_BIT_CONVERSION = YES;
				GCC_WARN_ABOUT_RETURN_TYPE = YES_ERROR;
				GCC_WARN_UNDECLARED_SELECTOR = YES;
				GCC_WARN_UNINITIALIZED_AUTOS = YES_AGGRESSIVE;
				GCC_WARN_UNUSED_FUNCTION = YES;
				GCC_WARN_UNUSED_VARIABLE = YES;
				IPHONEOS_DEPLOYMENT_TARGET = 8.0;
				ONLY_ACTIVE_ARCH = YES;
				SDKROOT = iphoneos;
				TARGETED_DEVICE_FAMILY = "1,2";
			};
			name = Debug;
		};
		6003F5BE195388D20070C39A /* Release */ = {
			isa = XCBuildConfiguration;
			buildSettings = {
				ALWAYS_SEARCH_USER_PATHS = NO;
				CLANG_CXX_LANGUAGE_STANDARD = "gnu++0x";
				CLANG_CXX_LIBRARY = "libc++";
				CLANG_ENABLE_MODULES = YES;
				CLANG_ENABLE_OBJC_ARC = YES;
				CLANG_WARN_BOOL_CONVERSION = YES;
				CLANG_WARN_CONSTANT_CONVERSION = YES;
				CLANG_WARN_DIRECT_OBJC_ISA_USAGE = YES_ERROR;
				CLANG_WARN_EMPTY_BODY = YES;
				CLANG_WARN_ENUM_CONVERSION = YES;
				CLANG_WARN_INFINITE_RECURSION = YES;
				CLANG_WARN_INT_CONVERSION = YES;
				CLANG_WARN_OBJC_ROOT_CLASS = YES_ERROR;
				CLANG_WARN_SUSPICIOUS_MOVE = YES;
				CLANG_WARN_UNREACHABLE_CODE = YES;
				CLANG_WARN__DUPLICATE_METHOD_MATCH = YES;
				"CODE_SIGN_IDENTITY[sdk=iphoneos*]" = "iPhone Developer";
				COPY_PHASE_STRIP = YES;
				ENABLE_NS_ASSERTIONS = NO;
				ENABLE_STRICT_OBJC_MSGSEND = YES;
				GCC_C_LANGUAGE_STANDARD = gnu99;
				GCC_NO_COMMON_BLOCKS = YES;
				GCC_WARN_64_TO_32_BIT_CONVERSION = YES;
				GCC_WARN_ABOUT_RETURN_TYPE = YES_ERROR;
				GCC_WARN_UNDECLARED_SELECTOR = YES;
				GCC_WARN_UNINITIALIZED_AUTOS = YES_AGGRESSIVE;
				GCC_WARN_UNUSED_FUNCTION = YES;
				GCC_WARN_UNUSED_VARIABLE = YES;
				IPHONEOS_DEPLOYMENT_TARGET = 8.0;
				SDKROOT = iphoneos;
				TARGETED_DEVICE_FAMILY = "1,2";
				VALIDATE_PRODUCT = YES;
			};
			name = Release;
		};
		6003F5C0195388D20070C39A /* Debug */ = {
			isa = XCBuildConfiguration;
			baseConfigurationReference = 30617BA1344A45DE774B9E28 /* Pods-CitrusPay_Example.debug.xcconfig */;
			buildSettings = {
				ASSETCATALOG_COMPILER_APPICON_NAME = AppIcon;
				CODE_SIGN_IDENTITY = "iPhone Developer";
				"CODE_SIGN_IDENTITY[sdk=iphoneos*]" = "iPhone Developer";
				CODE_SIGN_STYLE = Automatic;
				DEVELOPMENT_TEAM = 3T2M5UN5C5;
				GCC_PRECOMPILE_PREFIX_HEADER = YES;
				GCC_PREFIX_HEADER = "CitrusPay/CitrusPay-Prefix.pch";
				GCC_PREPROCESSOR_DEFINITIONS = (
					"$(inherited)",
					"COCOAPODS=1",
				);
				INFOPLIST_FILE = "CitrusPay/CitrusPay-Info.plist";
				IPHONEOS_DEPLOYMENT_TARGET = 8.0;
				MODULE_NAME = ExampleApp;
				PRODUCT_BUNDLE_IDENTIFIER = com.citruspay.cocoapod;
				PRODUCT_NAME = "$(TARGET_NAME)";
				PROVISIONING_PROFILE = "";
				PROVISIONING_PROFILE_SPECIFIER = "";
				TARGETED_DEVICE_FAMILY = 1;
				WRAPPER_EXTENSION = app;
			};
			name = Debug;
		};
		6003F5C1195388D20070C39A /* Release */ = {
			isa = XCBuildConfiguration;
			baseConfigurationReference = ED19B6868FFF748E30EA6AD3 /* Pods-CitrusPay_Example.release.xcconfig */;
			buildSettings = {
				ASSETCATALOG_COMPILER_APPICON_NAME = AppIcon;
				CODE_SIGN_IDENTITY = "iPhone Developer";
				"CODE_SIGN_IDENTITY[sdk=iphoneos*]" = "iPhone Developer";
				CODE_SIGN_STYLE = Automatic;
				DEVELOPMENT_TEAM = 3T2M5UN5C5;
				GCC_PRECOMPILE_PREFIX_HEADER = YES;
				GCC_PREFIX_HEADER = "CitrusPay/CitrusPay-Prefix.pch";
				GCC_PREPROCESSOR_DEFINITIONS = (
					"$(inherited)",
					"COCOAPODS=1",
				);
				INFOPLIST_FILE = "CitrusPay/CitrusPay-Info.plist";
				IPHONEOS_DEPLOYMENT_TARGET = 8.0;
				MODULE_NAME = ExampleApp;
				PRODUCT_BUNDLE_IDENTIFIER = com.citruspay.cocoapod;
				PRODUCT_NAME = "$(TARGET_NAME)";
				PROVISIONING_PROFILE = "";
				PROVISIONING_PROFILE_SPECIFIER = "";
				TARGETED_DEVICE_FAMILY = 1;
				WRAPPER_EXTENSION = app;
			};
			name = Release;
		};
		6003F5C3195388D20070C39A /* Debug */ = {
			isa = XCBuildConfiguration;
			baseConfigurationReference = 44C8395F6FDE2DD460431495 /* Pods-CitrusPay_Tests.debug.xcconfig */;
			buildSettings = {
				BUNDLE_LOADER = "$(TEST_HOST)";
				FRAMEWORK_SEARCH_PATHS = (
					"$(SDKROOT)/Developer/Library/Frameworks",
					"$(inherited)",
					"$(DEVELOPER_FRAMEWORKS_DIR)",
				);
				GCC_PRECOMPILE_PREFIX_HEADER = YES;
				GCC_PREFIX_HEADER = "Tests/Tests-Prefix.pch";
				GCC_PREPROCESSOR_DEFINITIONS = (
					"DEBUG=1",
					"$(inherited)",
				);
				INFOPLIST_FILE = "Tests/Tests-Info.plist";
				PRODUCT_BUNDLE_IDENTIFIER = "org.cocoapods.demo.${PRODUCT_NAME:rfc1034identifier}";
				PRODUCT_NAME = "$(TARGET_NAME)";
				TEST_HOST = "$(BUILT_PRODUCTS_DIR)/CitrusPay_Example.app/CitrusPay_Example";
				WRAPPER_EXTENSION = xctest;
			};
			name = Debug;
		};
		6003F5C4195388D20070C39A /* Release */ = {
			isa = XCBuildConfiguration;
			baseConfigurationReference = EA3174FD927B4FEE14D54B82 /* Pods-CitrusPay_Tests.release.xcconfig */;
			buildSettings = {
				BUNDLE_LOADER = "$(TEST_HOST)";
				FRAMEWORK_SEARCH_PATHS = (
					"$(SDKROOT)/Developer/Library/Frameworks",
					"$(inherited)",
					"$(DEVELOPER_FRAMEWORKS_DIR)",
				);
				GCC_PRECOMPILE_PREFIX_HEADER = YES;
				GCC_PREFIX_HEADER = "Tests/Tests-Prefix.pch";
				INFOPLIST_FILE = "Tests/Tests-Info.plist";
				PRODUCT_BUNDLE_IDENTIFIER = "org.cocoapods.demo.${PRODUCT_NAME:rfc1034identifier}";
				PRODUCT_NAME = "$(TARGET_NAME)";
				TEST_HOST = "$(BUILT_PRODUCTS_DIR)/CitrusPay_Example.app/CitrusPay_Example";
				WRAPPER_EXTENSION = xctest;
			};
			name = Release;
		};
/* End XCBuildConfiguration section */

/* Begin XCConfigurationList section */
		6003F585195388D10070C39A /* Build configuration list for PBXProject "CitrusPay" */ = {
			isa = XCConfigurationList;
			buildConfigurations = (
				6003F5BD195388D20070C39A /* Debug */,
				6003F5BE195388D20070C39A /* Release */,
			);
			defaultConfigurationIsVisible = 0;
			defaultConfigurationName = Release;
		};
		6003F5BF195388D20070C39A /* Build configuration list for PBXNativeTarget "CitrusPay_Example" */ = {
			isa = XCConfigurationList;
			buildConfigurations = (
				6003F5C0195388D20070C39A /* Debug */,
				6003F5C1195388D20070C39A /* Release */,
			);
			defaultConfigurationIsVisible = 0;
			defaultConfigurationName = Release;
		};
		6003F5C2195388D20070C39A /* Build configuration list for PBXNativeTarget "CitrusPay_Tests" */ = {
			isa = XCConfigurationList;
			buildConfigurations = (
				6003F5C3195388D20070C39A /* Debug */,
				6003F5C4195388D20070C39A /* Release */,
			);
			defaultConfigurationIsVisible = 0;
			defaultConfigurationName = Release;
		};
/* End XCConfigurationList section */
	};
	rootObject = 6003F582195388D10070C39A /* Project object */;
}
