// !$*UTF8*$!
{
	archiveVersion = 1;
	classes = {
	};
	objectVersion = 46;
	objects = {

/* Begin PBXBuildFile section */
		763477D21E3B80BD007ED364 /* Main.storyboard in Resources */ = {isa = PBXBuildFile; fileRef = 763477D11E3B80BD007ED364 /* Main.storyboard */; };
		763477D51E3B80D2007ED364 /* PlugNPlay.xcassets in Resources */ = {isa = PBXBuildFile; fileRef = 763477D41E3B80D2007ED364 /* PlugNPlay.xcassets */; };
		76B0F8761E2F39CB00871E27 /* main.m in Sources */ = {isa = PBXBuildFile; fileRef = 76B0F8751E2F39CB00871E27 /* main.m */; };
		76B0F8791E2F39CB00871E27 /* AppDelegate.m in Sources */ = {isa = PBXBuildFile; fileRef = 76B0F8781E2F39CB00871E27 /* AppDelegate.m */; };
		76B0F88F1E2F39CC00871E27 /* PlugNPlayExampleTests.m in Sources */ = {isa = PBXBuildFile; fileRef = 76B0F88E1E2F39CC00871E27 /* PlugNPlayExampleTests.m */; };
		76B0F8A41E2F3C8900871E27 /* ViewController.m in Sources */ = {isa = PBXBuildFile; fileRef = 76B0F8A01E2F3C8900871E27 /* ViewController.m */; };
		76B0F8A91E2F3D6D00871E27 /* PlugNPlay.framework in Frameworks */ = {isa = PBXBuildFile; fileRef = 76B0F8A81E2F3D6D00871E27 /* PlugNPlay.framework */; };
		76B0F8AB1E2F3D9900871E27 /* PlugNPlay.framework in Embed Frameworks */ = {isa = PBXBuildFile; fileRef = 76B0F8A81E2F3D6D00871E27 /* PlugNPlay.framework */; settings = {ATTRIBUTES = (CodeSignOnCopy, RemoveHeadersOnCopy, ); }; };
		76B0F8AF1E2F3DF200871E27 /* CitrusPay.framework in Frameworks */ = {isa = PBXBuildFile; fileRef = 76B0F8AE1E2F3DF200871E27 /* CitrusPay.framework */; };
		76B0F8B21E2F3E1F00871E27 /* CitrusGraphics.framework in Frameworks */ = {isa = PBXBuildFile; fileRef = 76B0F8B11E2F3E1F00871E27 /* CitrusGraphics.framework */; };
		76B0FA1A1E2F3E9F00871E27 /* CitrusGraphics.framework in Embed Frameworks */ = {isa = PBXBuildFile; fileRef = 76B0F8B11E2F3E1F00871E27 /* CitrusGraphics.framework */; settings = {ATTRIBUTES = (CodeSignOnCopy, RemoveHeadersOnCopy, ); }; };
		76B0FA1C1E2F3E9F00871E27 /* CitrusPay.framework in Embed Frameworks */ = {isa = PBXBuildFile; fileRef = 76B0F8AE1E2F3DF200871E27 /* CitrusPay.framework */; settings = {ATTRIBUTES = (CodeSignOnCopy, RemoveHeadersOnCopy, ); }; };
		76B0FA211E2F40DD00871E27 /* Kingfisher.framework in Frameworks */ = {isa = PBXBuildFile; fileRef = 76B0FA021E2F3E8900871E27 /* Kingfisher.framework */; };
		76B0FA221E2F40DD00871E27 /* Kingfisher.framework in Embed Frameworks */ = {isa = PBXBuildFile; fileRef = 76B0FA021E2F3E8900871E27 /* Kingfisher.framework */; settings = {ATTRIBUTES = (CodeSignOnCopy, RemoveHeadersOnCopy, ); }; };
		76B0FA251E2F40DD00871E27 /* JSONModel.framework in Frameworks */ = {isa = PBXBuildFile; fileRef = 76B0F9F11E2F3E5B00871E27 /* JSONModel.framework */; };
		76B0FA261E2F40DD00871E27 /* JSONModel.framework in Embed Frameworks */ = {isa = PBXBuildFile; fileRef = 76B0F9F11E2F3E5B00871E27 /* JSONModel.framework */; settings = {ATTRIBUTES = (CodeSignOnCopy, RemoveHeadersOnCopy, ); }; };
/* End PBXBuildFile section */

/* Begin PBXContainerItemProxy section */
		76B0F88B1E2F39CC00871E27 /* PBXContainerItemProxy */ = {
			isa = PBXContainerItemProxy;
			containerPortal = 76B0F8691E2F39CB00871E27 /* Project object */;
			proxyType = 1;
			remoteGlobalIDString = 76B0F8701E2F39CB00871E27;
			remoteInfo = PlugNPlayExample;
		};
		76B0F9F01E2F3E5B00871E27 /* PBXContainerItemProxy */ = {
			isa = PBXContainerItemProxy;
			containerPortal = 76B0F9EC1E2F3E5B00871E27 /* JSONModel.xcodeproj */;
			proxyType = 2;
			remoteGlobalIDString = 92C9BC3D1B19A51100D79B06;
			remoteInfo = JSONModel;
		};
		76B0FA011E2F3E8900871E27 /* PBXContainerItemProxy */ = {
			isa = PBXContainerItemProxy;
			containerPortal = 76B0F9F21E2F3E8800871E27 /* Kingfisher.xcodeproj */;
			proxyType = 2;
			remoteGlobalIDString = D1ED2D351AD2D09F00CFC3EB;
			remoteInfo = "Kingfisher-iOS";
		};
		76B0FA031E2F3E8900871E27 /* PBXContainerItemProxy */ = {
			isa = PBXContainerItemProxy;
			containerPortal = 76B0F9F21E2F3E8800871E27 /* Kingfisher.xcodeproj */;
			proxyType = 2;
			remoteGlobalIDString = D13F49D61BEDA67C00CE335D;
			remoteInfo = "Kingfisher-tvOS";
		};
		76B0FA051E2F3E8900871E27 /* PBXContainerItemProxy */ = {
			isa = PBXContainerItemProxy;
			containerPortal = 76B0F9F21E2F3E8800871E27 /* Kingfisher.xcodeproj */;
			proxyType = 2;
			remoteGlobalIDString = 4B2944481C3D01B20088C3E7;
			remoteInfo = "Kingfisher-macOS";
		};
		76B0FA071E2F3E8900871E27 /* PBXContainerItemProxy */ = {
			isa = PBXContainerItemProxy;
			containerPortal = 76B0F9F21E2F3E8800871E27 /* Kingfisher.xcodeproj */;
			proxyType = 2;
			remoteGlobalIDString = D16799EB1C4E74460020FD12;
			remoteInfo = "Kingfisher-watchOS";
		};
		76B0FA091E2F3E8900871E27 /* PBXContainerItemProxy */ = {
			isa = PBXContainerItemProxy;
			containerPortal = 76B0F9F21E2F3E8800871E27 /* Kingfisher.xcodeproj */;
			proxyType = 2;
			remoteGlobalIDString = D1ED2D0B1AD2CFA600CFC3EB;
			remoteInfo = "Kingfisher-Demo";
		};
		76B0FA0B1E2F3E8900871E27 /* PBXContainerItemProxy */ = {
			isa = PBXContainerItemProxy;
			containerPortal = 76B0F9F21E2F3E8800871E27 /* Kingfisher.xcodeproj */;
			proxyType = 2;
			remoteGlobalIDString = D13F49C21BEDA53F00CE335D;
			remoteInfo = "Kingfisher-tvOS-Demo";
		};
		76B0FA0D1E2F3E8900871E27 /* PBXContainerItemProxy */ = {
			isa = PBXContainerItemProxy;
			containerPortal = 76B0F9F21E2F3E8800871E27 /* Kingfisher.xcodeproj */;
			proxyType = 2;
			remoteGlobalIDString = 4B2944551C3D03880088C3E7;
			remoteInfo = "Kingfisher-macOS-Demo";
		};
		76B0FA0F1E2F3E8900871E27 /* PBXContainerItemProxy */ = {
			isa = PBXContainerItemProxy;
			containerPortal = 76B0F9F21E2F3E8800871E27 /* Kingfisher.xcodeproj */;
			proxyType = 2;
			remoteGlobalIDString = D1679A391C4E78B20020FD12;
			remoteInfo = "Kingfisher-watchOS-Demo";
		};
		76B0FA111E2F3E8900871E27 /* PBXContainerItemProxy */ = {
			isa = PBXContainerItemProxy;
			containerPortal = 76B0F9F21E2F3E8800871E27 /* Kingfisher.xcodeproj */;
			proxyType = 2;
			remoteGlobalIDString = D1679A451C4E78B20020FD12;
			remoteInfo = "Kingfisher-watchOS-Demo Extension";
		};
		76B0FA131E2F3E8900871E27 /* PBXContainerItemProxy */ = {
			isa = PBXContainerItemProxy;
			containerPortal = 76B0F9F21E2F3E8800871E27 /* Kingfisher.xcodeproj */;
			proxyType = 2;
			remoteGlobalIDString = D1ED2D3F1AD2D09F00CFC3EB;
			remoteInfo = KingfisherTests;
		};
		76B0FA151E2F3E8900871E27 /* PBXContainerItemProxy */ = {
			isa = PBXContainerItemProxy;
			containerPortal = 76B0F9F21E2F3E8800871E27 /* Kingfisher.xcodeproj */;
			proxyType = 2;
			remoteGlobalIDString = 4B37667F1C478F940001443F;
			remoteInfo = "KingfisherTests-tvOS";
		};
		76B0FA171E2F3E8900871E27 /* PBXContainerItemProxy */ = {
			isa = PBXContainerItemProxy;
			containerPortal = 76B0F9F21E2F3E8800871E27 /* Kingfisher.xcodeproj */;
			proxyType = 2;
			remoteGlobalIDString = D10EC2311C3D632300A4211C;
			remoteInfo = "KingfisherTests-macOS";
		};
		76B0FA1D1E2F3EAB00871E27 /* PBXContainerItemProxy */ = {
			isa = PBXContainerItemProxy;
			containerPortal = 76B0F9F21E2F3E8800871E27 /* Kingfisher.xcodeproj */;
			proxyType = 1;
			remoteGlobalIDString = D1ED2D341AD2D09F00CFC3EB;
			remoteInfo = "Kingfisher-iOS";
		};
		76B0FA1F1E2F3EAB00871E27 /* PBXContainerItemProxy */ = {
			isa = PBXContainerItemProxy;
			containerPortal = 76B0F9EC1E2F3E5B00871E27 /* JSONModel.xcodeproj */;
			proxyType = 1;
			remoteGlobalIDString = 92C9BC3C1B19A51100D79B06;
			remoteInfo = JSONModel;
		};
		76B0FA231E2F40DD00871E27 /* PBXContainerItemProxy */ = {
			isa = PBXContainerItemProxy;
			containerPortal = 76B0F9F21E2F3E8800871E27 /* Kingfisher.xcodeproj */;
			proxyType = 1;
			remoteGlobalIDString = D1ED2D341AD2D09F00CFC3EB;
			remoteInfo = "Kingfisher-iOS";
		};
		76B0FA271E2F40DD00871E27 /* PBXContainerItemProxy */ = {
			isa = PBXContainerItemProxy;
			containerPortal = 76B0F9EC1E2F3E5B00871E27 /* JSONModel.xcodeproj */;
			proxyType = 1;
			remoteGlobalIDString = 92C9BC3C1B19A51100D79B06;
			remoteInfo = JSONModel;
		};
/* End PBXContainerItemProxy section */

/* Begin PBXCopyFilesBuildPhase section */
		76B0F8AC1E2F3D9900871E27 /* Embed Frameworks */ = {
			isa = PBXCopyFilesBuildPhase;
			buildActionMask = 2147483647;
			dstPath = "";
			dstSubfolderSpec = 10;
			files = (
				76B0FA261E2F40DD00871E27 /* JSONModel.framework in Embed Frameworks */,
				76B0F8AB1E2F3D9900871E27 /* PlugNPlay.framework in Embed Frameworks */,
				76B0FA1A1E2F3E9F00871E27 /* CitrusGraphics.framework in Embed Frameworks */,
				76B0FA221E2F40DD00871E27 /* Kingfisher.framework in Embed Frameworks */,
				76B0FA1C1E2F3E9F00871E27 /* CitrusPay.framework in Embed Frameworks */,
			);
			name = "Embed Frameworks";
			runOnlyForDeploymentPostprocessing = 0;
		};
/* End PBXCopyFilesBuildPhase section */

/* Begin PBXFileReference section */
		763477D11E3B80BD007ED364 /* Main.storyboard */ = {isa = PBXFileReference; fileEncoding = 4; lastKnownFileType = file.storyboard; path = Main.storyboard; sourceTree = "<group>"; };
		763477D31E3B80CA007ED364 /* MerchantConstants.h */ = {isa = PBXFileReference; lastKnownFileType = sourcecode.c.h; name = MerchantConstants.h; path = "../../../Common-Data/MerchantConstants.h"; sourceTree = "<group>"; };
		763477D41E3B80D2007ED364 /* PlugNPlay.xcassets */ = {isa = PBXFileReference; lastKnownFileType = folder.assetcatalog; name = PlugNPlay.xcassets; path = "../../../Common-Data/PlugNPlay.xcassets"; sourceTree = "<group>"; };
		76B0F8711E2F39CB00871E27 /* PlugNPlayExample.app */ = {isa = PBXFileReference; explicitFileType = wrapper.application; includeInIndex = 0; path = PlugNPlayExample.app; sourceTree = BUILT_PRODUCTS_DIR; };
		76B0F8751E2F39CB00871E27 /* main.m */ = {isa = PBXFileReference; lastKnownFileType = sourcecode.c.objc; path = main.m; sourceTree = "<group>"; };
		76B0F8771E2F39CB00871E27 /* AppDelegate.h */ = {isa = PBXFileReference; lastKnownFileType = sourcecode.c.h; path = AppDelegate.h; sourceTree = "<group>"; };
		76B0F8781E2F39CB00871E27 /* AppDelegate.m */ = {isa = PBXFileReference; lastKnownFileType = sourcecode.c.objc; path = AppDelegate.m; sourceTree = "<group>"; };
		76B0F8851E2F39CB00871E27 /* Info.plist */ = {isa = PBXFileReference; lastKnownFileType = text.plist.xml; path = Info.plist; sourceTree = "<group>"; };
		76B0F88A1E2F39CC00871E27 /* PlugNPlayExampleTests.xctest */ = {isa = PBXFileReference; explicitFileType = wrapper.cfbundle; includeInIndex = 0; path = PlugNPlayExampleTests.xctest; sourceTree = BUILT_PRODUCTS_DIR; };
		76B0F88E1E2F39CC00871E27 /* PlugNPlayExampleTests.m */ = {isa = PBXFileReference; lastKnownFileType = sourcecode.c.objc; path = PlugNPlayExampleTests.m; sourceTree = "<group>"; };
		76B0F8901E2F39CC00871E27 /* Info.plist */ = {isa = PBXFileReference; lastKnownFileType = text.plist.xml; path = Info.plist; sourceTree = "<group>"; };
		76B0F89F1E2F3C8900871E27 /* ViewController.h */ = {isa = PBXFileReference; fileEncoding = 4; lastKnownFileType = sourcecode.c.h; path = ViewController.h; sourceTree = "<group>"; };
		76B0F8A01E2F3C8900871E27 /* ViewController.m */ = {isa = PBXFileReference; fileEncoding = 4; lastKnownFileType = sourcecode.c.objc; path = ViewController.m; sourceTree = "<group>"; };
		76B0F8A81E2F3D6D00871E27 /* PlugNPlay.framework */ = {isa = PBXFileReference; lastKnownFileType = wrapper.framework; path = PlugNPlay.framework; sourceTree = "<group>"; };
		76B0F8AE1E2F3DF200871E27 /* CitrusPay.framework */ = {isa = PBXFileReference; lastKnownFileType = wrapper.framework; path = CitrusPay.framework; sourceTree = "<group>"; };
		76B0F8B11E2F3E1F00871E27 /* CitrusGraphics.framework */ = {isa = PBXFileReference; lastKnownFileType = wrapper.framework; path = CitrusGraphics.framework; sourceTree = "<group>"; };
		76B0F9EC1E2F3E5B00871E27 /* JSONModel.xcodeproj */ = {isa = PBXFileReference; lastKnownFileType = "wrapper.pb-project"; name = JSONModel.xcodeproj; path = ../../../Dependency/JSONModel/JSONModel.xcodeproj; sourceTree = "<group>"; };
		76B0F9F21E2F3E8800871E27 /* Kingfisher.xcodeproj */ = {isa = PBXFileReference; lastKnownFileType = "wrapper.pb-project"; name = Kingfisher.xcodeproj; path = ../../../Dependency/Kingfisher/Kingfisher.xcodeproj; sourceTree = "<group>"; };
/* End PBXFileReference section */

/* Begin PBXFrameworksBuildPhase section */
		76B0F86E1E2F39CB00871E27 /* Frameworks */ = {
			isa = PBXFrameworksBuildPhase;
			buildActionMask = 2147483647;
			files = (
				76B0F8A91E2F3D6D00871E27 /* PlugNPlay.framework in Frameworks */,
				76B0FA211E2F40DD00871E27 /* Kingfisher.framework in Frameworks */,
				76B0FA251E2F40DD00871E27 /* JSONModel.framework in Frameworks */,
				76B0F8AF1E2F3DF200871E27 /* CitrusPay.framework in Frameworks */,
				76B0F8B21E2F3E1F00871E27 /* CitrusGraphics.framework in Frameworks */,
			);
			runOnlyForDeploymentPostprocessing = 0;
		};
		76B0F8871E2F39CC00871E27 /* Frameworks */ = {
			isa = PBXFrameworksBuildPhase;
			buildActionMask = 2147483647;
			files = (
			);
			runOnlyForDeploymentPostprocessing = 0;
		};
/* End PBXFrameworksBuildPhase section */

/* Begin PBXGroup section */
		76B0F8681E2F39CB00871E27 = {
			isa = PBXGroup;
			children = (
				76B0F9F21E2F3E8800871E27 /* Kingfisher.xcodeproj */,
				76B0F9EC1E2F3E5B00871E27 /* JSONModel.xcodeproj */,
				76B0F8B01E2F3E1F00871E27 /* graphics-sdk */,
				76B0F8AD1E2F3DF200871E27 /* core-sdk */,
				76B0F8A71E2F3D6D00871E27 /* plugnplay-sdk */,
				76B0F8731E2F39CB00871E27 /* PlugNPlayExample */,
				76B0F88D1E2F39CC00871E27 /* PlugNPlayExampleTests */,
				76B0F8721E2F39CB00871E27 /* Products */,
			);
			sourceTree = "<group>";
		};
		76B0F8721E2F39CB00871E27 /* Products */ = {
			isa = PBXGroup;
			children = (
				76B0F8711E2F39CB00871E27 /* PlugNPlayExample.app */,
				76B0F88A1E2F39CC00871E27 /* PlugNPlayExampleTests.xctest */,
			);
			name = Products;
			sourceTree = "<group>";
		};
		76B0F8731E2F39CB00871E27 /* PlugNPlayExample */ = {
			isa = PBXGroup;
			children = (
				76B0F8991E2F3C8900871E27 /* test-ui-example */,
				76B0F8771E2F39CB00871E27 /* AppDelegate.h */,
				76B0F8781E2F39CB00871E27 /* AppDelegate.m */,
				76B0F8851E2F39CB00871E27 /* Info.plist */,
				76B0F8741E2F39CB00871E27 /* Supporting Files */,
			);
			path = PlugNPlayExample;
			sourceTree = "<group>";
		};
		76B0F8741E2F39CB00871E27 /* Supporting Files */ = {
			isa = PBXGroup;
			children = (
				76B0F8751E2F39CB00871E27 /* main.m */,
			);
			name = "Supporting Files";
			sourceTree = "<group>";
		};
		76B0F88D1E2F39CC00871E27 /* PlugNPlayExampleTests */ = {
			isa = PBXGroup;
			children = (
				76B0F88E1E2F39CC00871E27 /* PlugNPlayExampleTests.m */,
				76B0F8901E2F39CC00871E27 /* Info.plist */,
			);
			path = PlugNPlayExampleTests;
			sourceTree = "<group>";
		};
		76B0F8991E2F3C8900871E27 /* test-ui-example */ = {
			isa = PBXGroup;
			children = (
				763477D41E3B80D2007ED364 /* PlugNPlay.xcassets */,
				763477D31E3B80CA007ED364 /* MerchantConstants.h */,
				763477D11E3B80BD007ED364 /* Main.storyboard */,
				76B0F89F1E2F3C8900871E27 /* ViewController.h */,
				76B0F8A01E2F3C8900871E27 /* ViewController.m */,
			);
			name = "test-ui-example";
			path = "../../test-ui-example";
			sourceTree = "<group>";
		};
		76B0F8A71E2F3D6D00871E27 /* plugnplay-sdk */ = {
			isa = PBXGroup;
			children = (
				76B0F8A81E2F3D6D00871E27 /* PlugNPlay.framework */,
			);
			name = "plugnplay-sdk";
			path = "../../../Framework/plugnplay-sdk";
			sourceTree = "<group>";
		};
		76B0F8AD1E2F3DF200871E27 /* core-sdk */ = {
			isa = PBXGroup;
			children = (
				76B0F8AE1E2F3DF200871E27 /* CitrusPay.framework */,
			);
			name = "core-sdk";
			path = "../../../Framework/core-sdk";
			sourceTree = "<group>";
		};
		76B0F8B01E2F3E1F00871E27 /* graphics-sdk */ = {
			isa = PBXGroup;
			children = (
				76B0F8B11E2F3E1F00871E27 /* CitrusGraphics.framework */,
			);
			name = "graphics-sdk";
			path = "../../../Framework/graphics-sdk";
			sourceTree = "<group>";
		};
		76B0F9ED1E2F3E5B00871E27 /* Products */ = {
			isa = PBXGroup;
			children = (
				76B0F9F11E2F3E5B00871E27 /* JSONModel.framework */,
			);
			name = Products;
			sourceTree = "<group>";
		};
		76B0F9F31E2F3E8800871E27 /* Products */ = {
			isa = PBXGroup;
			children = (
				76B0FA021E2F3E8900871E27 /* Kingfisher.framework */,
				76B0FA041E2F3E8900871E27 /* Kingfisher.framework */,
				76B0FA061E2F3E8900871E27 /* Kingfisher.framework */,
				76B0FA081E2F3E8900871E27 /* Kingfisher.framework */,
				76B0FA0A1E2F3E8900871E27 /* Kingfisher-Demo.app */,
				76B0FA0C1E2F3E8900871E27 /* Kingfisher-tvOS-Demo.app */,
				76B0FA0E1E2F3E8900871E27 /* Kingfisher-macOS-Demo.app */,
				76B0FA101E2F3E8900871E27 /* Kingfisher-watchOS-Demo.app */,
				76B0FA121E2F3E8900871E27 /* Kingfisher-watchOS-Demo Extension.appex */,
				76B0FA141E2F3E8900871E27 /* KingfisherTests.xctest */,
				76B0FA161E2F3E8900871E27 /* KingfisherTests-tvOS.xctest */,
				76B0FA181E2F3E8900871E27 /* KingfisherTests-macOS.xctest */,
			);
			name = Products;
			sourceTree = "<group>";
		};
/* End PBXGroup section */

/* Begin PBXNativeTarget section */
		76B0F8701E2F39CB00871E27 /* PlugNPlayExample */ = {
			isa = PBXNativeTarget;
			buildConfigurationList = 76B0F8931E2F39CC00871E27 /* Build configuration list for PBXNativeTarget "PlugNPlayExample" */;
			buildPhases = (
				76B0F86D1E2F39CB00871E27 /* Sources */,
				76B0F86E1E2F39CB00871E27 /* Frameworks */,
				76B0F86F1E2F39CB00871E27 /* Resources */,
				76B0F8AC1E2F3D9900871E27 /* Embed Frameworks */,
			);
			buildRules = (
			);
			dependencies = (
				76B0FA1E1E2F3EAB00871E27 /* PBXTargetDependency */,
				76B0FA201E2F3EAB00871E27 /* PBXTargetDependency */,
				76B0FA241E2F40DD00871E27 /* PBXTargetDependency */,
				76B0FA281E2F40DD00871E27 /* PBXTargetDependency */,
			);
			name = PlugNPlayExample;
			productName = PlugNPlayExample;
			productReference = 76B0F8711E2F39CB00871E27 /* PlugNPlayExample.app */;
			productType = "com.apple.product-type.application";
		};
		76B0F8891E2F39CC00871E27 /* PlugNPlayExampleTests */ = {
			isa = PBXNativeTarget;
			buildConfigurationList = 76B0F8961E2F39CC00871E27 /* Build configuration list for PBXNativeTarget "PlugNPlayExampleTests" */;
			buildPhases = (
				76B0F8861E2F39CC00871E27 /* Sources */,
				76B0F8871E2F39CC00871E27 /* Frameworks */,
				76B0F8881E2F39CC00871E27 /* Resources */,
			);
			buildRules = (
			);
			dependencies = (
				76B0F88C1E2F39CC00871E27 /* PBXTargetDependency */,
			);
			name = PlugNPlayExampleTests;
			productName = PlugNPlayExampleTests;
			productReference = 76B0F88A1E2F39CC00871E27 /* PlugNPlayExampleTests.xctest */;
			productType = "com.apple.product-type.bundle.unit-test";
		};
/* End PBXNativeTarget section */

/* Begin PBXProject section */
		76B0F8691E2F39CB00871E27 /* Project object */ = {
			isa = PBXProject;
			attributes = {
				LastUpgradeCheck = 0820;
				ORGANIZATIONNAME = CitrusPay;
				TargetAttributes = {
					76B0F8701E2F39CB00871E27 = {
						CreatedOnToolsVersion = 8.2.1;
						ProvisioningStyle = Manual;
					};
					76B0F8891E2F39CC00871E27 = {
						CreatedOnToolsVersion = 8.2.1;
						DevelopmentTeam = BF75J23QJ2;
						ProvisioningStyle = Automatic;
						TestTargetID = 76B0F8701E2F39CB00871E27;
					};
				};
			};
			buildConfigurationList = 76B0F86C1E2F39CB00871E27 /* Build configuration list for PBXProject "PlugNPlayExample" */;
			compatibilityVersion = "Xcode 3.2";
			developmentRegion = English;
			hasScannedForEncodings = 0;
			knownRegions = (
				en,
				Base,
			);
			mainGroup = 76B0F8681E2F39CB00871E27;
			productRefGroup = 76B0F8721E2F39CB00871E27 /* Products */;
			projectDirPath = "";
			projectReferences = (
				{
					ProductGroup = 76B0F9ED1E2F3E5B00871E27 /* Products */;
					ProjectRef = 76B0F9EC1E2F3E5B00871E27 /* JSONModel.xcodeproj */;
				},
				{
					ProductGroup = 76B0F9F31E2F3E8800871E27 /* Products */;
					ProjectRef = 76B0F9F21E2F3E8800871E27 /* Kingfisher.xcodeproj */;
				},
			);
			projectRoot = "";
			targets = (
				76B0F8701E2F39CB00871E27 /* PlugNPlayExample */,
				76B0F8891E2F39CC00871E27 /* PlugNPlayExampleTests */,
			);
		};
/* End PBXProject section */

/* Begin PBXReferenceProxy section */
		76B0F9F11E2F3E5B00871E27 /* JSONModel.framework */ = {
			isa = PBXReferenceProxy;
			fileType = wrapper.framework;
			path = JSONModel.framework;
			remoteRef = 76B0F9F01E2F3E5B00871E27 /* PBXContainerItemProxy */;
			sourceTree = BUILT_PRODUCTS_DIR;
		};
		76B0FA021E2F3E8900871E27 /* Kingfisher.framework */ = {
			isa = PBXReferenceProxy;
			fileType = wrapper.framework;
			path = Kingfisher.framework;
			remoteRef = 76B0FA011E2F3E8900871E27 /* PBXContainerItemProxy */;
			sourceTree = BUILT_PRODUCTS_DIR;
		};
		76B0FA041E2F3E8900871E27 /* Kingfisher.framework */ = {
			isa = PBXReferenceProxy;
			fileType = wrapper.framework;
			path = Kingfisher.framework;
			remoteRef = 76B0FA031E2F3E8900871E27 /* PBXContainerItemProxy */;
			sourceTree = BUILT_PRODUCTS_DIR;
		};
		76B0FA061E2F3E8900871E27 /* Kingfisher.framework */ = {
			isa = PBXReferenceProxy;
			fileType = wrapper.framework;
			path = Kingfisher.framework;
			remoteRef = 76B0FA051E2F3E8900871E27 /* PBXContainerItemProxy */;
			sourceTree = BUILT_PRODUCTS_DIR;
		};
		76B0FA081E2F3E8900871E27 /* Kingfisher.framework */ = {
			isa = PBXReferenceProxy;
			fileType = wrapper.framework;
			path = Kingfisher.framework;
			remoteRef = 76B0FA071E2F3E8900871E27 /* PBXContainerItemProxy */;
			sourceTree = BUILT_PRODUCTS_DIR;
		};
		76B0FA0A1E2F3E8900871E27 /* Kingfisher-Demo.app */ = {
			isa = PBXReferenceProxy;
			fileType = wrapper.application;
			path = "Kingfisher-Demo.app";
			remoteRef = 76B0FA091E2F3E8900871E27 /* PBXContainerItemProxy */;
			sourceTree = BUILT_PRODUCTS_DIR;
		};
		76B0FA0C1E2F3E8900871E27 /* Kingfisher-tvOS-Demo.app */ = {
			isa = PBXReferenceProxy;
			fileType = wrapper.application;
			path = "Kingfisher-tvOS-Demo.app";
			remoteRef = 76B0FA0B1E2F3E8900871E27 /* PBXContainerItemProxy */;
			sourceTree = BUILT_PRODUCTS_DIR;
		};
		76B0FA0E1E2F3E8900871E27 /* Kingfisher-macOS-Demo.app */ = {
			isa = PBXReferenceProxy;
			fileType = wrapper.application;
			path = "Kingfisher-macOS-Demo.app";
			remoteRef = 76B0FA0D1E2F3E8900871E27 /* PBXContainerItemProxy */;
			sourceTree = BUILT_PRODUCTS_DIR;
		};
		76B0FA101E2F3E8900871E27 /* Kingfisher-watchOS-Demo.app */ = {
			isa = PBXReferenceProxy;
			fileType = wrapper.application;
			path = "Kingfisher-watchOS-Demo.app";
			remoteRef = 76B0FA0F1E2F3E8900871E27 /* PBXContainerItemProxy */;
			sourceTree = BUILT_PRODUCTS_DIR;
		};
		76B0FA121E2F3E8900871E27 /* Kingfisher-watchOS-Demo Extension.appex */ = {
			isa = PBXReferenceProxy;
			fileType = "wrapper.app-extension";
			path = "Kingfisher-watchOS-Demo Extension.appex";
			remoteRef = 76B0FA111E2F3E8900871E27 /* PBXContainerItemProxy */;
			sourceTree = BUILT_PRODUCTS_DIR;
		};
		76B0FA141E2F3E8900871E27 /* KingfisherTests.xctest */ = {
			isa = PBXReferenceProxy;
			fileType = wrapper.cfbundle;
			path = KingfisherTests.xctest;
			remoteRef = 76B0FA131E2F3E8900871E27 /* PBXContainerItemProxy */;
			sourceTree = BUILT_PRODUCTS_DIR;
		};
		76B0FA161E2F3E8900871E27 /* KingfisherTests-tvOS.xctest */ = {
			isa = PBXReferenceProxy;
			fileType = wrapper.cfbundle;
			path = "KingfisherTests-tvOS.xctest";
			remoteRef = 76B0FA151E2F3E8900871E27 /* PBXContainerItemProxy */;
			sourceTree = BUILT_PRODUCTS_DIR;
		};
		76B0FA181E2F3E8900871E27 /* KingfisherTests-macOS.xctest */ = {
			isa = PBXReferenceProxy;
			fileType = wrapper.cfbundle;
			path = "KingfisherTests-macOS.xctest";
			remoteRef = 76B0FA171E2F3E8900871E27 /* PBXContainerItemProxy */;
			sourceTree = BUILT_PRODUCTS_DIR;
		};
/* End PBXReferenceProxy section */

/* Begin PBXResourcesBuildPhase section */
		76B0F86F1E2F39CB00871E27 /* Resources */ = {
			isa = PBXResourcesBuildPhase;
			buildActionMask = 2147483647;
			files = (
				763477D51E3B80D2007ED364 /* PlugNPlay.xcassets in Resources */,
				763477D21E3B80BD007ED364 /* Main.storyboard in Resources */,
			);
			runOnlyForDeploymentPostprocessing = 0;
		};
		76B0F8881E2F39CC00871E27 /* Resources */ = {
			isa = PBXResourcesBuildPhase;
			buildActionMask = 2147483647;
			files = (
			);
			runOnlyForDeploymentPostprocessing = 0;
		};
/* End PBXResourcesBuildPhase section */

/* Begin PBXSourcesBuildPhase section */
		76B0F86D1E2F39CB00871E27 /* Sources */ = {
			isa = PBXSourcesBuildPhase;
			buildActionMask = 2147483647;
			files = (
				76B0F8A41E2F3C8900871E27 /* ViewController.m in Sources */,
				76B0F8791E2F39CB00871E27 /* AppDelegate.m in Sources */,
				76B0F8761E2F39CB00871E27 /* main.m in Sources */,
			);
			runOnlyForDeploymentPostprocessing = 0;
		};
		76B0F8861E2F39CC00871E27 /* Sources */ = {
			isa = PBXSourcesBuildPhase;
			buildActionMask = 2147483647;
			files = (
				76B0F88F1E2F39CC00871E27 /* PlugNPlayExampleTests.m in Sources */,
			);
			runOnlyForDeploymentPostprocessing = 0;
		};
/* End PBXSourcesBuildPhase section */

/* Begin PBXTargetDependency section */
		76B0F88C1E2F39CC00871E27 /* PBXTargetDependency */ = {
			isa = PBXTargetDependency;
			target = 76B0F8701E2F39CB00871E27 /* PlugNPlayExample */;
			targetProxy = 76B0F88B1E2F39CC00871E27 /* PBXContainerItemProxy */;
		};
		76B0FA1E1E2F3EAB00871E27 /* PBXTargetDependency */ = {
			isa = PBXTargetDependency;
			name = "Kingfisher-iOS";
			targetProxy = 76B0FA1D1E2F3EAB00871E27 /* PBXContainerItemProxy */;
		};
		76B0FA201E2F3EAB00871E27 /* PBXTargetDependency */ = {
			isa = PBXTargetDependency;
			name = JSONModel;
			targetProxy = 76B0FA1F1E2F3EAB00871E27 /* PBXContainerItemProxy */;
		};
		76B0FA241E2F40DD00871E27 /* PBXTargetDependency */ = {
			isa = PBXTargetDependency;
			name = "Kingfisher-iOS";
			targetProxy = 76B0FA231E2F40DD00871E27 /* PBXContainerItemProxy */;
		};
		76B0FA281E2F40DD00871E27 /* PBXTargetDependency */ = {
			isa = PBXTargetDependency;
			name = JSONModel;
			targetProxy = 76B0FA271E2F40DD00871E27 /* PBXContainerItemProxy */;
		};
/* End PBXTargetDependency section */

/* Begin XCBuildConfiguration section */
		76B0F8911E2F39CC00871E27 /* Debug */ = {
			isa = XCBuildConfiguration;
			buildSettings = {
				ALWAYS_SEARCH_USER_PATHS = NO;
				CLANG_ANALYZER_NONNULL = YES;
				CLANG_CXX_LANGUAGE_STANDARD = "gnu++0x";
				CLANG_CXX_LIBRARY = "libc++";
				CLANG_ENABLE_MODULES = YES;
				CLANG_ENABLE_OBJC_ARC = YES;
				CLANG_WARN_BOOL_CONVERSION = YES;
				CLANG_WARN_CONSTANT_CONVERSION = YES;
				CLANG_WARN_DIRECT_OBJC_ISA_USAGE = YES_ERROR;
				CLANG_WARN_DOCUMENTATION_COMMENTS = YES;
				CLANG_WARN_EMPTY_BODY = YES;
				CLANG_WARN_ENUM_CONVERSION = YES;
				CLANG_WARN_INFINITE_RECURSION = YES;
				CLANG_WARN_INT_CONVERSION = YES;
				CLANG_WARN_OBJC_ROOT_CLASS = YES_ERROR;
				CLANG_WARN_SUSPICIOUS_MOVE = YES;
				CLANG_WARN_UNREACHABLE_CODE = YES;
				CLANG_WARN__DUPLICATE_METHOD_MATCH = YES;
				"CODE_SIGN_IDENTITY[sdk=iphoneos*]" = "iPhone Developer";
				COPY_PHASE_STRIP = NO;
				DEBUG_INFORMATION_FORMAT = dwarf;
				ENABLE_STRICT_OBJC_MSGSEND = YES;
				ENABLE_TESTABILITY = YES;
				GCC_C_LANGUAGE_STANDARD = gnu99;
				GCC_DYNAMIC_NO_PIC = NO;
				GCC_NO_COMMON_BLOCKS = YES;
				GCC_OPTIMIZATION_LEVEL = 0;
				GCC_PREPROCESSOR_DEFINITIONS = (
					"DEBUG=1",
					"$(inherited)",
				);
				GCC_WARN_64_TO_32_BIT_CONVERSION = YES;
				GCC_WARN_ABOUT_RETURN_TYPE = YES_ERROR;
				GCC_WARN_UNDECLARED_SELECTOR = YES;
				GCC_WARN_UNINITIALIZED_AUTOS = YES_AGGRESSIVE;
				GCC_WARN_UNUSED_FUNCTION = YES;
				GCC_WARN_UNUSED_VARIABLE = YES;
				IPHONEOS_DEPLOYMENT_TARGET = 10.2;
				MTL_ENABLE_DEBUG_INFO = YES;
				ONLY_ACTIVE_ARCH = YES;
				SDKROOT = iphoneos;
			};
			name = Debug;
		};
		76B0F8921E2F39CC00871E27 /* Release */ = {
			isa = XCBuildConfiguration;
			buildSettings = {
				ALWAYS_SEARCH_USER_PATHS = NO;
				CLANG_ANALYZER_NONNULL = YES;
				CLANG_CXX_LANGUAGE_STANDARD = "gnu++0x";
				CLANG_CXX_LIBRARY = "libc++";
				CLANG_ENABLE_MODULES = YES;
				CLANG_ENABLE_OBJC_ARC = YES;
				CLANG_WARN_BOOL_CONVERSION = YES;
				CLANG_WARN_CONSTANT_CONVERSION = YES;
				CLANG_WARN_DIRECT_OBJC_ISA_USAGE = YES_ERROR;
				CLANG_WARN_DOCUMENTATION_COMMENTS = YES;
				CLANG_WARN_EMPTY_BODY = YES;
				CLANG_WARN_ENUM_CONVERSION = YES;
				CLANG_WARN_INFINITE_RECURSION = YES;
				CLANG_WARN_INT_CONVERSION = YES;
				CLANG_WARN_OBJC_ROOT_CLASS = YES_ERROR;
				CLANG_WARN_SUSPICIOUS_MOVE = YES;
				CLANG_WARN_UNREACHABLE_CODE = YES;
				CLANG_WARN__DUPLICATE_METHOD_MATCH = YES;
				"CODE_SIGN_IDENTITY[sdk=iphoneos*]" = "iPhone Developer";
				COPY_PHASE_STRIP = NO;
				DEBUG_INFORMATION_FORMAT = "dwarf-with-dsym";
				ENABLE_NS_ASSERTIONS = NO;
				ENABLE_STRICT_OBJC_MSGSEND = YES;
				GCC_C_LANGUAGE_STANDARD = gnu99;
				GCC_NO_COMMON_BLOCKS = YES;
				GCC_WARN_64_TO_32_BIT_CONVERSION = YES;
				GCC_WARN_ABOUT_RETURN_TYPE = YES_ERROR;
				GCC_WARN_UNDECLARED_SELECTOR = YES;
				GCC_WARN_UNINITIALIZED_AUTOS = YES_AGGRESSIVE;
				GCC_WARN_UNUSED_FUNCTION = YES;
				GCC_WARN_UNUSED_VARIABLE = YES;
				IPHONEOS_DEPLOYMENT_TARGET = 10.2;
				MTL_ENABLE_DEBUG_INFO = NO;
				SDKROOT = iphoneos;
				VALIDATE_PRODUCT = YES;
			};
			name = Release;
		};
		76B0F8941E2F39CC00871E27 /* Debug */ = {
			isa = XCBuildConfiguration;
			buildSettings = {
				ALWAYS_EMBED_SWIFT_STANDARD_LIBRARIES = YES;
				ASSETCATALOG_COMPILER_APPICON_NAME = AppIcon;
				"CODE_SIGN_IDENTITY[sdk=iphoneos*]" = "iPhone Developer";
				DEVELOPMENT_TEAM = "";
				ENABLE_BITCODE = YES;
				FRAMEWORK_SEARCH_PATHS = (
					"$(PROJECT_DIR)/../../../Framework/core-sdk/**",
					"$(PROJECT_DIR)/../../../Framework/graphics-sdk/**",
					"$(PROJECT_DIR)/../../../Framework/plugnplay-sdk/**",
				);
				INFOPLIST_FILE = PlugNPlayExample/Info.plist;
				IPHONEOS_DEPLOYMENT_TARGET = 8.0;
				LD_RUNPATH_SEARCH_PATHS = "$(inherited) @executable_path/Frameworks";
				PRODUCT_BUNDLE_IDENTIFIER = com.citruspay.PlugNPlayExample;
				PRODUCT_NAME = "$(TARGET_NAME)";
			};
			name = Debug;
		};
		76B0F8951E2F39CC00871E27 /* Release */ = {
			isa = XCBuildConfiguration;
			buildSettings = {
				ALWAYS_EMBED_SWIFT_STANDARD_LIBRARIES = YES;
				ASSETCATALOG_COMPILER_APPICON_NAME = AppIcon;
				"CODE_SIGN_IDENTITY[sdk=iphoneos*]" = "iPhone Developer";
				DEVELOPMENT_TEAM = "";
				ENABLE_BITCODE = YES;
				FRAMEWORK_SEARCH_PATHS = (
					"$(PROJECT_DIR)/../../../Framework/core-sdk/**",
					"$(PROJECT_DIR)/../../../Framework/graphics-sdk/**",
					"$(PROJECT_DIR)/../../../Framework/plugnplay-sdk/**",
				);
				INFOPLIST_FILE = PlugNPlayExample/Info.plist;
				IPHONEOS_DEPLOYMENT_TARGET = 8.0;
				LD_RUNPATH_SEARCH_PATHS = "$(inherited) @executable_path/Frameworks";
				PRODUCT_BUNDLE_IDENTIFIER = com.citruspay.PlugNPlayExample;
				PRODUCT_NAME = "$(TARGET_NAME)";
			};
			name = Release;
		};
		76B0F8971E2F39CC00871E27 /* Debug */ = {
			isa = XCBuildConfiguration;
			buildSettings = {
				BUNDLE_LOADER = "$(TEST_HOST)";
				DEVELOPMENT_TEAM = BF75J23QJ2;
				INFOPLIST_FILE = PlugNPlayExampleTests/Info.plist;
				LD_RUNPATH_SEARCH_PATHS = "$(inherited) @executable_path/Frameworks @loader_path/Frameworks";
				PRODUCT_BUNDLE_IDENTIFIER = com.citruspay.PlugNPlayExampleTests;
				PRODUCT_NAME = "$(TARGET_NAME)";
				TEST_HOST = "$(BUILT_PRODUCTS_DIR)/PlugNPlayExample.app/PlugNPlayExample";
			};
			name = Debug;
		};
		76B0F8981E2F39CC00871E27 /* Release */ = {
			isa = XCBuildConfiguration;
			buildSettings = {
				BUNDLE_LOADER = "$(TEST_HOST)";
				DEVELOPMENT_TEAM = BF75J23QJ2;
				INFOPLIST_FILE = PlugNPlayExampleTests/Info.plist;
				LD_RUNPATH_SEARCH_PATHS = "$(inherited) @executable_path/Frameworks @loader_path/Frameworks";
				PRODUCT_BUNDLE_IDENTIFIER = com.citruspay.PlugNPlayExampleTests;
				PRODUCT_NAME = "$(TARGET_NAME)";
				TEST_HOST = "$(BUILT_PRODUCTS_DIR)/PlugNPlayExample.app/PlugNPlayExample";
			};
			name = Release;
		};
/* End XCBuildConfiguration section */

/* Begin XCConfigurationList section */
		76B0F86C1E2F39CB00871E27 /* Build configuration list for PBXProject "PlugNPlayExample" */ = {
			isa = XCConfigurationList;
			buildConfigurations = (
				76B0F8911E2F39CC00871E27 /* Debug */,
				76B0F8921E2F39CC00871E27 /* Release */,
			);
			defaultConfigurationIsVisible = 0;
			defaultConfigurationName = Release;
		};
		76B0F8931E2F39CC00871E27 /* Build configuration list for PBXNativeTarget "PlugNPlayExample" */ = {
			isa = XCConfigurationList;
			buildConfigurations = (
				76B0F8941E2F39CC00871E27 /* Debug */,
				76B0F8951E2F39CC00871E27 /* Release */,
			);
			defaultConfigurationIsVisible = 0;
			defaultConfigurationName = Release;
		};
		76B0F8961E2F39CC00871E27 /* Build configuration list for PBXNativeTarget "PlugNPlayExampleTests" */ = {
			isa = XCConfigurationList;
			buildConfigurations = (
				76B0F8971E2F39CC00871E27 /* Debug */,
				76B0F8981E2F39CC00871E27 /* Release */,
			);
			defaultConfigurationIsVisible = 0;
			defaultConfigurationName = Release;
		};
/* End XCConfigurationList section */
	};
	rootObject = 76B0F8691E2F39CB00871E27 /* Project object */;
}
