// !$*UTF8*$!
{
	archiveVersion = 1;
	classes = {
	};
	objectVersion = 46;
	objects = {

/* Begin PBXBuildFile section */
		66B09B8E216DA729001E98BD /* PayUCustomBrowser.framework in Frameworks */ = {isa = PBXBuildFile; fileRef = 66B09B8C216DA6E2001E98BD /* PayUCustomBrowser.framework */; };
		66B09B8F216DA729001E98BD /* PayUCustomBrowser.framework in Embed Frameworks */ = {isa = PBXBuildFile; fileRef = 66B09B8C216DA6E2001E98BD /* PayUCustomBrowser.framework */; settings = {ATTRIBUTES = (CodeSignOnCopy, RemoveHeadersOnCopy, ); }; };
		DD7658F91F4AFF210060BBBE /* main.m in Sources */ = {isa = PBXBuildFile; fileRef = DD7658F81F4AFF210060BBBE /* main.m */; };
		DD7658FC1F4AFF210060BBBE /* AppDelegate.m in Sources */ = {isa = PBXBuildFile; fileRef = DD7658FB1F4AFF210060BBBE /* AppDelegate.m */; };
		DDA000801F861A9400B8C9DA /* ViewController.m in Sources */ = {isa = PBXBuildFile; fileRef = DDA0007D1F861A9400B8C9DA /* ViewController.m */; };
		DDA000831F861AFD00B8C9DA /* Assets.xcassets in Resources */ = {isa = PBXBuildFile; fileRef = DDA000821F861AB000B8C9DA /* Assets.xcassets */; };
		DDA000841F861AFD00B8C9DA /* LaunchScreen.storyboard in Resources */ = {isa = PBXBuildFile; fileRef = DDA000811F861AA300B8C9DA /* LaunchScreen.storyboard */; };
		DDA000851F861AFD00B8C9DA /* Main.storyboard in Resources */ = {isa = PBXBuildFile; fileRef = DDA0007F1F861A9400B8C9DA /* Main.storyboard */; };
		DDA000B31F861C4900B8C9DA /* PayUMoneyCoreSDK.framework in Frameworks */ = {isa = PBXBuildFile; fileRef = DDA000871F861B5E00B8C9DA /* PayUMoneyCoreSDK.framework */; };
		DDA000B41F861C4900B8C9DA /* PayUMoneyCoreSDK.framework in Embed Frameworks */ = {isa = PBXBuildFile; fileRef = DDA000871F861B5E00B8C9DA /* PayUMoneyCoreSDK.framework */; settings = {ATTRIBUTES = (CodeSignOnCopy, RemoveHeadersOnCopy, ); }; };
		DDA000B51F861C4900B8C9DA /* PlugNPlay.framework in Frameworks */ = {isa = PBXBuildFile; fileRef = DDA000891F861B6F00B8C9DA /* PlugNPlay.framework */; };
		DDA000B61F861C4900B8C9DA /* PlugNPlay.framework in Embed Frameworks */ = {isa = PBXBuildFile; fileRef = DDA000891F861B6F00B8C9DA /* PlugNPlay.framework */; settings = {ATTRIBUTES = (CodeSignOnCopy, RemoveHeadersOnCopy, ); }; };
/* End PBXBuildFile section */

/* Begin PBXCopyFilesBuildPhase section */
		DD55D4441F4AFFF200A3A8DD /* Embed Frameworks */ = {
			isa = PBXCopyFilesBuildPhase;
			buildActionMask = 2147483647;
			dstPath = "";
			dstSubfolderSpec = 10;
			files = (
				DDA000B61F861C4900B8C9DA /* PlugNPlay.framework in Embed Frameworks */,
				DDA000B41F861C4900B8C9DA /* PayUMoneyCoreSDK.framework in Embed Frameworks */,
				66B09B8F216DA729001E98BD /* PayUCustomBrowser.framework in Embed Frameworks */,
			);
			name = "Embed Frameworks";
			runOnlyForDeploymentPostprocessing = 0;
		};
/* End PBXCopyFilesBuildPhase section */

/* Begin PBXFileReference section */
		66B09B8C216DA6E2001E98BD /* PayUCustomBrowser.framework */ = {isa = PBXFileReference; lastKnownFileType = wrapper.framework; name = PayUCustomBrowser.framework; path = ../../../Dependencies/CB/PayUCustomBrowser.framework; sourceTree = "<group>"; };
		DD7658F41F4AFF210060BBBE /* PlugNPlayFrameworkExample.app */ = {isa = PBXFileReference; explicitFileType = wrapper.application; includeInIndex = 0; path = PlugNPlayFrameworkExample.app; sourceTree = BUILT_PRODUCTS_DIR; };
		DD7658F81F4AFF210060BBBE /* main.m */ = {isa = PBXFileReference; lastKnownFileType = sourcecode.c.objc; path = main.m; sourceTree = "<group>"; };
		DD7658FA1F4AFF210060BBBE /* AppDelegate.h */ = {isa = PBXFileReference; lastKnownFileType = sourcecode.c.h; path = AppDelegate.h; sourceTree = "<group>"; };
		DD7658FB1F4AFF210060BBBE /* AppDelegate.m */ = {isa = PBXFileReference; lastKnownFileType = sourcecode.c.objc; path = AppDelegate.m; sourceTree = "<group>"; };
		DD7659081F4AFF210060BBBE /* Info.plist */ = {isa = PBXFileReference; lastKnownFileType = text.plist.xml; path = Info.plist; sourceTree = "<group>"; };
		DDA0007D1F861A9400B8C9DA /* ViewController.m */ = {isa = PBXFileReference; lastKnownFileType = sourcecode.c.objc; path = ViewController.m; sourceTree = "<group>"; };
		DDA0007E1F861A9400B8C9DA /* ViewController.h */ = {isa = PBXFileReference; lastKnownFileType = sourcecode.c.h; path = ViewController.h; sourceTree = "<group>"; };
		DDA0007F1F861A9400B8C9DA /* Main.storyboard */ = {isa = PBXFileReference; lastKnownFileType = file.storyboard; path = Main.storyboard; sourceTree = "<group>"; };
		DDA000811F861AA300B8C9DA /* LaunchScreen.storyboard */ = {isa = PBXFileReference; lastKnownFileType = file.storyboard; path = LaunchScreen.storyboard; sourceTree = "<group>"; };
		DDA000821F861AB000B8C9DA /* Assets.xcassets */ = {isa = PBXFileReference; lastKnownFileType = folder.assetcatalog; path = Assets.xcassets; sourceTree = "<group>"; };
		DDA000871F861B5E00B8C9DA /* PayUMoneyCoreSDK.framework */ = {isa = PBXFileReference; lastKnownFileType = wrapper.framework; name = PayUMoneyCoreSDK.framework; path = ../../../CoreSDK/PayUMoneyCoreSDK.framework; sourceTree = "<group>"; };
		DDA000891F861B6F00B8C9DA /* PlugNPlay.framework */ = {isa = PBXFileReference; lastKnownFileType = wrapper.framework; name = PlugNPlay.framework; path = ../../PlugNPlay.framework; sourceTree = "<group>"; };
/* End PBXFileReference section */

/* Begin PBXFrameworksBuildPhase section */
		DD7658F11F4AFF210060BBBE /* Frameworks */ = {
			isa = PBXFrameworksBuildPhase;
			buildActionMask = 2147483647;
			files = (
				DDA000B51F861C4900B8C9DA /* PlugNPlay.framework in Frameworks */,
				DDA000B31F861C4900B8C9DA /* PayUMoneyCoreSDK.framework in Frameworks */,
				66B09B8E216DA729001E98BD /* PayUCustomBrowser.framework in Frameworks */,
			);
			runOnlyForDeploymentPostprocessing = 0;
		};
/* End PBXFrameworksBuildPhase section */

/* Begin PBXGroup section */
		DD7658EB1F4AFF210060BBBE = {
			isa = PBXGroup;
			children = (
				DD7658F61F4AFF210060BBBE /* PlugNPlayFrameworkExample */,
				DD7658F51F4AFF210060BBBE /* Products */,
			);
			sourceTree = "<group>";
		};
		DD7658F51F4AFF210060BBBE /* Products */ = {
			isa = PBXGroup;
			children = (
				DD7658F41F4AFF210060BBBE /* PlugNPlayFrameworkExample.app */,
			);
			name = Products;
			sourceTree = "<group>";
		};
		DD7658F61F4AFF210060BBBE /* PlugNPlayFrameworkExample */ = {
			isa = PBXGroup;
			children = (
				DDA000861F861B0E00B8C9DA /* Dependency */,
				DDA000821F861AB000B8C9DA /* Assets.xcassets */,
				DD7658FA1F4AFF210060BBBE /* AppDelegate.h */,
				DD7658FB1F4AFF210060BBBE /* AppDelegate.m */,
				DD7659081F4AFF210060BBBE /* Info.plist */,
				DDA000811F861AA300B8C9DA /* LaunchScreen.storyboard */,
				DDA0007F1F861A9400B8C9DA /* Main.storyboard */,
				DDA0007E1F861A9400B8C9DA /* ViewController.h */,
				DDA0007D1F861A9400B8C9DA /* ViewController.m */,
				DD7658F71F4AFF210060BBBE /* Supporting Files */,
			);
			path = PlugNPlayFrameworkExample;
			sourceTree = "<group>";
		};
		DD7658F71F4AFF210060BBBE /* Supporting Files */ = {
			isa = PBXGroup;
			children = (
				DD7658F81F4AFF210060BBBE /* main.m */,
			);
			name = "Supporting Files";
			sourceTree = "<group>";
		};
		DDA000861F861B0E00B8C9DA /* Dependency */ = {
			isa = PBXGroup;
			children = (
				66B09B8C216DA6E2001E98BD /* PayUCustomBrowser.framework */,
				DDA000871F861B5E00B8C9DA /* PayUMoneyCoreSDK.framework */,
				DDA000891F861B6F00B8C9DA /* PlugNPlay.framework */,
			);
			name = Dependency;
			sourceTree = "<group>";
		};
/* End PBXGroup section */

/* Begin PBXNativeTarget section */
		DD7658F31F4AFF210060BBBE /* PlugNPlayFrameworkExample */ = {
			isa = PBXNativeTarget;
			buildConfigurationList = DD76590B1F4AFF210060BBBE /* Build configuration list for PBXNativeTarget "PlugNPlayFrameworkExample" */;
			buildPhases = (
				DD7658F01F4AFF210060BBBE /* Sources */,
				DD7658F11F4AFF210060BBBE /* Frameworks */,
				DD7658F21F4AFF210060BBBE /* Resources */,
				DD55D4441F4AFFF200A3A8DD /* Embed Frameworks */,
				DDE7F5401F4EB0160000EB4C /* ShellScript */,
			);
			buildRules = (
			);
			dependencies = (
			);
			name = PlugNPlayFrameworkExample;
			productName = PlugNPlayFrameworkExample;
			productReference = DD7658F41F4AFF210060BBBE /* PlugNPlayFrameworkExample.app */;
			productType = "com.apple.product-type.application";
		};
/* End PBXNativeTarget section */

/* Begin PBXProject section */
		DD7658EC1F4AFF210060BBBE /* Project object */ = {
			isa = PBXProject;
			attributes = {
				LastUpgradeCheck = 0900;
				ORGANIZATIONNAME = "PayU Payments Pvt Ltd";
				TargetAttributes = {
					DD7658F31F4AFF210060BBBE = {
						CreatedOnToolsVersion = 8.3.2;
						DevelopmentTeam = 3T2M5UN5C5;
						ProvisioningStyle = Automatic;
					};
				};
			};
			buildConfigurationList = DD7658EF1F4AFF210060BBBE /* Build configuration list for PBXProject "PlugNPlayFrameworkExample" */;
			compatibilityVersion = "Xcode 3.2";
			developmentRegion = English;
			hasScannedForEncodings = 0;
			knownRegions = (
				en,
				Base,
			);
			mainGroup = DD7658EB1F4AFF210060BBBE;
			productRefGroup = DD7658F51F4AFF210060BBBE /* Products */;
			projectDirPath = "";
			projectRoot = "";
			targets = (
				DD7658F31F4AFF210060BBBE /* PlugNPlayFrameworkExample */,
			);
		};
/* End PBXProject section */

/* Begin PBXResourcesBuildPhase section */
		DD7658F21F4AFF210060BBBE /* Resources */ = {
			isa = PBXResourcesBuildPhase;
			buildActionMask = 2147483647;
			files = (
				DDA000831F861AFD00B8C9DA /* Assets.xcassets in Resources */,
				DDA000841F861AFD00B8C9DA /* LaunchScreen.storyboard in Resources */,
				DDA000851F861AFD00B8C9DA /* Main.storyboard in Resources */,
			);
			runOnlyForDeploymentPostprocessing = 0;
		};
/* End PBXResourcesBuildPhase section */

/* Begin PBXShellScriptBuildPhase section */
		DDE7F5401F4EB0160000EB4C /* ShellScript */ = {
			isa = PBXShellScriptBuildPhase;
			buildActionMask = 2147483647;
			files = (
			);
			inputPaths = (
			);
			outputPaths = (
			);
			runOnlyForDeploymentPostprocessing = 0;
			shellPath = /bin/sh;
			shellScript = "";
		};
/* End PBXShellScriptBuildPhase section */

/* Begin PBXSourcesBuildPhase section */
		DD7658F01F4AFF210060BBBE /* Sources */ = {
			isa = PBXSourcesBuildPhase;
			buildActionMask = 2147483647;
			files = (
				DDA000801F861A9400B8C9DA /* ViewController.m in Sources */,
				DD7658FC1F4AFF210060BBBE /* AppDelegate.m in Sources */,
				DD7658F91F4AFF210060BBBE /* main.m in Sources */,
			);
			runOnlyForDeploymentPostprocessing = 0;
		};
/* End PBXSourcesBuildPhase section */

/* Begin XCBuildConfiguration section */
		DD7659091F4AFF210060BBBE /* Debug */ = {
			isa = XCBuildConfiguration;
			buildSettings = {
				ALWAYS_SEARCH_USER_PATHS = NO;
				CLANG_ANALYZER_NONNULL = YES;
				CLANG_ANALYZER_NUMBER_OBJECT_CONVERSION = YES_AGGRESSIVE;
				CLANG_CXX_LANGUAGE_STANDARD = "gnu++0x";
				CLANG_CXX_LIBRARY = "libc++";
				CLANG_ENABLE_MODULES = YES;
				CLANG_ENABLE_OBJC_ARC = YES;
				CLANG_WARN_BLOCK_CAPTURE_AUTORELEASING = YES;
				CLANG_WARN_BOOL_CONVERSION = YES;
				CLANG_WARN_COMMA = YES;
				CLANG_WARN_CONSTANT_CONVERSION = YES;
				CLANG_WARN_DIRECT_OBJC_ISA_USAGE = YES_ERROR;
				CLANG_WARN_DOCUMENTATION_COMMENTS = YES;
				CLANG_WARN_EMPTY_BODY = YES;
				CLANG_WARN_ENUM_CONVERSION = YES;
				CLANG_WARN_INFINITE_RECURSION = YES;
				CLANG_WARN_INT_CONVERSION = YES;
				CLANG_WARN_NON_LITERAL_NULL_CONVERSION = YES;
				CLANG_WARN_OBJC_LITERAL_CONVERSION = YES;
				CLANG_WARN_OBJC_ROOT_CLASS = YES_ERROR;
				CLANG_WARN_RANGE_LOOP_ANALYSIS = YES;
				CLANG_WARN_STRICT_PROTOTYPES = YES;
				CLANG_WARN_SUSPICIOUS_MOVE = YES;
				CLANG_WARN_UNREACHABLE_CODE = YES;
				CLANG_WARN__DUPLICATE_METHOD_MATCH = YES;
				"CODE_SIGN_IDENTITY[sdk=iphoneos*]" = "iPhone Developer";
				COPY_PHASE_STRIP = NO;
				DEBUG_INFORMATION_FORMAT = dwarf;
				ENABLE_STRICT_OBJC_MSGSEND = YES;
				ENABLE_TESTABILITY = YES;
				GCC_C_LANGUAGE_STANDARD = gnu99;
				GCC_DYNAMIC_NO_PIC = NO;
				GCC_NO_COMMON_BLOCKS = YES;
				GCC_OPTIMIZATION_LEVEL = 0;
				GCC_PREPROCESSOR_DEFINITIONS = (
					"DEBUG=1",
					"$(inherited)",
				);
				GCC_WARN_64_TO_32_BIT_CONVERSION = YES;
				GCC_WARN_ABOUT_RETURN_TYPE = YES_ERROR;
				GCC_WARN_UNDECLARED_SELECTOR = YES;
				GCC_WARN_UNINITIALIZED_AUTOS = YES_AGGRESSIVE;
				GCC_WARN_UNUSED_FUNCTION = YES;
				GCC_WARN_UNUSED_VARIABLE = YES;
				IPHONEOS_DEPLOYMENT_TARGET = 10.3;
				MTL_ENABLE_DEBUG_INFO = YES;
				ONLY_ACTIVE_ARCH = YES;
				SDKROOT = iphoneos;
				TARGETED_DEVICE_FAMILY = "1,2";
			};
			name = Debug;
		};
		DD76590A1F4AFF210060BBBE /* Release */ = {
			isa = XCBuildConfiguration;
			buildSettings = {
				ALWAYS_SEARCH_USER_PATHS = NO;
				CLANG_ANALYZER_NONNULL = YES;
				CLANG_ANALYZER_NUMBER_OBJECT_CONVERSION = YES_AGGRESSIVE;
				CLANG_CXX_LANGUAGE_STANDARD = "gnu++0x";
				CLANG_CXX_LIBRARY = "libc++";
				CLANG_ENABLE_MODULES = YES;
				CLANG_ENABLE_OBJC_ARC = YES;
				CLANG_WARN_BLOCK_CAPTURE_AUTORELEASING = YES;
				CLANG_WARN_BOOL_CONVERSION = YES;
				CLANG_WARN_COMMA = YES;
				CLANG_WARN_CONSTANT_CONVERSION = YES;
				CLANG_WARN_DIRECT_OBJC_ISA_USAGE = YES_ERROR;
				CLANG_WARN_DOCUMENTATION_COMMENTS = YES;
				CLANG_WARN_EMPTY_BODY = YES;
				CLANG_WARN_ENUM_CONVERSION = YES;
				CLANG_WARN_INFINITE_RECURSION = YES;
				CLANG_WARN_INT_CONVERSION = YES;
				CLANG_WARN_NON_LITERAL_NULL_CONVERSION = YES;
				CLANG_WARN_OBJC_LITERAL_CONVERSION = YES;
				CLANG_WARN_OBJC_ROOT_CLASS = YES_ERROR;
				CLANG_WARN_RANGE_LOOP_ANALYSIS = YES;
				CLANG_WARN_STRICT_PROTOTYPES = YES;
				CLANG_WARN_SUSPICIOUS_MOVE = YES;
				CLANG_WARN_UNREACHABLE_CODE = YES;
				CLANG_WARN__DUPLICATE_METHOD_MATCH = YES;
				"CODE_SIGN_IDENTITY[sdk=iphoneos*]" = "iPhone Developer";
				COPY_PHASE_STRIP = NO;
				DEBUG_INFORMATION_FORMAT = "dwarf-with-dsym";
				ENABLE_NS_ASSERTIONS = NO;
				ENABLE_STRICT_OBJC_MSGSEND = YES;
				GCC_C_LANGUAGE_STANDARD = gnu99;
				GCC_NO_COMMON_BLOCKS = YES;
				GCC_WARN_64_TO_32_BIT_CONVERSION = YES;
				GCC_WARN_ABOUT_RETURN_TYPE = YES_ERROR;
				GCC_WARN_UNDECLARED_SELECTOR = YES;
				GCC_WARN_UNINITIALIZED_AUTOS = YES_AGGRESSIVE;
				GCC_WARN_UNUSED_FUNCTION = YES;
				GCC_WARN_UNUSED_VARIABLE = YES;
				IPHONEOS_DEPLOYMENT_TARGET = 10.3;
				MTL_ENABLE_DEBUG_INFO = NO;
				SDKROOT = iphoneos;
				TARGETED_DEVICE_FAMILY = "1,2";
				VALIDATE_PRODUCT = YES;
			};
			name = Release;
		};
		DD76590C1F4AFF210060BBBE /* Debug */ = {
			isa = XCBuildConfiguration;
			buildSettings = {
				ALWAYS_EMBED_SWIFT_STANDARD_LIBRARIES = YES;
				ASSETCATALOG_COMPILER_APPICON_NAME = AppIcon;
				"CODE_SIGN_IDENTITY[sdk=iphoneos*]" = "iPhone Developer";
				CODE_SIGN_STYLE = Automatic;
				DEVELOPMENT_TEAM = "";
				FRAMEWORK_SEARCH_PATHS = "$(PROJECT_DIR)/../../**";
				INFOPLIST_FILE = PlugNPlayFrameworkExample/Info.plist;
				IPHONEOS_DEPLOYMENT_TARGET = 8.0;
				LD_RUNPATH_SEARCH_PATHS = "$(inherited) @executable_path/Frameworks";
				PRODUCT_BUNDLE_IDENTIFIER = com.payumoney.sdkuiexampleframework;
				PRODUCT_NAME = "$(TARGET_NAME)";
				PROVISIONING_PROFILE = "";
				PROVISIONING_PROFILE_SPECIFIER = "";
			};
			name = Debug;
		};
		DD76590D1F4AFF210060BBBE /* Release */ = {
			isa = XCBuildConfiguration;
			buildSettings = {
				ALWAYS_EMBED_SWIFT_STANDARD_LIBRARIES = YES;
				ASSETCATALOG_COMPILER_APPICON_NAME = AppIcon;
				"CODE_SIGN_IDENTITY[sdk=iphoneos*]" = "iPhone Developer";
				CODE_SIGN_STYLE = Automatic;
				DEVELOPMENT_TEAM = "";
				FRAMEWORK_SEARCH_PATHS = "$(PROJECT_DIR)/../../**";
				INFOPLIST_FILE = PlugNPlayFrameworkExample/Info.plist;
				IPHONEOS_DEPLOYMENT_TARGET = 8.0;
				LD_RUNPATH_SEARCH_PATHS = "$(inherited) @executable_path/Frameworks";
				PRODUCT_BUNDLE_IDENTIFIER = com.payumoney.sdkuiexampleframework;
				PRODUCT_NAME = "$(TARGET_NAME)";
				PROVISIONING_PROFILE = "";
				PROVISIONING_PROFILE_SPECIFIER = "";
			};
			name = Release;
		};
/* End XCBuildConfiguration section */

/* Begin XCConfigurationList section */
		DD7658EF1F4AFF210060BBBE /* Build configuration list for PBXProject "PlugNPlayFrameworkExample" */ = {
			isa = XCConfigurationList;
			buildConfigurations = (
				DD7659091F4AFF210060BBBE /* Debug */,
				DD76590A1F4AFF210060BBBE /* Release */,
			);
			defaultConfigurationIsVisible = 0;
			defaultConfigurationName = Release;
		};
		DD76590B1F4AFF210060BBBE /* Build configuration list for PBXNativeTarget "PlugNPlayFrameworkExample" */ = {
			isa = XCConfigurationList;
			buildConfigurations = (
				DD76590C1F4AFF210060BBBE /* Debug */,
				DD76590D1F4AFF210060BBBE /* Release */,
			);
			defaultConfigurationIsVisible = 0;
			defaultConfigurationName = Release;
		};
/* End XCConfigurationList section */
	};
	rootObject = DD7658EC1F4AFF210060BBBE /* Project object */;
}
