// !$*UTF8*$!
{
	archiveVersion = 1;
	classes = {
	};
	objectVersion = 46;
	objects = {

/* Begin PBXBuildFile section */
		76144F861E3F1B5B007BD9DA /* BaseClassViewController.swift in Sources */ = {isa = PBXBuildFile; fileRef = 76144F831E3F1B5B007BD9DA /* BaseClassViewController.swift */; };
		76144F871E3F1B5B007BD9DA /* HomeViewController.swift in Sources */ = {isa = PBXBuildFile; fileRef = 76144F841E3F1B5B007BD9DA /* HomeViewController.swift */; };
		76144F881E3F1B5B007BD9DA /* Main.storyboard in Resources */ = {isa = PBXBuildFile; fileRef = 76144F851E3F1B5B007BD9DA /* Main.storyboard */; };
		76144F8B1E3F1B6F007BD9DA /* Common.xcassets in Resources */ = {isa = PBXBuildFile; fileRef = 76144F891E3F1B6F007BD9DA /* Common.xcassets */; };
		76144F8C1E3F1B6F007BD9DA /* MerchantConstants.swift in Sources */ = {isa = PBXBuildFile; fileRef = 76144F8A1E3F1B6F007BD9DA /* MerchantConstants.swift */; };
		76144F8E1E3F1B95007BD9DA /* TestParams.swift in Sources */ = {isa = PBXBuildFile; fileRef = 76144F8D1E3F1B95007BD9DA /* TestParams.swift */; };
		7649758A1DFEC51D0081025D /* CitrusGraphics.framework in Frameworks */ = {isa = PBXBuildFile; fileRef = 764975881DFEC51D0081025D /* CitrusGraphics.framework */; };
		764975B31DFEC5320081025D /* Kingfisher.framework in Frameworks */ = {isa = PBXBuildFile; fileRef = 7649759C1DFEC5260081025D /* Kingfisher.framework */; };
		764975B41DFEC5320081025D /* Kingfisher.framework in Embed Frameworks */ = {isa = PBXBuildFile; fileRef = 7649759C1DFEC5260081025D /* Kingfisher.framework */; settings = {ATTRIBUTES = (CodeSignOnCopy, RemoveHeadersOnCopy, ); }; };
		764975B81DFEC5320081025D /* CitrusGraphics.framework in Embed Frameworks */ = {isa = PBXBuildFile; fileRef = 764975881DFEC51D0081025D /* CitrusGraphics.framework */; settings = {ATTRIBUTES = (CodeSignOnCopy, RemoveHeadersOnCopy, ); }; };
		767FB9831DDC6FA200DE349D /* CitrusPay.framework in Frameworks */ = {isa = PBXBuildFile; fileRef = 767FB97F1DDC6F6A00DE349D /* CitrusPay.framework */; };
		767FB9841DDC6FA200DE349D /* CitrusPay.framework in Embed Frameworks */ = {isa = PBXBuildFile; fileRef = 767FB97F1DDC6F6A00DE349D /* CitrusPay.framework */; settings = {ATTRIBUTES = (CodeSignOnCopy, RemoveHeadersOnCopy, ); }; };
		767FB9851DDC6FA200DE349D /* JSONModel.framework in Frameworks */ = {isa = PBXBuildFile; fileRef = 767FB97D1DDC6F5D00DE349D /* JSONModel.framework */; };
		767FB9861DDC6FA200DE349D /* JSONModel.framework in Embed Frameworks */ = {isa = PBXBuildFile; fileRef = 767FB97D1DDC6F5D00DE349D /* JSONModel.framework */; settings = {ATTRIBUTES = (CodeSignOnCopy, RemoveHeadersOnCopy, ); }; };
		76F7785C1CC64F7100C9E7B8 /* AppDelegate.swift in Sources */ = {isa = PBXBuildFile; fileRef = 76F7785B1CC64F7100C9E7B8 /* AppDelegate.swift */; };
		76F778711CC64F7100C9E7B8 /* CitrusPayExampleTests.swift in Sources */ = {isa = PBXBuildFile; fileRef = 76F778701CC64F7100C9E7B8 /* CitrusPayExampleTests.swift */; };
		76F7787C1CC64F7100C9E7B8 /* CitrusPayExampleUITests.swift in Sources */ = {isa = PBXBuildFile; fileRef = 76F7787B1CC64F7100C9E7B8 /* CitrusPayExampleUITests.swift */; };
		76F7788B1CC64FD200C9E7B8 /* Objective-CBridgingHeader.m in Sources */ = {isa = PBXBuildFile; fileRef = 76F7788A1CC64FD200C9E7B8 /* Objective-CBridgingHeader.m */; };
/* End PBXBuildFile section */

/* Begin PBXContainerItemProxy section */
		7649759B1DFEC5260081025D /* PBXContainerItemProxy */ = {
			isa = PBXContainerItemProxy;
			containerPortal = 7649758C1DFEC5250081025D /* Kingfisher.xcodeproj */;
			proxyType = 2;
			remoteGlobalIDString = D1ED2D351AD2D09F00CFC3EB;
			remoteInfo = "Kingfisher-iOS";
		};
		7649759D1DFEC5260081025D /* PBXContainerItemProxy */ = {
			isa = PBXContainerItemProxy;
			containerPortal = 7649758C1DFEC5250081025D /* Kingfisher.xcodeproj */;
			proxyType = 2;
			remoteGlobalIDString = D13F49D61BEDA67C00CE335D;
			remoteInfo = "Kingfisher-tvOS";
		};
		7649759F1DFEC5260081025D /* PBXContainerItemProxy */ = {
			isa = PBXContainerItemProxy;
			containerPortal = 7649758C1DFEC5250081025D /* Kingfisher.xcodeproj */;
			proxyType = 2;
			remoteGlobalIDString = 4B2944481C3D01B20088C3E7;
			remoteInfo = "Kingfisher-macOS";
		};
		764975A11DFEC5260081025D /* PBXContainerItemProxy */ = {
			isa = PBXContainerItemProxy;
			containerPortal = 7649758C1DFEC5250081025D /* Kingfisher.xcodeproj */;
			proxyType = 2;
			remoteGlobalIDString = D16799EB1C4E74460020FD12;
			remoteInfo = "Kingfisher-watchOS";
		};
		764975A31DFEC5260081025D /* PBXContainerItemProxy */ = {
			isa = PBXContainerItemProxy;
			containerPortal = 7649758C1DFEC5250081025D /* Kingfisher.xcodeproj */;
			proxyType = 2;
			remoteGlobalIDString = D1ED2D0B1AD2CFA600CFC3EB;
			remoteInfo = "Kingfisher-Demo";
		};
		764975A51DFEC5260081025D /* PBXContainerItemProxy */ = {
			isa = PBXContainerItemProxy;
			containerPortal = 7649758C1DFEC5250081025D /* Kingfisher.xcodeproj */;
			proxyType = 2;
			remoteGlobalIDString = D13F49C21BEDA53F00CE335D;
			remoteInfo = "Kingfisher-tvOS-Demo";
		};
		764975A71DFEC5260081025D /* PBXContainerItemProxy */ = {
			isa = PBXContainerItemProxy;
			containerPortal = 7649758C1DFEC5250081025D /* Kingfisher.xcodeproj */;
			proxyType = 2;
			remoteGlobalIDString = 4B2944551C3D03880088C3E7;
			remoteInfo = "Kingfisher-macOS-Demo";
		};
		764975A91DFEC5260081025D /* PBXContainerItemProxy */ = {
			isa = PBXContainerItemProxy;
			containerPortal = 7649758C1DFEC5250081025D /* Kingfisher.xcodeproj */;
			proxyType = 2;
			remoteGlobalIDString = D1679A391C4E78B20020FD12;
			remoteInfo = "Kingfisher-watchOS-Demo";
		};
		764975AB1DFEC5260081025D /* PBXContainerItemProxy */ = {
			isa = PBXContainerItemProxy;
			containerPortal = 7649758C1DFEC5250081025D /* Kingfisher.xcodeproj */;
			proxyType = 2;
			remoteGlobalIDString = D1679A451C4E78B20020FD12;
			remoteInfo = "Kingfisher-watchOS-Demo Extension";
		};
		764975AD1DFEC5260081025D /* PBXContainerItemProxy */ = {
			isa = PBXContainerItemProxy;
			containerPortal = 7649758C1DFEC5250081025D /* Kingfisher.xcodeproj */;
			proxyType = 2;
			remoteGlobalIDString = D1ED2D3F1AD2D09F00CFC3EB;
			remoteInfo = KingfisherTests;
		};
		764975AF1DFEC5260081025D /* PBXContainerItemProxy */ = {
			isa = PBXContainerItemProxy;
			containerPortal = 7649758C1DFEC5250081025D /* Kingfisher.xcodeproj */;
			proxyType = 2;
			remoteGlobalIDString = 4B37667F1C478F940001443F;
			remoteInfo = "KingfisherTests-tvOS";
		};
		764975B11DFEC5260081025D /* PBXContainerItemProxy */ = {
			isa = PBXContainerItemProxy;
			containerPortal = 7649758C1DFEC5250081025D /* Kingfisher.xcodeproj */;
			proxyType = 2;
			remoteGlobalIDString = D10EC2311C3D632300A4211C;
			remoteInfo = "KingfisherTests-macOS";
		};
		764975B51DFEC5320081025D /* PBXContainerItemProxy */ = {
			isa = PBXContainerItemProxy;
			containerPortal = 7649758C1DFEC5250081025D /* Kingfisher.xcodeproj */;
			proxyType = 1;
			remoteGlobalIDString = D1ED2D341AD2D09F00CFC3EB;
			remoteInfo = "Kingfisher-iOS";
		};
		767FB97C1DDC6F5D00DE349D /* PBXContainerItemProxy */ = {
			isa = PBXContainerItemProxy;
			containerPortal = 767FB9781DDC6F5D00DE349D /* JSONModel.xcodeproj */;
			proxyType = 2;
			remoteGlobalIDString = 92C9BC3D1B19A51100D79B06;
			remoteInfo = JSONModel;
		};
		767FB9871DDC6FA200DE349D /* PBXContainerItemProxy */ = {
			isa = PBXContainerItemProxy;
			containerPortal = 767FB9781DDC6F5D00DE349D /* JSONModel.xcodeproj */;
			proxyType = 1;
			remoteGlobalIDString = 92C9BC3C1B19A51100D79B06;
			remoteInfo = JSONModel;
		};
		76F7786D1CC64F7100C9E7B8 /* PBXContainerItemProxy */ = {
			isa = PBXContainerItemProxy;
			containerPortal = 76F778501CC64F7100C9E7B8 /* Project object */;
			proxyType = 1;
			remoteGlobalIDString = 76F778571CC64F7100C9E7B8;
			remoteInfo = CitrusPayExample;
		};
		76F778781CC64F7100C9E7B8 /* PBXContainerItemProxy */ = {
			isa = PBXContainerItemProxy;
			containerPortal = 76F778501CC64F7100C9E7B8 /* Project object */;
			proxyType = 1;
			remoteGlobalIDString = 76F778571CC64F7100C9E7B8;
			remoteInfo = CitrusPayExample;
		};
		F39F9B341E8E827900552D86 /* PBXContainerItemProxy */ = {
			isa = PBXContainerItemProxy;
			containerPortal = 767FB9781DDC6F5D00DE349D /* JSONModel.xcodeproj */;
			proxyType = 2;
			remoteGlobalIDString = 01D689FB1E42150100CFE82F;
			remoteInfo = "JSONModel-mac";
		};
		F39F9B361E8E827900552D86 /* PBXContainerItemProxy */ = {
			isa = PBXContainerItemProxy;
			containerPortal = 767FB9781DDC6F5D00DE349D /* JSONModel.xcodeproj */;
			proxyType = 2;
			remoteGlobalIDString = 01D68A1A1E421A8400CFE82F;
			remoteInfo = "JSONModel-watchOS";
		};
		F39F9B381E8E827900552D86 /* PBXContainerItemProxy */ = {
			isa = PBXContainerItemProxy;
			containerPortal = 767FB9781DDC6F5D00DE349D /* JSONModel.xcodeproj */;
			proxyType = 2;
			remoteGlobalIDString = 01D68A271E421AC100CFE82F;
			remoteInfo = "JSONModel-tvOS";
		};
/* End PBXContainerItemProxy section */

/* Begin PBXCopyFilesBuildPhase section */
		76E948FF1D743FC4001A5E9F /* Embed Frameworks */ = {
			isa = PBXCopyFilesBuildPhase;
			buildActionMask = 2147483647;
			dstPath = "";
			dstSubfolderSpec = 10;
			files = (
				767FB9861DDC6FA200DE349D /* JSONModel.framework in Embed Frameworks */,
				764975B41DFEC5320081025D /* Kingfisher.framework in Embed Frameworks */,
				767FB9841DDC6FA200DE349D /* CitrusPay.framework in Embed Frameworks */,
				764975B81DFEC5320081025D /* CitrusGraphics.framework in Embed Frameworks */,
			);
			name = "Embed Frameworks";
			runOnlyForDeploymentPostprocessing = 0;
		};
/* End PBXCopyFilesBuildPhase section */

/* Begin PBXFileReference section */
		76144F831E3F1B5B007BD9DA /* BaseClassViewController.swift */ = {isa = PBXFileReference; fileEncoding = 4; lastKnownFileType = sourcecode.swift; path = BaseClassViewController.swift; sourceTree = "<group>"; };
		76144F841E3F1B5B007BD9DA /* HomeViewController.swift */ = {isa = PBXFileReference; fileEncoding = 4; lastKnownFileType = sourcecode.swift; path = HomeViewController.swift; sourceTree = "<group>"; };
		76144F851E3F1B5B007BD9DA /* Main.storyboard */ = {isa = PBXFileReference; fileEncoding = 4; lastKnownFileType = file.storyboard; path = Main.storyboard; sourceTree = "<group>"; };
		76144F891E3F1B6F007BD9DA /* Common.xcassets */ = {isa = PBXFileReference; lastKnownFileType = folder.assetcatalog; name = Common.xcassets; path = "../../../Common-Data/Common.xcassets"; sourceTree = "<group>"; };
		76144F8A1E3F1B6F007BD9DA /* MerchantConstants.swift */ = {isa = PBXFileReference; fileEncoding = 4; lastKnownFileType = sourcecode.swift; name = MerchantConstants.swift; path = "../../../Common-Data/MerchantConstants.swift"; sourceTree = "<group>"; };
		76144F8D1E3F1B95007BD9DA /* TestParams.swift */ = {isa = PBXFileReference; fileEncoding = 4; lastKnownFileType = sourcecode.swift; name = TestParams.swift; path = "../../../Common-Data/TestParams.swift"; sourceTree = "<group>"; };
		764975881DFEC51D0081025D /* CitrusGraphics.framework */ = {isa = PBXFileReference; lastKnownFileType = wrapper.framework; path = CitrusGraphics.framework; sourceTree = "<group>"; };
		7649758C1DFEC5250081025D /* Kingfisher.xcodeproj */ = {isa = PBXFileReference; lastKnownFileType = "wrapper.pb-project"; name = Kingfisher.xcodeproj; path = ../../../Dependency/Kingfisher/Kingfisher.xcodeproj; sourceTree = "<group>"; };
		767FB9781DDC6F5D00DE349D /* JSONModel.xcodeproj */ = {isa = PBXFileReference; lastKnownFileType = "wrapper.pb-project"; name = JSONModel.xcodeproj; path = ../../../Dependency/JSONModel/JSONModel.xcodeproj; sourceTree = "<group>"; };
		767FB97F1DDC6F6A00DE349D /* CitrusPay.framework */ = {isa = PBXFileReference; lastKnownFileType = wrapper.framework; path = CitrusPay.framework; sourceTree = "<group>"; };
		76F778581CC64F7100C9E7B8 /* CitrusPayExample.app */ = {isa = PBXFileReference; explicitFileType = wrapper.application; includeInIndex = 0; path = CitrusPayExample.app; sourceTree = BUILT_PRODUCTS_DIR; };
		76F7785B1CC64F7100C9E7B8 /* AppDelegate.swift */ = {isa = PBXFileReference; lastKnownFileType = sourcecode.swift; path = AppDelegate.swift; sourceTree = "<group>"; };
		76F778671CC64F7100C9E7B8 /* Info.plist */ = {isa = PBXFileReference; lastKnownFileType = text.plist.xml; path = Info.plist; sourceTree = "<group>"; };
		76F7786C1CC64F7100C9E7B8 /* CitrusPayExampleTests.xctest */ = {isa = PBXFileReference; explicitFileType = wrapper.cfbundle; includeInIndex = 0; path = CitrusPayExampleTests.xctest; sourceTree = BUILT_PRODUCTS_DIR; };
		76F778701CC64F7100C9E7B8 /* CitrusPayExampleTests.swift */ = {isa = PBXFileReference; lastKnownFileType = sourcecode.swift; path = CitrusPayExampleTests.swift; sourceTree = "<group>"; };
		76F778721CC64F7100C9E7B8 /* Info.plist */ = {isa = PBXFileReference; lastKnownFileType = text.plist.xml; path = Info.plist; sourceTree = "<group>"; };
		76F778771CC64F7100C9E7B8 /* CitrusPayExampleUITests.xctest */ = {isa = PBXFileReference; explicitFileType = wrapper.cfbundle; includeInIndex = 0; path = CitrusPayExampleUITests.xctest; sourceTree = BUILT_PRODUCTS_DIR; };
		76F7787B1CC64F7100C9E7B8 /* CitrusPayExampleUITests.swift */ = {isa = PBXFileReference; lastKnownFileType = sourcecode.swift; path = CitrusPayExampleUITests.swift; sourceTree = "<group>"; };
		76F7787D1CC64F7100C9E7B8 /* Info.plist */ = {isa = PBXFileReference; lastKnownFileType = text.plist.xml; path = Info.plist; sourceTree = "<group>"; };
		76F778891CC64FD100C9E7B8 /* CitrusPayExample-Bridging-Header.h */ = {isa = PBXFileReference; lastKnownFileType = sourcecode.c.h; path = "CitrusPayExample-Bridging-Header.h"; sourceTree = "<group>"; };
		76F7788A1CC64FD200C9E7B8 /* Objective-CBridgingHeader.m */ = {isa = PBXFileReference; fileEncoding = 4; lastKnownFileType = sourcecode.c.objc; path = "Objective-CBridgingHeader.m"; sourceTree = "<group>"; };
/* End PBXFileReference section */

/* Begin PBXFrameworksBuildPhase section */
		76F778551CC64F7100C9E7B8 /* Frameworks */ = {
			isa = PBXFrameworksBuildPhase;
			buildActionMask = 2147483647;
			files = (
				767FB9851DDC6FA200DE349D /* JSONModel.framework in Frameworks */,
				7649758A1DFEC51D0081025D /* CitrusGraphics.framework in Frameworks */,
				764975B31DFEC5320081025D /* Kingfisher.framework in Frameworks */,
				767FB9831DDC6FA200DE349D /* CitrusPay.framework in Frameworks */,
			);
			runOnlyForDeploymentPostprocessing = 0;
		};
		76F778691CC64F7100C9E7B8 /* Frameworks */ = {
			isa = PBXFrameworksBuildPhase;
			buildActionMask = 2147483647;
			files = (
			);
			runOnlyForDeploymentPostprocessing = 0;
		};
		76F778741CC64F7100C9E7B8 /* Frameworks */ = {
			isa = PBXFrameworksBuildPhase;
			buildActionMask = 2147483647;
			files = (
			);
			runOnlyForDeploymentPostprocessing = 0;
		};
/* End PBXFrameworksBuildPhase section */

/* Begin PBXGroup section */
		76144F821E3F1B5B007BD9DA /* test-ui-example */ = {
			isa = PBXGroup;
			children = (
				76144F8D1E3F1B95007BD9DA /* TestParams.swift */,
				76144F891E3F1B6F007BD9DA /* Common.xcassets */,
				76144F8A1E3F1B6F007BD9DA /* MerchantConstants.swift */,
				76144F831E3F1B5B007BD9DA /* BaseClassViewController.swift */,
				76144F841E3F1B5B007BD9DA /* HomeViewController.swift */,
				76144F851E3F1B5B007BD9DA /* Main.storyboard */,
			);
			name = "test-ui-example";
			path = "../../test-ui-example";
			sourceTree = "<group>";
		};
		764975871DFEC51D0081025D /* graphics-sdk */ = {
			isa = PBXGroup;
			children = (
				764975881DFEC51D0081025D /* CitrusGraphics.framework */,
			);
			name = "graphics-sdk";
			path = "../../../Framework/graphics-sdk";
			sourceTree = "<group>";
		};
		7649758D1DFEC5250081025D /* Products */ = {
			isa = PBXGroup;
			children = (
				7649759C1DFEC5260081025D /* Kingfisher.framework */,
				7649759E1DFEC5260081025D /* Kingfisher.framework */,
				764975A01DFEC5260081025D /* Kingfisher.framework */,
				764975A21DFEC5260081025D /* Kingfisher.framework */,
				764975A41DFEC5260081025D /* Kingfisher-Demo.app */,
				764975A61DFEC5260081025D /* Kingfisher-tvOS-Demo.app */,
				764975A81DFEC5260081025D /* Kingfisher-macOS-Demo.app */,
				764975AA1DFEC5260081025D /* Kingfisher-watchOS-Demo.app */,
				764975AC1DFEC5260081025D /* Kingfisher-watchOS-Demo Extension.appex */,
				764975AE1DFEC5260081025D /* KingfisherTests.xctest */,
				764975B01DFEC5260081025D /* KingfisherTests-tvOS.xctest */,
				764975B21DFEC5260081025D /* KingfisherTests-macOS.xctest */,
			);
			name = Products;
			sourceTree = "<group>";
		};
		767FB9791DDC6F5D00DE349D /* Products */ = {
			isa = PBXGroup;
			children = (
				767FB97D1DDC6F5D00DE349D /* JSONModel.framework */,
				F39F9B351E8E827900552D86 /* JSONModel.framework */,
				F39F9B371E8E827900552D86 /* JSONModel.framework */,
				F39F9B391E8E827900552D86 /* JSONModel.framework */,
			);
			name = Products;
			sourceTree = "<group>";
		};
		767FB97E1DDC6F6A00DE349D /* core-sdk */ = {
			isa = PBXGroup;
			children = (
				767FB97F1DDC6F6A00DE349D /* CitrusPay.framework */,
			);
			name = "core-sdk";
			path = "../../../Framework/core-sdk";
			sourceTree = "<group>";
		};
		76F7784F1CC64F7100C9E7B8 = {
			isa = PBXGroup;
			children = (
				7649758C1DFEC5250081025D /* Kingfisher.xcodeproj */,
				764975871DFEC51D0081025D /* graphics-sdk */,
				767FB97E1DDC6F6A00DE349D /* core-sdk */,
				767FB9781DDC6F5D00DE349D /* JSONModel.xcodeproj */,
				76F7785A1CC64F7100C9E7B8 /* CitrusPayExample */,
				76F7786F1CC64F7100C9E7B8 /* CitrusPayExampleTests */,
				76F7787A1CC64F7100C9E7B8 /* CitrusPayExampleUITests */,
				76F778591CC64F7100C9E7B8 /* Products */,
			);
			sourceTree = "<group>";
		};
		76F778591CC64F7100C9E7B8 /* Products */ = {
			isa = PBXGroup;
			children = (
				76F778581CC64F7100C9E7B8 /* CitrusPayExample.app */,
				76F7786C1CC64F7100C9E7B8 /* CitrusPayExampleTests.xctest */,
				76F778771CC64F7100C9E7B8 /* CitrusPayExampleUITests.xctest */,
			);
			name = Products;
			sourceTree = "<group>";
		};
		76F7785A1CC64F7100C9E7B8 /* CitrusPayExample */ = {
			isa = PBXGroup;
			children = (
				76144F821E3F1B5B007BD9DA /* test-ui-example */,
				76F7785B1CC64F7100C9E7B8 /* AppDelegate.swift */,
				76F778671CC64F7100C9E7B8 /* Info.plist */,
				76F7788A1CC64FD200C9E7B8 /* Objective-CBridgingHeader.m */,
				76F778891CC64FD100C9E7B8 /* CitrusPayExample-Bridging-Header.h */,
			);
			path = CitrusPayExample;
			sourceTree = "<group>";
		};
		76F7786F1CC64F7100C9E7B8 /* CitrusPayExampleTests */ = {
			isa = PBXGroup;
			children = (
				76F778701CC64F7100C9E7B8 /* CitrusPayExampleTests.swift */,
				76F778721CC64F7100C9E7B8 /* Info.plist */,
			);
			path = CitrusPayExampleTests;
			sourceTree = "<group>";
		};
		76F7787A1CC64F7100C9E7B8 /* CitrusPayExampleUITests */ = {
			isa = PBXGroup;
			children = (
				76F7787B1CC64F7100C9E7B8 /* CitrusPayExampleUITests.swift */,
				76F7787D1CC64F7100C9E7B8 /* Info.plist */,
			);
			path = CitrusPayExampleUITests;
			sourceTree = "<group>";
		};
/* End PBXGroup section */

/* Begin PBXNativeTarget section */
		76F778571CC64F7100C9E7B8 /* CitrusPayExample */ = {
			isa = PBXNativeTarget;
			buildConfigurationList = 76F778801CC64F7100C9E7B8 /* Build configuration list for PBXNativeTarget "CitrusPayExample" */;
			buildPhases = (
				76F778541CC64F7100C9E7B8 /* Sources */,
				76F778551CC64F7100C9E7B8 /* Frameworks */,
				76F778561CC64F7100C9E7B8 /* Resources */,
				76E948FF1D743FC4001A5E9F /* Embed Frameworks */,
			);
			buildRules = (
			);
			dependencies = (
				767FB9881DDC6FA200DE349D /* PBXTargetDependency */,
				764975B61DFEC5320081025D /* PBXTargetDependency */,
			);
			name = CitrusPayExample;
			productName = CitrusPayExample;
			productReference = 76F778581CC64F7100C9E7B8 /* CitrusPayExample.app */;
			productType = "com.apple.product-type.application";
		};
		76F7786B1CC64F7100C9E7B8 /* CitrusPayExampleTests */ = {
			isa = PBXNativeTarget;
			buildConfigurationList = 76F778831CC64F7100C9E7B8 /* Build configuration list for PBXNativeTarget "CitrusPayExampleTests" */;
			buildPhases = (
				76F778681CC64F7100C9E7B8 /* Sources */,
				76F778691CC64F7100C9E7B8 /* Frameworks */,
				76F7786A1CC64F7100C9E7B8 /* Resources */,
			);
			buildRules = (
			);
			dependencies = (
				76F7786E1CC64F7100C9E7B8 /* PBXTargetDependency */,
			);
			name = CitrusPayExampleTests;
			productName = CitrusPayExampleTests;
			productReference = 76F7786C1CC64F7100C9E7B8 /* CitrusPayExampleTests.xctest */;
			productType = "com.apple.product-type.bundle.unit-test";
		};
		76F778761CC64F7100C9E7B8 /* CitrusPayExampleUITests */ = {
			isa = PBXNativeTarget;
			buildConfigurationList = 76F778861CC64F7100C9E7B8 /* Build configuration list for PBXNativeTarget "CitrusPayExampleUITests" */;
			buildPhases = (
				76F778731CC64F7100C9E7B8 /* Sources */,
				76F778741CC64F7100C9E7B8 /* Frameworks */,
				76F778751CC64F7100C9E7B8 /* Resources */,
			);
			buildRules = (
			);
			dependencies = (
				76F778791CC64F7100C9E7B8 /* PBXTargetDependency */,
			);
			name = CitrusPayExampleUITests;
			productName = CitrusPayExampleUITests;
			productReference = 76F778771CC64F7100C9E7B8 /* CitrusPayExampleUITests.xctest */;
			productType = "com.apple.product-type.bundle.ui-testing";
		};
/* End PBXNativeTarget section */

/* Begin PBXProject section */
		76F778501CC64F7100C9E7B8 /* Project object */ = {
			isa = PBXProject;
			attributes = {
				LastSwiftUpdateCheck = 0700;
				LastUpgradeCheck = 0820;
				ORGANIZATIONNAME = CitrusPay;
				TargetAttributes = {
					76F778571CC64F7100C9E7B8 = {
						CreatedOnToolsVersion = 7.0;
						LastSwiftMigration = 0800;
						ProvisioningStyle = Manual;
					};
					76F7786B1CC64F7100C9E7B8 = {
						CreatedOnToolsVersion = 7.0;
						LastSwiftMigration = 0800;
						TestTargetID = 76F778571CC64F7100C9E7B8;
					};
					76F778761CC64F7100C9E7B8 = {
						CreatedOnToolsVersion = 7.0;
						LastSwiftMigration = 0800;
						TestTargetID = 76F778571CC64F7100C9E7B8;
					};
				};
			};
			buildConfigurationList = 76F778531CC64F7100C9E7B8 /* Build configuration list for PBXProject "CitrusPayExample" */;
			compatibilityVersion = "Xcode 3.2";
			developmentRegion = English;
			hasScannedForEncodings = 0;
			knownRegions = (
				en,
				Base,
			);
			mainGroup = 76F7784F1CC64F7100C9E7B8;
			productRefGroup = 76F778591CC64F7100C9E7B8 /* Products */;
			projectDirPath = "";
			projectReferences = (
				{
					ProductGroup = 767FB9791DDC6F5D00DE349D /* Products */;
					ProjectRef = 767FB9781DDC6F5D00DE349D /* JSONModel.xcodeproj */;
				},
				{
					ProductGroup = 7649758D1DFEC5250081025D /* Products */;
					ProjectRef = 7649758C1DFEC5250081025D /* Kingfisher.xcodeproj */;
				},
			);
			projectRoot = "";
			targets = (
				76F778571CC64F7100C9E7B8 /* CitrusPayExample */,
				76F7786B1CC64F7100C9E7B8 /* CitrusPayExampleTests */,
				76F778761CC64F7100C9E7B8 /* CitrusPayExampleUITests */,
			);
		};
/* End PBXProject section */

/* Begin PBXReferenceProxy section */
		7649759C1DFEC5260081025D /* Kingfisher.framework */ = {
			isa = PBXReferenceProxy;
			fileType = wrapper.framework;
			path = Kingfisher.framework;
			remoteRef = 7649759B1DFEC5260081025D /* PBXContainerItemProxy */;
			sourceTree = BUILT_PRODUCTS_DIR;
		};
		7649759E1DFEC5260081025D /* Kingfisher.framework */ = {
			isa = PBXReferenceProxy;
			fileType = wrapper.framework;
			path = Kingfisher.framework;
			remoteRef = 7649759D1DFEC5260081025D /* PBXContainerItemProxy */;
			sourceTree = BUILT_PRODUCTS_DIR;
		};
		764975A01DFEC5260081025D /* Kingfisher.framework */ = {
			isa = PBXReferenceProxy;
			fileType = wrapper.framework;
			path = Kingfisher.framework;
			remoteRef = 7649759F1DFEC5260081025D /* PBXContainerItemProxy */;
			sourceTree = BUILT_PRODUCTS_DIR;
		};
		764975A21DFEC5260081025D /* Kingfisher.framework */ = {
			isa = PBXReferenceProxy;
			fileType = wrapper.framework;
			path = Kingfisher.framework;
			remoteRef = 764975A11DFEC5260081025D /* PBXContainerItemProxy */;
			sourceTree = BUILT_PRODUCTS_DIR;
		};
		764975A41DFEC5260081025D /* Kingfisher-Demo.app */ = {
			isa = PBXReferenceProxy;
			fileType = wrapper.application;
			path = "Kingfisher-Demo.app";
			remoteRef = 764975A31DFEC5260081025D /* PBXContainerItemProxy */;
			sourceTree = BUILT_PRODUCTS_DIR;
		};
		764975A61DFEC5260081025D /* Kingfisher-tvOS-Demo.app */ = {
			isa = PBXReferenceProxy;
			fileType = wrapper.application;
			path = "Kingfisher-tvOS-Demo.app";
			remoteRef = 764975A51DFEC5260081025D /* PBXContainerItemProxy */;
			sourceTree = BUILT_PRODUCTS_DIR;
		};
		764975A81DFEC5260081025D /* Kingfisher-macOS-Demo.app */ = {
			isa = PBXReferenceProxy;
			fileType = wrapper.application;
			path = "Kingfisher-macOS-Demo.app";
			remoteRef = 764975A71DFEC5260081025D /* PBXContainerItemProxy */;
			sourceTree = BUILT_PRODUCTS_DIR;
		};
		764975AA1DFEC5260081025D /* Kingfisher-watchOS-Demo.app */ = {
			isa = PBXReferenceProxy;
			fileType = wrapper.application;
			path = "Kingfisher-watchOS-Demo.app";
			remoteRef = 764975A91DFEC5260081025D /* PBXContainerItemProxy */;
			sourceTree = BUILT_PRODUCTS_DIR;
		};
		764975AC1DFEC5260081025D /* Kingfisher-watchOS-Demo Extension.appex */ = {
			isa = PBXReferenceProxy;
			fileType = "wrapper.app-extension";
			path = "Kingfisher-watchOS-Demo Extension.appex";
			remoteRef = 764975AB1DFEC5260081025D /* PBXContainerItemProxy */;
			sourceTree = BUILT_PRODUCTS_DIR;
		};
		764975AE1DFEC5260081025D /* KingfisherTests.xctest */ = {
			isa = PBXReferenceProxy;
			fileType = wrapper.cfbundle;
			path = KingfisherTests.xctest;
			remoteRef = 764975AD1DFEC5260081025D /* PBXContainerItemProxy */;
			sourceTree = BUILT_PRODUCTS_DIR;
		};
		764975B01DFEC5260081025D /* KingfisherTests-tvOS.xctest */ = {
			isa = PBXReferenceProxy;
			fileType = wrapper.cfbundle;
			path = "KingfisherTests-tvOS.xctest";
			remoteRef = 764975AF1DFEC5260081025D /* PBXContainerItemProxy */;
			sourceTree = BUILT_PRODUCTS_DIR;
		};
		764975B21DFEC5260081025D /* KingfisherTests-macOS.xctest */ = {
			isa = PBXReferenceProxy;
			fileType = wrapper.cfbundle;
			path = "KingfisherTests-macOS.xctest";
			remoteRef = 764975B11DFEC5260081025D /* PBXContainerItemProxy */;
			sourceTree = BUILT_PRODUCTS_DIR;
		};
		767FB97D1DDC6F5D00DE349D /* JSONModel.framework */ = {
			isa = PBXReferenceProxy;
			fileType = wrapper.framework;
			path = JSONModel.framework;
			remoteRef = 767FB97C1DDC6F5D00DE349D /* PBXContainerItemProxy */;
			sourceTree = BUILT_PRODUCTS_DIR;
		};
		F39F9B351E8E827900552D86 /* JSONModel.framework */ = {
			isa = PBXReferenceProxy;
			fileType = wrapper.framework;
			path = JSONModel.framework;
			remoteRef = F39F9B341E8E827900552D86 /* PBXContainerItemProxy */;
			sourceTree = BUILT_PRODUCTS_DIR;
		};
		F39F9B371E8E827900552D86 /* JSONModel.framework */ = {
			isa = PBXReferenceProxy;
			fileType = wrapper.framework;
			path = JSONModel.framework;
			remoteRef = F39F9B361E8E827900552D86 /* PBXContainerItemProxy */;
			sourceTree = BUILT_PRODUCTS_DIR;
		};
		F39F9B391E8E827900552D86 /* JSONModel.framework */ = {
			isa = PBXReferenceProxy;
			fileType = wrapper.framework;
			path = JSONModel.framework;
			remoteRef = F39F9B381E8E827900552D86 /* PBXContainerItemProxy */;
			sourceTree = BUILT_PRODUCTS_DIR;
		};
/* End PBXReferenceProxy section */

/* Begin PBXResourcesBuildPhase section */
		76F778561CC64F7100C9E7B8 /* Resources */ = {
			isa = PBXResourcesBuildPhase;
			buildActionMask = 2147483647;
			files = (
				76144F8B1E3F1B6F007BD9DA /* Common.xcassets in Resources */,
				76144F881E3F1B5B007BD9DA /* Main.storyboard in Resources */,
			);
			runOnlyForDeploymentPostprocessing = 0;
		};
		76F7786A1CC64F7100C9E7B8 /* Resources */ = {
			isa = PBXResourcesBuildPhase;
			buildActionMask = 2147483647;
			files = (
			);
			runOnlyForDeploymentPostprocessing = 0;
		};
		76F778751CC64F7100C9E7B8 /* Resources */ = {
			isa = PBXResourcesBuildPhase;
			buildActionMask = 2147483647;
			files = (
			);
			runOnlyForDeploymentPostprocessing = 0;
		};
/* End PBXResourcesBuildPhase section */

/* Begin PBXSourcesBuildPhase section */
		76F778541CC64F7100C9E7B8 /* Sources */ = {
			isa = PBXSourcesBuildPhase;
			buildActionMask = 2147483647;
			files = (
				76F7788B1CC64FD200C9E7B8 /* Objective-CBridgingHeader.m in Sources */,
				76F7785C1CC64F7100C9E7B8 /* AppDelegate.swift in Sources */,
				76144F861E3F1B5B007BD9DA /* BaseClassViewController.swift in Sources */,
				76144F8E1E3F1B95007BD9DA /* TestParams.swift in Sources */,
				76144F8C1E3F1B6F007BD9DA /* MerchantConstants.swift in Sources */,
				76144F871E3F1B5B007BD9DA /* HomeViewController.swift in Sources */,
			);
			runOnlyForDeploymentPostprocessing = 0;
		};
		76F778681CC64F7100C9E7B8 /* Sources */ = {
			isa = PBXSourcesBuildPhase;
			buildActionMask = 2147483647;
			files = (
				76F778711CC64F7100C9E7B8 /* CitrusPayExampleTests.swift in Sources */,
			);
			runOnlyForDeploymentPostprocessing = 0;
		};
		76F778731CC64F7100C9E7B8 /* Sources */ = {
			isa = PBXSourcesBuildPhase;
			buildActionMask = 2147483647;
			files = (
				76F7787C1CC64F7100C9E7B8 /* CitrusPayExampleUITests.swift in Sources */,
			);
			runOnlyForDeploymentPostprocessing = 0;
		};
/* End PBXSourcesBuildPhase section */

/* Begin PBXTargetDependency section */
		764975B61DFEC5320081025D /* PBXTargetDependency */ = {
			isa = PBXTargetDependency;
			name = "Kingfisher-iOS";
			targetProxy = 764975B51DFEC5320081025D /* PBXContainerItemProxy */;
		};
		767FB9881DDC6FA200DE349D /* PBXTargetDependency */ = {
			isa = PBXTargetDependency;
			name = JSONModel;
			targetProxy = 767FB9871DDC6FA200DE349D /* PBXContainerItemProxy */;
		};
		76F7786E1CC64F7100C9E7B8 /* PBXTargetDependency */ = {
			isa = PBXTargetDependency;
			target = 76F778571CC64F7100C9E7B8 /* CitrusPayExample */;
			targetProxy = 76F7786D1CC64F7100C9E7B8 /* PBXContainerItemProxy */;
		};
		76F778791CC64F7100C9E7B8 /* PBXTargetDependency */ = {
			isa = PBXTargetDependency;
			target = 76F778571CC64F7100C9E7B8 /* CitrusPayExample */;
			targetProxy = 76F778781CC64F7100C9E7B8 /* PBXContainerItemProxy */;
		};
/* End PBXTargetDependency section */

/* Begin XCBuildConfiguration section */
		76F7787E1CC64F7100C9E7B8 /* Debug */ = {
			isa = XCBuildConfiguration;
			buildSettings = {
				ALWAYS_SEARCH_USER_PATHS = NO;
				CLANG_CXX_LANGUAGE_STANDARD = "gnu++0x";
				CLANG_CXX_LIBRARY = "libc++";
				CLANG_ENABLE_MODULES = YES;
				CLANG_ENABLE_OBJC_ARC = YES;
				CLANG_WARN_BOOL_CONVERSION = YES;
				CLANG_WARN_CONSTANT_CONVERSION = YES;
				CLANG_WARN_DIRECT_OBJC_ISA_USAGE = YES_ERROR;
				CLANG_WARN_EMPTY_BODY = YES;
				CLANG_WARN_ENUM_CONVERSION = YES;
				CLANG_WARN_INFINITE_RECURSION = YES;
				CLANG_WARN_INT_CONVERSION = YES;
				CLANG_WARN_OBJC_ROOT_CLASS = YES_ERROR;
				CLANG_WARN_SUSPICIOUS_MOVE = YES;
				CLANG_WARN_UNREACHABLE_CODE = YES;
				CLANG_WARN__DUPLICATE_METHOD_MATCH = YES;
				"CODE_SIGN_IDENTITY[sdk=iphoneos*]" = "iPhone Developer";
				COPY_PHASE_STRIP = NO;
				DEBUG_INFORMATION_FORMAT = dwarf;
				ENABLE_STRICT_OBJC_MSGSEND = YES;
				ENABLE_TESTABILITY = YES;
				GCC_C_LANGUAGE_STANDARD = gnu99;
				GCC_DYNAMIC_NO_PIC = NO;
				GCC_NO_COMMON_BLOCKS = YES;
				GCC_OPTIMIZATION_LEVEL = 0;
				GCC_PREPROCESSOR_DEFINITIONS = (
					"DEBUG=1",
					"$(inherited)",
				);
				GCC_WARN_64_TO_32_BIT_CONVERSION = YES;
				GCC_WARN_ABOUT_RETURN_TYPE = YES_ERROR;
				GCC_WARN_UNDECLARED_SELECTOR = YES;
				GCC_WARN_UNINITIALIZED_AUTOS = YES_AGGRESSIVE;
				GCC_WARN_UNUSED_FUNCTION = YES;
				GCC_WARN_UNUSED_VARIABLE = YES;
				IPHONEOS_DEPLOYMENT_TARGET = 9.0;
				MTL_ENABLE_DEBUG_INFO = YES;
				ONLY_ACTIVE_ARCH = YES;
				SDKROOT = iphoneos;
				SWIFT_OPTIMIZATION_LEVEL = "-Onone";
			};
			name = Debug;
		};
		76F7787F1CC64F7100C9E7B8 /* Release */ = {
			isa = XCBuildConfiguration;
			buildSettings = {
				ALWAYS_SEARCH_USER_PATHS = NO;
				CLANG_CXX_LANGUAGE_STANDARD = "gnu++0x";
				CLANG_CXX_LIBRARY = "libc++";
				CLANG_ENABLE_MODULES = YES;
				CLANG_ENABLE_OBJC_ARC = YES;
				CLANG_WARN_BOOL_CONVERSION = YES;
				CLANG_WARN_CONSTANT_CONVERSION = YES;
				CLANG_WARN_DIRECT_OBJC_ISA_USAGE = YES_ERROR;
				CLANG_WARN_EMPTY_BODY = YES;
				CLANG_WARN_ENUM_CONVERSION = YES;
				CLANG_WARN_INFINITE_RECURSION = YES;
				CLANG_WARN_INT_CONVERSION = YES;
				CLANG_WARN_OBJC_ROOT_CLASS = YES_ERROR;
				CLANG_WARN_SUSPICIOUS_MOVE = YES;
				CLANG_WARN_UNREACHABLE_CODE = YES;
				CLANG_WARN__DUPLICATE_METHOD_MATCH = YES;
				"CODE_SIGN_IDENTITY[sdk=iphoneos*]" = "iPhone Developer";
				COPY_PHASE_STRIP = NO;
				DEBUG_INFORMATION_FORMAT = "dwarf-with-dsym";
				ENABLE_NS_ASSERTIONS = NO;
				ENABLE_STRICT_OBJC_MSGSEND = YES;
				GCC_C_LANGUAGE_STANDARD = gnu99;
				GCC_NO_COMMON_BLOCKS = YES;
				GCC_WARN_64_TO_32_BIT_CONVERSION = YES;
				GCC_WARN_ABOUT_RETURN_TYPE = YES_ERROR;
				GCC_WARN_UNDECLARED_SELECTOR = YES;
				GCC_WARN_UNINITIALIZED_AUTOS = YES_AGGRESSIVE;
				GCC_WARN_UNUSED_FUNCTION = YES;
				GCC_WARN_UNUSED_VARIABLE = YES;
				IPHONEOS_DEPLOYMENT_TARGET = 9.0;
				MTL_ENABLE_DEBUG_INFO = NO;
				SDKROOT = iphoneos;
				SWIFT_OPTIMIZATION_LEVEL = "-Owholemodule";
				VALIDATE_PRODUCT = YES;
			};
			name = Release;
		};
		76F778811CC64F7100C9E7B8 /* Debug */ = {
			isa = XCBuildConfiguration;
			buildSettings = {
				ALWAYS_EMBED_SWIFT_STANDARD_LIBRARIES = YES;
				ASSETCATALOG_COMPILER_APPICON_NAME = AppIcon;
				CLANG_ENABLE_MODULES = YES;
				DEVELOPMENT_TEAM = "";
				FRAMEWORK_SEARCH_PATHS = (
					"$(PROJECT_DIR)/../../../Framework/core-sdk/**",
					"$(PROJECT_DIR)/../../../Framework/graphics-sdk/**",
				);
				INFOPLIST_FILE = CitrusPayExample/Info.plist;
				IPHONEOS_DEPLOYMENT_TARGET = 8.0;
				LD_RUNPATH_SEARCH_PATHS = "$(inherited) @executable_path/Frameworks";
				PRODUCT_BUNDLE_IDENTIFIER = "com.citruspay.sdk.using-Swift-binary-library";
				PRODUCT_NAME = "$(TARGET_NAME)";
				SWIFT_OBJC_BRIDGING_HEADER = "CitrusPayExample/CitrusPayExample-Bridging-Header.h";
				SWIFT_OPTIMIZATION_LEVEL = "-Onone";
				SWIFT_VERSION = 3.0;
			};
			name = Debug;
		};
		76F778821CC64F7100C9E7B8 /* Release */ = {
			isa = XCBuildConfiguration;
			buildSettings = {
				ALWAYS_EMBED_SWIFT_STANDARD_LIBRARIES = YES;
				ASSETCATALOG_COMPILER_APPICON_NAME = AppIcon;
				CLANG_ENABLE_MODULES = YES;
				DEVELOPMENT_TEAM = "";
				FRAMEWORK_SEARCH_PATHS = (
					"$(PROJECT_DIR)/../../../Framework/core-sdk/**",
					"$(PROJECT_DIR)/../../../Framework/graphics-sdk/**",
				);
				INFOPLIST_FILE = CitrusPayExample/Info.plist;
				IPHONEOS_DEPLOYMENT_TARGET = 8.0;
				LD_RUNPATH_SEARCH_PATHS = "$(inherited) @executable_path/Frameworks";
				PRODUCT_BUNDLE_IDENTIFIER = "com.citruspay.sdk.using-Swift-binary-library";
				PRODUCT_NAME = "$(TARGET_NAME)";
				SWIFT_OBJC_BRIDGING_HEADER = "CitrusPayExample/CitrusPayExample-Bridging-Header.h";
				SWIFT_VERSION = 3.0;
			};
			name = Release;
		};
		76F778841CC64F7100C9E7B8 /* Debug */ = {
			isa = XCBuildConfiguration;
			buildSettings = {
				BUNDLE_LOADER = "$(TEST_HOST)";
				INFOPLIST_FILE = CitrusPayExampleTests/Info.plist;
				LD_RUNPATH_SEARCH_PATHS = "$(inherited) @executable_path/Frameworks @loader_path/Frameworks";
				PRODUCT_BUNDLE_IDENTIFIER = com.citruspay.sdk.CitrusPayExampleTests;
				PRODUCT_NAME = "$(TARGET_NAME)";
				SWIFT_VERSION = 3.0;
				TEST_HOST = "$(BUILT_PRODUCTS_DIR)/CitrusPayExample.app/CitrusPayExample";
			};
			name = Debug;
		};
		76F778851CC64F7100C9E7B8 /* Release */ = {
			isa = XCBuildConfiguration;
			buildSettings = {
				BUNDLE_LOADER = "$(TEST_HOST)";
				INFOPLIST_FILE = CitrusPayExampleTests/Info.plist;
				LD_RUNPATH_SEARCH_PATHS = "$(inherited) @executable_path/Frameworks @loader_path/Frameworks";
				PRODUCT_BUNDLE_IDENTIFIER = com.citruspay.sdk.CitrusPayExampleTests;
				PRODUCT_NAME = "$(TARGET_NAME)";
				SWIFT_VERSION = 3.0;
				TEST_HOST = "$(BUILT_PRODUCTS_DIR)/CitrusPayExample.app/CitrusPayExample";
			};
			name = Release;
		};
		76F778871CC64F7100C9E7B8 /* Debug */ = {
			isa = XCBuildConfiguration;
			buildSettings = {
				INFOPLIST_FILE = CitrusPayExampleUITests/Info.plist;
				LD_RUNPATH_SEARCH_PATHS = "$(inherited) @executable_path/Frameworks @loader_path/Frameworks";
				PRODUCT_BUNDLE_IDENTIFIER = com.citruspay.sdk.CitrusPayExampleUITests;
				PRODUCT_NAME = "$(TARGET_NAME)";
				SWIFT_VERSION = 3.0;
				TEST_TARGET_NAME = CitrusPayExample;
				USES_XCTRUNNER = YES;
			};
			name = Debug;
		};
		76F778881CC64F7100C9E7B8 /* Release */ = {
			isa = XCBuildConfiguration;
			buildSettings = {
				INFOPLIST_FILE = CitrusPayExampleUITests/Info.plist;
				LD_RUNPATH_SEARCH_PATHS = "$(inherited) @executable_path/Frameworks @loader_path/Frameworks";
				PRODUCT_BUNDLE_IDENTIFIER = com.citruspay.sdk.CitrusPayExampleUITests;
				PRODUCT_NAME = "$(TARGET_NAME)";
				SWIFT_VERSION = 3.0;
				TEST_TARGET_NAME = CitrusPayExample;
				USES_XCTRUNNER = YES;
			};
			name = Release;
		};
/* End XCBuildConfiguration section */

/* Begin XCConfigurationList section */
		76F778531CC64F7100C9E7B8 /* Build configuration list for PBXProject "CitrusPayExample" */ = {
			isa = XCConfigurationList;
			buildConfigurations = (
				76F7787E1CC64F7100C9E7B8 /* Debug */,
				76F7787F1CC64F7100C9E7B8 /* Release */,
			);
			defaultConfigurationIsVisible = 0;
			defaultConfigurationName = Release;
		};
		76F778801CC64F7100C9E7B8 /* Build configuration list for PBXNativeTarget "CitrusPayExample" */ = {
			isa = XCConfigurationList;
			buildConfigurations = (
				76F778811CC64F7100C9E7B8 /* Debug */,
				76F778821CC64F7100C9E7B8 /* Release */,
			);
			defaultConfigurationIsVisible = 0;
			defaultConfigurationName = Release;
		};
		76F778831CC64F7100C9E7B8 /* Build configuration list for PBXNativeTarget "CitrusPayExampleTests" */ = {
			isa = XCConfigurationList;
			buildConfigurations = (
				76F778841CC64F7100C9E7B8 /* Debug */,
				76F778851CC64F7100C9E7B8 /* Release */,
			);
			defaultConfigurationIsVisible = 0;
			defaultConfigurationName = Release;
		};
		76F778861CC64F7100C9E7B8 /* Build configuration list for PBXNativeTarget "CitrusPayExampleUITests" */ = {
			isa = XCConfigurationList;
			buildConfigurations = (
				76F778871CC64F7100C9E7B8 /* Debug */,
				76F778881CC64F7100C9E7B8 /* Release */,
			);
			defaultConfigurationIsVisible = 0;
			defaultConfigurationName = Release;
		};
/* End XCConfigurationList section */
	};
	rootObject = 76F778501CC64F7100C9E7B8 /* Project object */;
}
