// !$*UTF8*$!
{
	archiveVersion = 1;
	classes = {
	};
	objectVersion = 46;
	objects = {

/* Begin PBXBuildFile section */
		763477A71E3B7FC1007ED364 /* Common.xcassets in Resources */ = {isa = PBXBuildFile; fileRef = 763477A61E3B7FC1007ED364 /* Common.xcassets */; };
		763477A91E3B7FD1007ED364 /* Main.storyboard in Resources */ = {isa = PBXBuildFile; fileRef = 763477A81E3B7FD1007ED364 /* Main.storyboard */; };
		766EF69B1DD1C1E400F99409 /* main.m in Sources */ = {isa = PBXBuildFile; fileRef = 766EF69A1DD1C1E400F99409 /* main.m */; };
		766EF69E1DD1C1E400F99409 /* AppDelegate.m in Sources */ = {isa = PBXBuildFile; fileRef = 766EF69D1DD1C1E400F99409 /* AppDelegate.m */; };
		766EF6B41DD1C1E400F99409 /* CitrusGraphicsExampleTests.m in Sources */ = {isa = PBXBuildFile; fileRef = 766EF6B31DD1C1E400F99409 /* CitrusGraphicsExampleTests.m */; };
		766EF7DB1DD1CCC100F99409 /* Kingfisher.framework in Frameworks */ = {isa = PBXBuildFile; fileRef = 766EF7C41DD1CCB800F99409 /* Kingfisher.framework */; };
		766EF7DC1DD1CCC100F99409 /* Kingfisher.framework in Embed Frameworks */ = {isa = PBXBuildFile; fileRef = 766EF7C41DD1CCB800F99409 /* Kingfisher.framework */; settings = {ATTRIBUTES = (CodeSignOnCopy, RemoveHeadersOnCopy, ); }; };
		766EF7DF1DD1CCC100F99409 /* CitrusGraphics.framework in Frameworks */ = {isa = PBXBuildFile; fileRef = 766EF7891DD1CC9800F99409 /* CitrusGraphics.framework */; };
		766EF7E01DD1CCC100F99409 /* CitrusGraphics.framework in Embed Frameworks */ = {isa = PBXBuildFile; fileRef = 766EF7891DD1CC9800F99409 /* CitrusGraphics.framework */; settings = {ATTRIBUTES = (CodeSignOnCopy, RemoveHeadersOnCopy, ); }; };
		766EF7EF1DD1DFD300F99409 /* ViewController.m in Sources */ = {isa = PBXBuildFile; fileRef = 766EF7EB1DD1DFD300F99409 /* ViewController.m */; };
/* End PBXBuildFile section */

/* Begin PBXContainerItemProxy section */
		766EF6B01DD1C1E400F99409 /* PBXContainerItemProxy */ = {
			isa = PBXContainerItemProxy;
			containerPortal = 766EF68E1DD1C1E400F99409 /* Project object */;
			proxyType = 1;
			remoteGlobalIDString = 766EF6951DD1C1E400F99409;
			remoteInfo = CitrusGraphicsExample;
		};
		766EF7C31DD1CCB800F99409 /* PBXContainerItemProxy */ = {
			isa = PBXContainerItemProxy;
			containerPortal = 766EF7B41DD1CCB800F99409 /* Kingfisher.xcodeproj */;
			proxyType = 2;
			remoteGlobalIDString = D1ED2D351AD2D09F00CFC3EB;
			remoteInfo = "Kingfisher-iOS";
		};
		766EF7C51DD1CCB800F99409 /* PBXContainerItemProxy */ = {
			isa = PBXContainerItemProxy;
			containerPortal = 766EF7B41DD1CCB800F99409 /* Kingfisher.xcodeproj */;
			proxyType = 2;
			remoteGlobalIDString = D13F49D61BEDA67C00CE335D;
			remoteInfo = "Kingfisher-tvOS";
		};
		766EF7C71DD1CCB800F99409 /* PBXContainerItemProxy */ = {
			isa = PBXContainerItemProxy;
			containerPortal = 766EF7B41DD1CCB800F99409 /* Kingfisher.xcodeproj */;
			proxyType = 2;
			remoteGlobalIDString = 4B2944481C3D01B20088C3E7;
			remoteInfo = "Kingfisher-macOS";
		};
		766EF7C91DD1CCB800F99409 /* PBXContainerItemProxy */ = {
			isa = PBXContainerItemProxy;
			containerPortal = 766EF7B41DD1CCB800F99409 /* Kingfisher.xcodeproj */;
			proxyType = 2;
			remoteGlobalIDString = D16799EB1C4E74460020FD12;
			remoteInfo = "Kingfisher-watchOS";
		};
		766EF7CB1DD1CCB800F99409 /* PBXContainerItemProxy */ = {
			isa = PBXContainerItemProxy;
			containerPortal = 766EF7B41DD1CCB800F99409 /* Kingfisher.xcodeproj */;
			proxyType = 2;
			remoteGlobalIDString = D1ED2D0B1AD2CFA600CFC3EB;
			remoteInfo = "Kingfisher-Demo";
		};
		766EF7CD1DD1CCB800F99409 /* PBXContainerItemProxy */ = {
			isa = PBXContainerItemProxy;
			containerPortal = 766EF7B41DD1CCB800F99409 /* Kingfisher.xcodeproj */;
			proxyType = 2;
			remoteGlobalIDString = D13F49C21BEDA53F00CE335D;
			remoteInfo = "Kingfisher-tvOS-Demo";
		};
		766EF7CF1DD1CCB800F99409 /* PBXContainerItemProxy */ = {
			isa = PBXContainerItemProxy;
			containerPortal = 766EF7B41DD1CCB800F99409 /* Kingfisher.xcodeproj */;
			proxyType = 2;
			remoteGlobalIDString = 4B2944551C3D03880088C3E7;
			remoteInfo = "Kingfisher-macOS-Demo";
		};
		766EF7D11DD1CCB800F99409 /* PBXContainerItemProxy */ = {
			isa = PBXContainerItemProxy;
			containerPortal = 766EF7B41DD1CCB800F99409 /* Kingfisher.xcodeproj */;
			proxyType = 2;
			remoteGlobalIDString = D1679A391C4E78B20020FD12;
			remoteInfo = "Kingfisher-watchOS-Demo";
		};
		766EF7D31DD1CCB800F99409 /* PBXContainerItemProxy */ = {
			isa = PBXContainerItemProxy;
			containerPortal = 766EF7B41DD1CCB800F99409 /* Kingfisher.xcodeproj */;
			proxyType = 2;
			remoteGlobalIDString = D1679A451C4E78B20020FD12;
			remoteInfo = "Kingfisher-watchOS-Demo Extension";
		};
		766EF7D51DD1CCB800F99409 /* PBXContainerItemProxy */ = {
			isa = PBXContainerItemProxy;
			containerPortal = 766EF7B41DD1CCB800F99409 /* Kingfisher.xcodeproj */;
			proxyType = 2;
			remoteGlobalIDString = D1ED2D3F1AD2D09F00CFC3EB;
			remoteInfo = KingfisherTests;
		};
		766EF7D71DD1CCB800F99409 /* PBXContainerItemProxy */ = {
			isa = PBXContainerItemProxy;
			containerPortal = 766EF7B41DD1CCB800F99409 /* Kingfisher.xcodeproj */;
			proxyType = 2;
			remoteGlobalIDString = 4B37667F1C478F940001443F;
			remoteInfo = "KingfisherTests-tvOS";
		};
		766EF7D91DD1CCB800F99409 /* PBXContainerItemProxy */ = {
			isa = PBXContainerItemProxy;
			containerPortal = 766EF7B41DD1CCB800F99409 /* Kingfisher.xcodeproj */;
			proxyType = 2;
			remoteGlobalIDString = D10EC2311C3D632300A4211C;
			remoteInfo = "KingfisherTests-macOS";
		};
		766EF7DD1DD1CCC100F99409 /* PBXContainerItemProxy */ = {
			isa = PBXContainerItemProxy;
			containerPortal = 766EF7B41DD1CCB800F99409 /* Kingfisher.xcodeproj */;
			proxyType = 1;
			remoteGlobalIDString = D1ED2D341AD2D09F00CFC3EB;
			remoteInfo = "Kingfisher-iOS";
		};
/* End PBXContainerItemProxy section */

/* Begin PBXCopyFilesBuildPhase section */
		766EF7E11DD1CCC100F99409 /* Embed Frameworks */ = {
			isa = PBXCopyFilesBuildPhase;
			buildActionMask = 2147483647;
			dstPath = "";
			dstSubfolderSpec = 10;
			files = (
				766EF7DC1DD1CCC100F99409 /* Kingfisher.framework in Embed Frameworks */,
				766EF7E01DD1CCC100F99409 /* CitrusGraphics.framework in Embed Frameworks */,
			);
			name = "Embed Frameworks";
			runOnlyForDeploymentPostprocessing = 0;
		};
/* End PBXCopyFilesBuildPhase section */

/* Begin PBXFileReference section */
		763477A61E3B7FC1007ED364 /* Common.xcassets */ = {isa = PBXFileReference; lastKnownFileType = folder.assetcatalog; name = Common.xcassets; path = "../../../Common-Data/Common.xcassets"; sourceTree = "<group>"; };
		763477A81E3B7FD1007ED364 /* Main.storyboard */ = {isa = PBXFileReference; fileEncoding = 4; lastKnownFileType = file.storyboard; path = Main.storyboard; sourceTree = "<group>"; };
		766EF6961DD1C1E400F99409 /* CitrusGraphicsExample.app */ = {isa = PBXFileReference; explicitFileType = wrapper.application; includeInIndex = 0; path = CitrusGraphicsExample.app; sourceTree = BUILT_PRODUCTS_DIR; };
		766EF69A1DD1C1E400F99409 /* main.m */ = {isa = PBXFileReference; lastKnownFileType = sourcecode.c.objc; path = main.m; sourceTree = "<group>"; };
		766EF69C1DD1C1E400F99409 /* AppDelegate.h */ = {isa = PBXFileReference; lastKnownFileType = sourcecode.c.h; path = AppDelegate.h; sourceTree = "<group>"; };
		766EF69D1DD1C1E400F99409 /* AppDelegate.m */ = {isa = PBXFileReference; lastKnownFileType = sourcecode.c.objc; path = AppDelegate.m; sourceTree = "<group>"; };
		766EF6AA1DD1C1E400F99409 /* Info.plist */ = {isa = PBXFileReference; lastKnownFileType = text.plist.xml; path = Info.plist; sourceTree = "<group>"; };
		766EF6AF1DD1C1E400F99409 /* CitrusGraphicsExampleTests.xctest */ = {isa = PBXFileReference; explicitFileType = wrapper.cfbundle; includeInIndex = 0; path = CitrusGraphicsExampleTests.xctest; sourceTree = BUILT_PRODUCTS_DIR; };
		766EF6B31DD1C1E400F99409 /* CitrusGraphicsExampleTests.m */ = {isa = PBXFileReference; lastKnownFileType = sourcecode.c.objc; path = CitrusGraphicsExampleTests.m; sourceTree = "<group>"; };
		766EF6B51DD1C1E400F99409 /* Info.plist */ = {isa = PBXFileReference; lastKnownFileType = text.plist.xml; path = Info.plist; sourceTree = "<group>"; };
		766EF7891DD1CC9800F99409 /* CitrusGraphics.framework */ = {isa = PBXFileReference; lastKnownFileType = wrapper.framework; path = CitrusGraphics.framework; sourceTree = "<group>"; };
		766EF7B41DD1CCB800F99409 /* Kingfisher.xcodeproj */ = {isa = PBXFileReference; lastKnownFileType = "wrapper.pb-project"; name = Kingfisher.xcodeproj; path = ../../../Dependency/Kingfisher/Kingfisher.xcodeproj; sourceTree = "<group>"; };
		766EF7EA1DD1DFD300F99409 /* ViewController.h */ = {isa = PBXFileReference; fileEncoding = 4; lastKnownFileType = sourcecode.c.h; path = ViewController.h; sourceTree = "<group>"; };
		766EF7EB1DD1DFD300F99409 /* ViewController.m */ = {isa = PBXFileReference; fileEncoding = 4; lastKnownFileType = sourcecode.c.objc; path = ViewController.m; sourceTree = "<group>"; };
/* End PBXFileReference section */

/* Begin PBXFrameworksBuildPhase section */
		766EF6931DD1C1E400F99409 /* Frameworks */ = {
			isa = PBXFrameworksBuildPhase;
			buildActionMask = 2147483647;
			files = (
				766EF7DB1DD1CCC100F99409 /* Kingfisher.framework in Frameworks */,
				766EF7DF1DD1CCC100F99409 /* CitrusGraphics.framework in Frameworks */,
			);
			runOnlyForDeploymentPostprocessing = 0;
		};
		766EF6AC1DD1C1E400F99409 /* Frameworks */ = {
			isa = PBXFrameworksBuildPhase;
			buildActionMask = 2147483647;
			files = (
			);
			runOnlyForDeploymentPostprocessing = 0;
		};
/* End PBXFrameworksBuildPhase section */

/* Begin PBXGroup section */
		766EF68D1DD1C1E400F99409 = {
			isa = PBXGroup;
			children = (
				766EF7B41DD1CCB800F99409 /* Kingfisher.xcodeproj */,
				766EF7881DD1CC9800F99409 /* graphics-sdk */,
				766EF6981DD1C1E400F99409 /* CitrusGraphicsExample */,
				766EF6B21DD1C1E400F99409 /* CitrusGraphicsExampleTests */,
				766EF6971DD1C1E400F99409 /* Products */,
			);
			sourceTree = "<group>";
		};
		766EF6971DD1C1E400F99409 /* Products */ = {
			isa = PBXGroup;
			children = (
				766EF6961DD1C1E400F99409 /* CitrusGraphicsExample.app */,
				766EF6AF1DD1C1E400F99409 /* CitrusGraphicsExampleTests.xctest */,
			);
			name = Products;
			sourceTree = "<group>";
		};
		766EF6981DD1C1E400F99409 /* CitrusGraphicsExample */ = {
			isa = PBXGroup;
			children = (
				766EF7E41DD1DFD300F99409 /* test-ui-example */,
				766EF69C1DD1C1E400F99409 /* AppDelegate.h */,
				766EF69D1DD1C1E400F99409 /* AppDelegate.m */,
				766EF6AA1DD1C1E400F99409 /* Info.plist */,
				766EF6991DD1C1E400F99409 /* Supporting Files */,
			);
			path = CitrusGraphicsExample;
			sourceTree = "<group>";
		};
		766EF6991DD1C1E400F99409 /* Supporting Files */ = {
			isa = PBXGroup;
			children = (
				766EF69A1DD1C1E400F99409 /* main.m */,
			);
			name = "Supporting Files";
			sourceTree = "<group>";
		};
		766EF6B21DD1C1E400F99409 /* CitrusGraphicsExampleTests */ = {
			isa = PBXGroup;
			children = (
				766EF6B31DD1C1E400F99409 /* CitrusGraphicsExampleTests.m */,
				766EF6B51DD1C1E400F99409 /* Info.plist */,
			);
			path = CitrusGraphicsExampleTests;
			sourceTree = "<group>";
		};
		766EF7881DD1CC9800F99409 /* graphics-sdk */ = {
			isa = PBXGroup;
			children = (
				766EF7891DD1CC9800F99409 /* CitrusGraphics.framework */,
			);
			name = "graphics-sdk";
			path = "../../../Framework/graphics-sdk";
			sourceTree = "<group>";
		};
		766EF7B51DD1CCB800F99409 /* Products */ = {
			isa = PBXGroup;
			children = (
				766EF7C41DD1CCB800F99409 /* Kingfisher.framework */,
				766EF7C61DD1CCB800F99409 /* Kingfisher.framework */,
				766EF7C81DD1CCB800F99409 /* Kingfisher.framework */,
				766EF7CA1DD1CCB800F99409 /* Kingfisher.framework */,
				766EF7CC1DD1CCB800F99409 /* Kingfisher-Demo.app */,
				766EF7CE1DD1CCB800F99409 /* Kingfisher-tvOS-Demo.app */,
				766EF7D01DD1CCB800F99409 /* Kingfisher-macOS-Demo.app */,
				766EF7D21DD1CCB800F99409 /* Kingfisher-watchOS-Demo.app */,
				766EF7D41DD1CCB800F99409 /* Kingfisher-watchOS-Demo Extension.appex */,
				766EF7D61DD1CCB800F99409 /* KingfisherTests.xctest */,
				766EF7D81DD1CCB800F99409 /* KingfisherTests-tvOS.xctest */,
				766EF7DA1DD1CCB800F99409 /* KingfisherTests-macOS.xctest */,
			);
			name = Products;
			sourceTree = "<group>";
		};
		766EF7E41DD1DFD300F99409 /* test-ui-example */ = {
			isa = PBXGroup;
			children = (
				763477A81E3B7FD1007ED364 /* Main.storyboard */,
				763477A61E3B7FC1007ED364 /* Common.xcassets */,
				766EF7EA1DD1DFD300F99409 /* ViewController.h */,
				766EF7EB1DD1DFD300F99409 /* ViewController.m */,
			);
			name = "test-ui-example";
			path = "../../test-ui-example";
			sourceTree = "<group>";
		};
/* End PBXGroup section */

/* Begin PBXNativeTarget section */
		766EF6951DD1C1E400F99409 /* CitrusGraphicsExample */ = {
			isa = PBXNativeTarget;
			buildConfigurationList = 766EF6B81DD1C1E400F99409 /* Build configuration list for PBXNativeTarget "CitrusGraphicsExample" */;
			buildPhases = (
				766EF6921DD1C1E400F99409 /* Sources */,
				766EF6931DD1C1E400F99409 /* Frameworks */,
				766EF6941DD1C1E400F99409 /* Resources */,
				766EF7E11DD1CCC100F99409 /* Embed Frameworks */,
			);
			buildRules = (
			);
			dependencies = (
				766EF7DE1DD1CCC100F99409 /* PBXTargetDependency */,
			);
			name = CitrusGraphicsExample;
			productName = CitrusGraphicsExample;
			productReference = 766EF6961DD1C1E400F99409 /* CitrusGraphicsExample.app */;
			productType = "com.apple.product-type.application";
		};
		766EF6AE1DD1C1E400F99409 /* CitrusGraphicsExampleTests */ = {
			isa = PBXNativeTarget;
			buildConfigurationList = 766EF6BB1DD1C1E400F99409 /* Build configuration list for PBXNativeTarget "CitrusGraphicsExampleTests" */;
			buildPhases = (
				766EF6AB1DD1C1E400F99409 /* Sources */,
				766EF6AC1DD1C1E400F99409 /* Frameworks */,
				766EF6AD1DD1C1E400F99409 /* Resources */,
			);
			buildRules = (
			);
			dependencies = (
				766EF6B11DD1C1E400F99409 /* PBXTargetDependency */,
			);
			name = CitrusGraphicsExampleTests;
			productName = CitrusGraphicsExampleTests;
			productReference = 766EF6AF1DD1C1E400F99409 /* CitrusGraphicsExampleTests.xctest */;
			productType = "com.apple.product-type.bundle.unit-test";
		};
/* End PBXNativeTarget section */

/* Begin PBXProject section */
		766EF68E1DD1C1E400F99409 /* Project object */ = {
			isa = PBXProject;
			attributes = {
				LastUpgradeCheck = 0820;
				ORGANIZATIONNAME = CitrusPay;
				TargetAttributes = {
					766EF6951DD1C1E400F99409 = {
						CreatedOnToolsVersion = 8.0;
						ProvisioningStyle = Manual;
					};
					766EF6AE1DD1C1E400F99409 = {
						CreatedOnToolsVersion = 8.0;
						DevelopmentTeam = BF75J23QJ2;
						ProvisioningStyle = Automatic;
						TestTargetID = 766EF6951DD1C1E400F99409;
					};
				};
			};
			buildConfigurationList = 766EF6911DD1C1E400F99409 /* Build configuration list for PBXProject "CitrusGraphicsExample" */;
			compatibilityVersion = "Xcode 3.2";
			developmentRegion = English;
			hasScannedForEncodings = 0;
			knownRegions = (
				en,
				Base,
			);
			mainGroup = 766EF68D1DD1C1E400F99409;
			productRefGroup = 766EF6971DD1C1E400F99409 /* Products */;
			projectDirPath = "";
			projectReferences = (
				{
					ProductGroup = 766EF7B51DD1CCB800F99409 /* Products */;
					ProjectRef = 766EF7B41DD1CCB800F99409 /* Kingfisher.xcodeproj */;
				},
			);
			projectRoot = "";
			targets = (
				766EF6951DD1C1E400F99409 /* CitrusGraphicsExample */,
				766EF6AE1DD1C1E400F99409 /* CitrusGraphicsExampleTests */,
			);
		};
/* End PBXProject section */

/* Begin PBXReferenceProxy section */
		766EF7C41DD1CCB800F99409 /* Kingfisher.framework */ = {
			isa = PBXReferenceProxy;
			fileType = wrapper.framework;
			path = Kingfisher.framework;
			remoteRef = 766EF7C31DD1CCB800F99409 /* PBXContainerItemProxy */;
			sourceTree = BUILT_PRODUCTS_DIR;
		};
		766EF7C61DD1CCB800F99409 /* Kingfisher.framework */ = {
			isa = PBXReferenceProxy;
			fileType = wrapper.framework;
			path = Kingfisher.framework;
			remoteRef = 766EF7C51DD1CCB800F99409 /* PBXContainerItemProxy */;
			sourceTree = BUILT_PRODUCTS_DIR;
		};
		766EF7C81DD1CCB800F99409 /* Kingfisher.framework */ = {
			isa = PBXReferenceProxy;
			fileType = wrapper.framework;
			path = Kingfisher.framework;
			remoteRef = 766EF7C71DD1CCB800F99409 /* PBXContainerItemProxy */;
			sourceTree = BUILT_PRODUCTS_DIR;
		};
		766EF7CA1DD1CCB800F99409 /* Kingfisher.framework */ = {
			isa = PBXReferenceProxy;
			fileType = wrapper.framework;
			path = Kingfisher.framework;
			remoteRef = 766EF7C91DD1CCB800F99409 /* PBXContainerItemProxy */;
			sourceTree = BUILT_PRODUCTS_DIR;
		};
		766EF7CC1DD1CCB800F99409 /* Kingfisher-Demo.app */ = {
			isa = PBXReferenceProxy;
			fileType = wrapper.application;
			path = "Kingfisher-Demo.app";
			remoteRef = 766EF7CB1DD1CCB800F99409 /* PBXContainerItemProxy */;
			sourceTree = BUILT_PRODUCTS_DIR;
		};
		766EF7CE1DD1CCB800F99409 /* Kingfisher-tvOS-Demo.app */ = {
			isa = PBXReferenceProxy;
			fileType = wrapper.application;
			path = "Kingfisher-tvOS-Demo.app";
			remoteRef = 766EF7CD1DD1CCB800F99409 /* PBXContainerItemProxy */;
			sourceTree = BUILT_PRODUCTS_DIR;
		};
		766EF7D01DD1CCB800F99409 /* Kingfisher-macOS-Demo.app */ = {
			isa = PBXReferenceProxy;
			fileType = wrapper.application;
			path = "Kingfisher-macOS-Demo.app";
			remoteRef = 766EF7CF1DD1CCB800F99409 /* PBXContainerItemProxy */;
			sourceTree = BUILT_PRODUCTS_DIR;
		};
		766EF7D21DD1CCB800F99409 /* Kingfisher-watchOS-Demo.app */ = {
			isa = PBXReferenceProxy;
			fileType = wrapper.application;
			path = "Kingfisher-watchOS-Demo.app";
			remoteRef = 766EF7D11DD1CCB800F99409 /* PBXContainerItemProxy */;
			sourceTree = BUILT_PRODUCTS_DIR;
		};
		766EF7D41DD1CCB800F99409 /* Kingfisher-watchOS-Demo Extension.appex */ = {
			isa = PBXReferenceProxy;
			fileType = "wrapper.app-extension";
			path = "Kingfisher-watchOS-Demo Extension.appex";
			remoteRef = 766EF7D31DD1CCB800F99409 /* PBXContainerItemProxy */;
			sourceTree = BUILT_PRODUCTS_DIR;
		};
		766EF7D61DD1CCB800F99409 /* KingfisherTests.xctest */ = {
			isa = PBXReferenceProxy;
			fileType = wrapper.cfbundle;
			path = KingfisherTests.xctest;
			remoteRef = 766EF7D51DD1CCB800F99409 /* PBXContainerItemProxy */;
			sourceTree = BUILT_PRODUCTS_DIR;
		};
		766EF7D81DD1CCB800F99409 /* KingfisherTests-tvOS.xctest */ = {
			isa = PBXReferenceProxy;
			fileType = wrapper.cfbundle;
			path = "KingfisherTests-tvOS.xctest";
			remoteRef = 766EF7D71DD1CCB800F99409 /* PBXContainerItemProxy */;
			sourceTree = BUILT_PRODUCTS_DIR;
		};
		766EF7DA1DD1CCB800F99409 /* KingfisherTests-macOS.xctest */ = {
			isa = PBXReferenceProxy;
			fileType = wrapper.cfbundle;
			path = "KingfisherTests-macOS.xctest";
			remoteRef = 766EF7D91DD1CCB800F99409 /* PBXContainerItemProxy */;
			sourceTree = BUILT_PRODUCTS_DIR;
		};
/* End PBXReferenceProxy section */

/* Begin PBXResourcesBuildPhase section */
		766EF6941DD1C1E400F99409 /* Resources */ = {
			isa = PBXResourcesBuildPhase;
			buildActionMask = 2147483647;
			files = (
				763477A71E3B7FC1007ED364 /* Common.xcassets in Resources */,
				763477A91E3B7FD1007ED364 /* Main.storyboard in Resources */,
			);
			runOnlyForDeploymentPostprocessing = 0;
		};
		766EF6AD1DD1C1E400F99409 /* Resources */ = {
			isa = PBXResourcesBuildPhase;
			buildActionMask = 2147483647;
			files = (
			);
			runOnlyForDeploymentPostprocessing = 0;
		};
/* End PBXResourcesBuildPhase section */

/* Begin PBXSourcesBuildPhase section */
		766EF6921DD1C1E400F99409 /* Sources */ = {
			isa = PBXSourcesBuildPhase;
			buildActionMask = 2147483647;
			files = (
				766EF7EF1DD1DFD300F99409 /* ViewController.m in Sources */,
				766EF69E1DD1C1E400F99409 /* AppDelegate.m in Sources */,
				766EF69B1DD1C1E400F99409 /* main.m in Sources */,
			);
			runOnlyForDeploymentPostprocessing = 0;
		};
		766EF6AB1DD1C1E400F99409 /* Sources */ = {
			isa = PBXSourcesBuildPhase;
			buildActionMask = 2147483647;
			files = (
				766EF6B41DD1C1E400F99409 /* CitrusGraphicsExampleTests.m in Sources */,
			);
			runOnlyForDeploymentPostprocessing = 0;
		};
/* End PBXSourcesBuildPhase section */

/* Begin PBXTargetDependency section */
		766EF6B11DD1C1E400F99409 /* PBXTargetDependency */ = {
			isa = PBXTargetDependency;
			target = 766EF6951DD1C1E400F99409 /* CitrusGraphicsExample */;
			targetProxy = 766EF6B01DD1C1E400F99409 /* PBXContainerItemProxy */;
		};
		766EF7DE1DD1CCC100F99409 /* PBXTargetDependency */ = {
			isa = PBXTargetDependency;
			name = "Kingfisher-iOS";
			targetProxy = 766EF7DD1DD1CCC100F99409 /* PBXContainerItemProxy */;
		};
/* End PBXTargetDependency section */

/* Begin XCBuildConfiguration section */
		766EF6B61DD1C1E400F99409 /* Debug */ = {
			isa = XCBuildConfiguration;
			buildSettings = {
				ALWAYS_SEARCH_USER_PATHS = NO;
				CLANG_ANALYZER_NONNULL = YES;
				CLANG_CXX_LANGUAGE_STANDARD = "gnu++0x";
				CLANG_CXX_LIBRARY = "libc++";
				CLANG_ENABLE_MODULES = YES;
				CLANG_ENABLE_OBJC_ARC = YES;
				CLANG_WARN_BOOL_CONVERSION = YES;
				CLANG_WARN_CONSTANT_CONVERSION = YES;
				CLANG_WARN_DIRECT_OBJC_ISA_USAGE = YES_ERROR;
				CLANG_WARN_DOCUMENTATION_COMMENTS = YES;
				CLANG_WARN_EMPTY_BODY = YES;
				CLANG_WARN_ENUM_CONVERSION = YES;
				CLANG_WARN_INFINITE_RECURSION = YES;
				CLANG_WARN_INT_CONVERSION = YES;
				CLANG_WARN_OBJC_ROOT_CLASS = YES_ERROR;
				CLANG_WARN_SUSPICIOUS_MOVE = YES;
				CLANG_WARN_SUSPICIOUS_MOVES = YES;
				CLANG_WARN_UNREACHABLE_CODE = YES;
				CLANG_WARN__DUPLICATE_METHOD_MATCH = YES;
				"CODE_SIGN_IDENTITY[sdk=iphoneos*]" = "iPhone Developer";
				COPY_PHASE_STRIP = NO;
				DEBUG_INFORMATION_FORMAT = dwarf;
				ENABLE_STRICT_OBJC_MSGSEND = YES;
				ENABLE_TESTABILITY = YES;
				GCC_C_LANGUAGE_STANDARD = gnu99;
				GCC_DYNAMIC_NO_PIC = NO;
				GCC_NO_COMMON_BLOCKS = YES;
				GCC_OPTIMIZATION_LEVEL = 0;
				GCC_PREPROCESSOR_DEFINITIONS = (
					"DEBUG=1",
					"$(inherited)",
				);
				GCC_WARN_64_TO_32_BIT_CONVERSION = YES;
				GCC_WARN_ABOUT_RETURN_TYPE = YES_ERROR;
				GCC_WARN_UNDECLARED_SELECTOR = YES;
				GCC_WARN_UNINITIALIZED_AUTOS = YES_AGGRESSIVE;
				GCC_WARN_UNUSED_FUNCTION = YES;
				GCC_WARN_UNUSED_VARIABLE = YES;
				IPHONEOS_DEPLOYMENT_TARGET = 10.0;
				MTL_ENABLE_DEBUG_INFO = YES;
				ONLY_ACTIVE_ARCH = YES;
				SDKROOT = iphoneos;
			};
			name = Debug;
		};
		766EF6B71DD1C1E400F99409 /* Release */ = {
			isa = XCBuildConfiguration;
			buildSettings = {
				ALWAYS_SEARCH_USER_PATHS = NO;
				CLANG_ANALYZER_NONNULL = YES;
				CLANG_CXX_LANGUAGE_STANDARD = "gnu++0x";
				CLANG_CXX_LIBRARY = "libc++";
				CLANG_ENABLE_MODULES = YES;
				CLANG_ENABLE_OBJC_ARC = YES;
				CLANG_WARN_BOOL_CONVERSION = YES;
				CLANG_WARN_CONSTANT_CONVERSION = YES;
				CLANG_WARN_DIRECT_OBJC_ISA_USAGE = YES_ERROR;
				CLANG_WARN_DOCUMENTATION_COMMENTS = YES;
				CLANG_WARN_EMPTY_BODY = YES;
				CLANG_WARN_ENUM_CONVERSION = YES;
				CLANG_WARN_INFINITE_RECURSION = YES;
				CLANG_WARN_INT_CONVERSION = YES;
				CLANG_WARN_OBJC_ROOT_CLASS = YES_ERROR;
				CLANG_WARN_SUSPICIOUS_MOVE = YES;
				CLANG_WARN_SUSPICIOUS_MOVES = YES;
				CLANG_WARN_UNREACHABLE_CODE = YES;
				CLANG_WARN__DUPLICATE_METHOD_MATCH = YES;
				"CODE_SIGN_IDENTITY[sdk=iphoneos*]" = "iPhone Developer";
				COPY_PHASE_STRIP = NO;
				DEBUG_INFORMATION_FORMAT = "dwarf-with-dsym";
				ENABLE_NS_ASSERTIONS = NO;
				ENABLE_STRICT_OBJC_MSGSEND = YES;
				GCC_C_LANGUAGE_STANDARD = gnu99;
				GCC_NO_COMMON_BLOCKS = YES;
				GCC_WARN_64_TO_32_BIT_CONVERSION = YES;
				GCC_WARN_ABOUT_RETURN_TYPE = YES_ERROR;
				GCC_WARN_UNDECLARED_SELECTOR = YES;
				GCC_WARN_UNINITIALIZED_AUTOS = YES_AGGRESSIVE;
				GCC_WARN_UNUSED_FUNCTION = YES;
				GCC_WARN_UNUSED_VARIABLE = YES;
				IPHONEOS_DEPLOYMENT_TARGET = 10.0;
				MTL_ENABLE_DEBUG_INFO = NO;
				SDKROOT = iphoneos;
				VALIDATE_PRODUCT = YES;
			};
			name = Release;
		};
		766EF6B91DD1C1E400F99409 /* Debug */ = {
			isa = XCBuildConfiguration;
			buildSettings = {
				ALWAYS_EMBED_SWIFT_STANDARD_LIBRARIES = YES;
				ASSETCATALOG_COMPILER_APPICON_NAME = AppIcon;
				"CODE_SIGN_IDENTITY[sdk=iphoneos*]" = "iPhone Developer";
				DEVELOPMENT_TEAM = "";
				FRAMEWORK_SEARCH_PATHS = "$(PROJECT_DIR)/../../../Framework/graphics-sdk/**";
				INFOPLIST_FILE = CitrusGraphicsExample/Info.plist;
				IPHONEOS_DEPLOYMENT_TARGET = 8.0;
				LD_RUNPATH_SEARCH_PATHS = "$(inherited) @executable_path/Frameworks";
				PRODUCT_BUNDLE_IDENTIFIER = com.citruspay.citrusgraphics.CitrusGraphicsExample;
				PRODUCT_NAME = "$(TARGET_NAME)";
			};
			name = Debug;
		};
		766EF6BA1DD1C1E400F99409 /* Release */ = {
			isa = XCBuildConfiguration;
			buildSettings = {
				ALWAYS_EMBED_SWIFT_STANDARD_LIBRARIES = YES;
				ASSETCATALOG_COMPILER_APPICON_NAME = AppIcon;
				"CODE_SIGN_IDENTITY[sdk=iphoneos*]" = "iPhone Developer";
				DEVELOPMENT_TEAM = "";
				FRAMEWORK_SEARCH_PATHS = "$(PROJECT_DIR)/../../../Framework/graphics-sdk/**";
				INFOPLIST_FILE = CitrusGraphicsExample/Info.plist;
				IPHONEOS_DEPLOYMENT_TARGET = 8.0;
				LD_RUNPATH_SEARCH_PATHS = "$(inherited) @executable_path/Frameworks";
				PRODUCT_BUNDLE_IDENTIFIER = com.citruspay.citrusgraphics.CitrusGraphicsExample;
				PRODUCT_NAME = "$(TARGET_NAME)";
			};
			name = Release;
		};
		766EF6BC1DD1C1E400F99409 /* Debug */ = {
			isa = XCBuildConfiguration;
			buildSettings = {
				BUNDLE_LOADER = "$(TEST_HOST)";
				DEVELOPMENT_TEAM = BF75J23QJ2;
				INFOPLIST_FILE = CitrusGraphicsExampleTests/Info.plist;
				LD_RUNPATH_SEARCH_PATHS = "$(inherited) @executable_path/Frameworks @loader_path/Frameworks";
				PRODUCT_BUNDLE_IDENTIFIER = com.citruspay.citrusgraphics.CitrusGraphicsExampleTests;
				PRODUCT_NAME = "$(TARGET_NAME)";
				TEST_HOST = "$(BUILT_PRODUCTS_DIR)/CitrusGraphicsExample.app/CitrusGraphicsExample";
			};
			name = Debug;
		};
		766EF6BD1DD1C1E400F99409 /* Release */ = {
			isa = XCBuildConfiguration;
			buildSettings = {
				BUNDLE_LOADER = "$(TEST_HOST)";
				DEVELOPMENT_TEAM = BF75J23QJ2;
				INFOPLIST_FILE = CitrusGraphicsExampleTests/Info.plist;
				LD_RUNPATH_SEARCH_PATHS = "$(inherited) @executable_path/Frameworks @loader_path/Frameworks";
				PRODUCT_BUNDLE_IDENTIFIER = com.citruspay.citrusgraphics.CitrusGraphicsExampleTests;
				PRODUCT_NAME = "$(TARGET_NAME)";
				TEST_HOST = "$(BUILT_PRODUCTS_DIR)/CitrusGraphicsExample.app/CitrusGraphicsExample";
			};
			name = Release;
		};
/* End XCBuildConfiguration section */

/* Begin XCConfigurationList section */
		766EF6911DD1C1E400F99409 /* Build configuration list for PBXProject "CitrusGraphicsExample" */ = {
			isa = XCConfigurationList;
			buildConfigurations = (
				766EF6B61DD1C1E400F99409 /* Debug */,
				766EF6B71DD1C1E400F99409 /* Release */,
			);
			defaultConfigurationIsVisible = 0;
			defaultConfigurationName = Release;
		};
		766EF6B81DD1C1E400F99409 /* Build configuration list for PBXNativeTarget "CitrusGraphicsExample" */ = {
			isa = XCConfigurationList;
			buildConfigurations = (
				766EF6B91DD1C1E400F99409 /* Debug */,
				766EF6BA1DD1C1E400F99409 /* Release */,
			);
			defaultConfigurationIsVisible = 0;
			defaultConfigurationName = Release;
		};
		766EF6BB1DD1C1E400F99409 /* Build configuration list for PBXNativeTarget "CitrusGraphicsExampleTests" */ = {
			isa = XCConfigurationList;
			buildConfigurations = (
				766EF6BC1DD1C1E400F99409 /* Debug */,
				766EF6BD1DD1C1E400F99409 /* Release */,
			);
			defaultConfigurationIsVisible = 0;
			defaultConfigurationName = Release;
		};
/* End XCConfigurationList section */
	};
	rootObject = 766EF68E1DD1C1E400F99409 /* Project object */;
}
